
Microsoft Visual Studio Solution File, Format Version 12.00
# Visual Studio Version 16
VisualStudioVersion = 16.0.30804.86
MinimumVisualStudioVersion = 10.0.40219.1
Project("{9A19103F-16F7-4668-BE54-9A1E7A4F7556}") = "ReactiveAsyncWorker", "ReactiveAsyncWorker\ReactiveAsyncWorker.csproj", "{B360DF8A-823A-4D1F-B1E5-C8CC0B355B21}"
EndProject
Project("{9A19103F-16F7-4668-BE54-9A1E7A4F7556}") = "ReactiveAsyncWorker.DemoApp", "ReactiveAsyncWorker.DemoApp\ReactiveAsyncWorker.DemoApp.csproj", "{575F433F-489A-4B15-B502-8D215C7720DD}"
EndProject
Project("{2150E333-8FDC-42A3-9474-1A3956D46DE8}") = "App", "App", "{7CF8F38F-AB63-4506-9E90-7E184BE332DA}"
EndProject
Project("{9A19103F-16F7-4668-BE54-9A1E7A4F7556}") = "ReactiveAsyncWorker.Wpf", "ReactiveAsyncWorker.Wpf\ReactiveAsyncWorker.Wpf.csproj", "{7D9909C4-86B1-4D7A-86D7-BD1D28709246}"
EndProject
Project("{9A19103F-16F7-4668-BE54-9A1E7A4F7556}") = "ReactiveAsyncWorker.ViewModel", "ReactiveAsyncWorker.ViewModel\ReactiveAsyncWorker.ViewModel.csproj", "{B1FE1393-7767-4ACC-ABD6-D0B08E5DD5CA}"
EndProject
Global
	GlobalSection(SolutionConfigurationPlatforms) = preSolution
		Debug|Any CPU = Debug|Any CPU
		Release|Any CPU = Release|Any CPU
	EndGlobalSection
	GlobalSection(ProjectConfigurationPlatforms) = postSolution
		{B360DF8A-823A-4D1F-B1E5-C8CC0B355B21}.Debug|Any CPU.ActiveCfg = Debug|Any CPU
		{B360DF8A-823A-4D1F-B1E5-C8CC0B355B21}.Debug|Any CPU.Build.0 = Debug|Any CPU
		{B360DF8A-823A-4D1F-B1E5-C8CC0B355B21}.Release|Any CPU.ActiveCfg = Release|Any CPU
		{B360DF8A-823A-4D1F-B1E5-C8CC0B355B21}.Release|Any CPU.Build.0 = Release|Any CPU
		{575F433F-489A-4B15-B502-8D215C7720DD}.Debug|Any CPU.ActiveCfg = Debug|Any CPU
		{575F433F-489A-4B15-B502-8D215C7720DD}.Debug|Any CPU.Build.0 = Debug|Any CPU
		{575F433F-489A-4B15-B502-8D215C7720DD}.Release|Any CPU.ActiveCfg = Release|Any CPU
		{575F433F-489A-4B15-B502-8D215C7720DD}.Release|Any CPU.Build.0 = Release|Any CPU
		{7D9909C4-86B1-4D7A-86D7-BD1D28709246}.Debug|Any CPU.ActiveCfg = Debug|Any CPU
		{7D9909C4-86B1-4D7A-86D7-BD1D28709246}.Debug|Any CPU.Build.0 = Debug|Any CPU
		{7D9909C4-86B1-4D7A-86D7-BD1D28709246}.Release|Any CPU.ActiveCfg = Release|Any CPU
		{7D9909C4-86B1-4D7A-86D7-BD1D28709246}.Release|Any CPU.Build.0 = Release|Any CPU
		{B1FE1393-7767-4ACC-ABD6-D0B08E5DD5CA}.Debug|Any CPU.ActiveCfg = Debug|Any CPU
		{B1FE1393-7767-4ACC-ABD6-D0B08E5DD5CA}.Debug|Any CPU.Build.0 = Debug|Any CPU
		{B1FE1393-7767-4ACC-ABD6-D0B08E5DD5CA}.Release|Any CPU.ActiveCfg = Release|Any CPU
		{B1FE1393-7767-4ACC-ABD6-D0B08E5DD5CA}.Release|Any CPU.Build.0 = Release|Any CPU
	EndGlobalSection
	GlobalSection(SolutionProperties) = preSolution
		HideSolutionNode = FALSE
	EndGlobalSection
	GlobalSection(NestedProjects) = preSolution
		{575F433F-489A-4B15-B502-8D215C7720DD} = {7CF8F38F-AB63-4506-9E90-7E184BE332DA}
	EndGlobalSection
	GlobalSection(ExtensibilityGlobals) = postSolution
		SolutionGuid = {609432E4-EFBA-4EC1-93C8-60A619593072}
	EndGlobalSection
EndGlobal
