
Microsoft Visual Studio Solution File, Format Version 12.00
# Visual Studio Version 17
VisualStudioVersion = 17.12.35527.113 d17.12
MinimumVisualStudioVersion = 10.0.40219.1
Project("{9A19103F-16F7-4668-BE54-9A1E7A4F7556}") = "Utility.PropertyNotifications", "Utility.PropertyNotifications\Utility.PropertyNotifications.csproj", "{D17F4240-698B-469D-9B28-BE4ED45E3213}"
EndProject
Global
	GlobalSection(SolutionConfigurationPlatforms) = preSolution
		Debug|Any CPU = Debug|Any CPU
		Release|Any CPU = Release|Any CPU
	EndGlobalSection
	GlobalSection(ProjectConfigurationPlatforms) = postSolution
		{D17F4240-698B-469D-9B28-BE4ED45E3213}.Debug|Any CPU.ActiveCfg = Debug|Any CPU
		{D17F4240-698B-469D-9B28-BE4ED45E3213}.Debug|Any CPU.Build.0 = Debug|Any CPU
		{D17F4240-698B-469D-9B28-BE4ED45E3213}.Release|Any CPU.ActiveCfg = Release|Any CPU
		{D17F4240-698B-469D-9B28-BE4ED45E3213}.Release|Any CPU.Build.0 = Release|Any CPU
	EndGlobalSection
	GlobalSection(SolutionProperties) = preSolution
		HideSolutionNode = FALSE
	EndGlobalSection
	GlobalSection(ExtensibilityGlobals) = postSolution
		SolutionGuid = {D02D5DFF-B959-4BDA-A37B-568C1046A887}
	EndGlobalSection
EndGlobal
