
Microsoft Visual Studio Solution File, Format Version 12.00
# Visual Studio Version 16
VisualStudioVersion = 16.0.28803.202
MinimumVisualStudioVersion = 10.0.40219.1
Project("{FAE04EC0-301F-11D3-BF4B-00C04F79EFBC}") = "Utility.Attributes", "Utility.Attributes\Utility.Attributes.csproj", "{30002767-6460-4A99-8A91-2349875F16DC}"
EndProject
Global
	GlobalSection(SolutionConfigurationPlatforms) = preSolution
		Debug|Any CPU = Debug|Any CPU
		Release|Any CPU = Release|Any CPU
	EndGlobalSection
	GlobalSection(ProjectConfigurationPlatforms) = postSolution
		{30002767-6460-4A99-8A91-2349875F16DC}.Debug|Any CPU.ActiveCfg = Debug|Any CPU
		{30002767-6460-4A99-8A91-2349875F16DC}.Debug|Any CPU.Build.0 = Debug|Any CPU
		{30002767-6460-4A99-8A91-2349875F16DC}.Release|Any CPU.ActiveCfg = Release|Any CPU
		{30002767-6460-4A99-8A91-2349875F16DC}.Release|Any CPU.Build.0 = Release|Any CPU
	EndGlobalSection
	GlobalSection(SolutionProperties) = preSolution
		HideSolutionNode = FALSE
	EndGlobalSection
	GlobalSection(ExtensibilityGlobals) = postSolution
		SolutionGuid = {D9BBC897-BCC6-4930-9CE4-D40B810EA712}
	EndGlobalSection
EndGlobal
