
Microsoft Visual Studio Solution File, Format Version 12.00
# Visual Studio Version 17
VisualStudioVersion = 17.4.33403.182
MinimumVisualStudioVersion = 10.0.40219.1
Project("{9A19103F-16F7-4668-BE54-9A1E7A4F7556}") = "Utility.Simulation.Wpf.Demo", "Utility.Simulation.Wpf.Demo\Utility.Simulation.Wpf.Demo.csproj", "{BBA910E6-7AF1-4D83-9BE5-F851E4314EE9}"
EndProject
Project("{9A19103F-16F7-4668-BE54-9A1E7A4F7556}") = "Utility.Simulation.Wpf", "Utility.Simulation.Wpf\Utility.Simulation.Wpf.csproj", "{C5C9783B-D6BB-475E-9FD5-D64309EF6AC1}"
EndProject
Project("{9A19103F-16F7-4668-BE54-9A1E7A4F7556}") = "Utility.Simulation", "Utility.Simulation\Utility.Simulation.csproj", "{518C4FAA-7032-455A-B073-73DDD3CC2EFA}"
EndProject
Project("{2150E333-8FDC-42A3-9474-1A3956D46DE8}") = "App", "App", "{391400C1-7F0E-4147-8CCB-9929DD82D778}"
EndProject
Project("{2150E333-8FDC-42A3-9474-1A3956D46DE8}") = "External", "External", "{D8A975FF-8018-4945-A518-C5E7325CE367}"
EndProject
Project("{9A19103F-16F7-4668-BE54-9A1E7A4F7556}") = "Utility.Nodify.Core", "..\Utility.Nodify\Utility.Nodify.Core\Utility.Nodify.Core.csproj", "{A2FC01A5-FC0E-4D49-AA4A-338A11199237}"
EndProject
Project("{9A19103F-16F7-4668-BE54-9A1E7A4F7556}") = "Utility.Nodify.Engine", "..\Utility.Nodify\Utility.Nodify.Engine\Utility.Nodify.Engine.csproj", "{1BD58831-9443-4F5A-B1AA-1934324D707D}"
EndProject
Project("{9A19103F-16F7-4668-BE54-9A1E7A4F7556}") = "Utility.Nodify.Operations", "..\Utility.Nodify\Utility.Nodify.Operations\Utility.Nodify.Operations.csproj", "{0C920742-1590-4567-9CAF-2586151D36DE}"
EndProject
Project("{9A19103F-16F7-4668-BE54-9A1E7A4F7556}") = "Utility.Collections", "..\Utility.Collections\Utility.Collections\Utility.Collections.csproj", "{A654F252-E3AC-484E-A376-CC1ECDB1BF6C}"
EndProject
Project("{9A19103F-16F7-4668-BE54-9A1E7A4F7556}") = "Utility.Commands", "..\Utility.WPF\Utility.Commands\Utility.Commands.csproj", "{61DDB0B4-251C-4143-A02B-38C4E856387A}"
EndProject
Project("{9A19103F-16F7-4668-BE54-9A1E7A4F7556}") = "Utility.Simulation.WPF.Demo.Two", "Utility.Simulation.WPF.Demo.Two\Utility.Simulation.WPF.Demo.Two.csproj", "{72844633-A232-406A-BEC0-011931DDAE4C}"
EndProject
Project("{9A19103F-16F7-4668-BE54-9A1E7A4F7556}") = "Utility.Nodify.Demo", "..\Utility.Nodify\Utility.Nodify.Demo\Utility.Nodify.Demo.csproj", "{289DA215-3AC0-46B9-8748-33859805F505}"
EndProject
Project("{9A19103F-16F7-4668-BE54-9A1E7A4F7556}") = "Utility.Helpers", "..\Utility.Helpers\Utility.Helpers\Utility.Helpers.csproj", "{32D71451-559C-444A-A433-C7D5657BDA2F}"
EndProject
Project("{9A19103F-16F7-4668-BE54-9A1E7A4F7556}") = "Utility.Observables", "..\Utility.Observables\Utility.Observables\Utility.Observables.csproj", "{19B66E1A-4968-4C0A-B18A-114F650888C1}"
EndProject
Project("{9A19103F-16F7-4668-BE54-9A1E7A4F7556}") = "Utility.Interfaces", "..\Utility.Interfaces\Utility.Interfaces\Utility.Interfaces.csproj", "{6E9D22E0-0E02-4F3A-8031-015027B87525}"
EndProject
Project("{FAE04EC0-301F-11D3-BF4B-00C04F79EFBC}") = "Utility.Simulation.WPF.UDP.Demo", "Utility.Simulation.WPF.UDP.Demo\Utility.Simulation.WPF.UDP.Demo.csproj", "{490AD261-FD5C-4256-8782-B73C64AB08F5}"
EndProject
Project("{9A19103F-16F7-4668-BE54-9A1E7A4F7556}") = "Utility.Graph.Shapes.Demo", "..\Utility.Graph.Shapes\Utility.Graph.Shapes.Demo\Utility.Graph.Shapes.Demo.csproj", "{0173886D-18DE-4D71-BACB-1A363A6AB979}"
EndProject
Project("{9A19103F-16F7-4668-BE54-9A1E7A4F7556}") = "Utility.Models", "..\Utility.Models\Utility.Models\Utility.Models.csproj", "{E946BE9D-30EC-4F7C-9B5F-BADFF2D96C5B}"
EndProject
Project("{9A19103F-16F7-4668-BE54-9A1E7A4F7556}") = "Utility.Graph.Shapes", "..\Utility.Graph.Shapes\Utility.Graph.Shapes\Utility.Graph.Shapes.csproj", "{DCAFDC84-5889-4486-A3C1-1AB29ED876BE}"
EndProject
Project("{9A19103F-16F7-4668-BE54-9A1E7A4F7556}") = "Utility.Infrastructure", "..\Utility.Infrastructure\Utility.Infrastructure\Utility.Infrastructure.csproj", "{EFB7ECFA-6F3E-4F1F-BC13-6A6E147D05BC}"
EndProject
Global
	GlobalSection(SolutionConfigurationPlatforms) = preSolution
		Debug|Any CPU = Debug|Any CPU
		Release|Any CPU = Release|Any CPU
	EndGlobalSection
	GlobalSection(ProjectConfigurationPlatforms) = postSolution
		{BBA910E6-7AF1-4D83-9BE5-F851E4314EE9}.Debug|Any CPU.ActiveCfg = Debug|Any CPU
		{BBA910E6-7AF1-4D83-9BE5-F851E4314EE9}.Debug|Any CPU.Build.0 = Debug|Any CPU
		{BBA910E6-7AF1-4D83-9BE5-F851E4314EE9}.Release|Any CPU.ActiveCfg = Release|Any CPU
		{BBA910E6-7AF1-4D83-9BE5-F851E4314EE9}.Release|Any CPU.Build.0 = Release|Any CPU
		{C5C9783B-D6BB-475E-9FD5-D64309EF6AC1}.Debug|Any CPU.ActiveCfg = Debug|Any CPU
		{C5C9783B-D6BB-475E-9FD5-D64309EF6AC1}.Debug|Any CPU.Build.0 = Debug|Any CPU
		{C5C9783B-D6BB-475E-9FD5-D64309EF6AC1}.Release|Any CPU.ActiveCfg = Release|Any CPU
		{C5C9783B-D6BB-475E-9FD5-D64309EF6AC1}.Release|Any CPU.Build.0 = Release|Any CPU
		{518C4FAA-7032-455A-B073-73DDD3CC2EFA}.Debug|Any CPU.ActiveCfg = Debug|Any CPU
		{518C4FAA-7032-455A-B073-73DDD3CC2EFA}.Debug|Any CPU.Build.0 = Debug|Any CPU
		{518C4FAA-7032-455A-B073-73DDD3CC2EFA}.Release|Any CPU.ActiveCfg = Release|Any CPU
		{518C4FAA-7032-455A-B073-73DDD3CC2EFA}.Release|Any CPU.Build.0 = Release|Any CPU
		{A2FC01A5-FC0E-4D49-AA4A-338A11199237}.Debug|Any CPU.ActiveCfg = Debug|Any CPU
		{A2FC01A5-FC0E-4D49-AA4A-338A11199237}.Debug|Any CPU.Build.0 = Debug|Any CPU
		{A2FC01A5-FC0E-4D49-AA4A-338A11199237}.Release|Any CPU.ActiveCfg = Release|Any CPU
		{A2FC01A5-FC0E-4D49-AA4A-338A11199237}.Release|Any CPU.Build.0 = Release|Any CPU
		{1BD58831-9443-4F5A-B1AA-1934324D707D}.Debug|Any CPU.ActiveCfg = Debug|Any CPU
		{1BD58831-9443-4F5A-B1AA-1934324D707D}.Debug|Any CPU.Build.0 = Debug|Any CPU
		{1BD58831-9443-4F5A-B1AA-1934324D707D}.Release|Any CPU.ActiveCfg = Release|Any CPU
		{1BD58831-9443-4F5A-B1AA-1934324D707D}.Release|Any CPU.Build.0 = Release|Any CPU
		{0C920742-1590-4567-9CAF-2586151D36DE}.Debug|Any CPU.ActiveCfg = Debug|Any CPU
		{0C920742-1590-4567-9CAF-2586151D36DE}.Debug|Any CPU.Build.0 = Debug|Any CPU
		{0C920742-1590-4567-9CAF-2586151D36DE}.Release|Any CPU.ActiveCfg = Release|Any CPU
		{0C920742-1590-4567-9CAF-2586151D36DE}.Release|Any CPU.Build.0 = Release|Any CPU
		{A654F252-E3AC-484E-A376-CC1ECDB1BF6C}.Debug|Any CPU.ActiveCfg = Debug|Any CPU
		{A654F252-E3AC-484E-A376-CC1ECDB1BF6C}.Debug|Any CPU.Build.0 = Debug|Any CPU
		{A654F252-E3AC-484E-A376-CC1ECDB1BF6C}.Release|Any CPU.ActiveCfg = Release|Any CPU
		{A654F252-E3AC-484E-A376-CC1ECDB1BF6C}.Release|Any CPU.Build.0 = Release|Any CPU
		{61DDB0B4-251C-4143-A02B-38C4E856387A}.Debug|Any CPU.ActiveCfg = Debug|Any CPU
		{61DDB0B4-251C-4143-A02B-38C4E856387A}.Debug|Any CPU.Build.0 = Debug|Any CPU
		{61DDB0B4-251C-4143-A02B-38C4E856387A}.Release|Any CPU.ActiveCfg = Release|Any CPU
		{61DDB0B4-251C-4143-A02B-38C4E856387A}.Release|Any CPU.Build.0 = Release|Any CPU
		{72844633-A232-406A-BEC0-011931DDAE4C}.Debug|Any CPU.ActiveCfg = Debug|Any CPU
		{72844633-A232-406A-BEC0-011931DDAE4C}.Debug|Any CPU.Build.0 = Debug|Any CPU
		{72844633-A232-406A-BEC0-011931DDAE4C}.Release|Any CPU.ActiveCfg = Release|Any CPU
		{72844633-A232-406A-BEC0-011931DDAE4C}.Release|Any CPU.Build.0 = Release|Any CPU
		{289DA215-3AC0-46B9-8748-33859805F505}.Debug|Any CPU.ActiveCfg = Debug|Any CPU
		{289DA215-3AC0-46B9-8748-33859805F505}.Debug|Any CPU.Build.0 = Debug|Any CPU
		{289DA215-3AC0-46B9-8748-33859805F505}.Release|Any CPU.ActiveCfg = Release|Any CPU
		{289DA215-3AC0-46B9-8748-33859805F505}.Release|Any CPU.Build.0 = Release|Any CPU
		{32D71451-559C-444A-A433-C7D5657BDA2F}.Debug|Any CPU.ActiveCfg = Debug|Any CPU
		{32D71451-559C-444A-A433-C7D5657BDA2F}.Debug|Any CPU.Build.0 = Debug|Any CPU
		{32D71451-559C-444A-A433-C7D5657BDA2F}.Release|Any CPU.ActiveCfg = Release|Any CPU
		{32D71451-559C-444A-A433-C7D5657BDA2F}.Release|Any CPU.Build.0 = Release|Any CPU
		{19B66E1A-4968-4C0A-B18A-114F650888C1}.Debug|Any CPU.ActiveCfg = Debug|Any CPU
		{19B66E1A-4968-4C0A-B18A-114F650888C1}.Debug|Any CPU.Build.0 = Debug|Any CPU
		{19B66E1A-4968-4C0A-B18A-114F650888C1}.Release|Any CPU.ActiveCfg = Release|Any CPU
		{19B66E1A-4968-4C0A-B18A-114F650888C1}.Release|Any CPU.Build.0 = Release|Any CPU
		{6E9D22E0-0E02-4F3A-8031-015027B87525}.Debug|Any CPU.ActiveCfg = Debug|Any CPU
		{6E9D22E0-0E02-4F3A-8031-015027B87525}.Debug|Any CPU.Build.0 = Debug|Any CPU
		{6E9D22E0-0E02-4F3A-8031-015027B87525}.Release|Any CPU.ActiveCfg = Release|Any CPU
		{6E9D22E0-0E02-4F3A-8031-015027B87525}.Release|Any CPU.Build.0 = Release|Any CPU
		{490AD261-FD5C-4256-8782-B73C64AB08F5}.Debug|Any CPU.ActiveCfg = Debug|Any CPU
		{490AD261-FD5C-4256-8782-B73C64AB08F5}.Debug|Any CPU.Build.0 = Debug|Any CPU
		{490AD261-FD5C-4256-8782-B73C64AB08F5}.Release|Any CPU.ActiveCfg = Release|Any CPU
		{490AD261-FD5C-4256-8782-B73C64AB08F5}.Release|Any CPU.Build.0 = Release|Any CPU
		{0173886D-18DE-4D71-BACB-1A363A6AB979}.Debug|Any CPU.ActiveCfg = Debug|Any CPU
		{0173886D-18DE-4D71-BACB-1A363A6AB979}.Debug|Any CPU.Build.0 = Debug|Any CPU
		{0173886D-18DE-4D71-BACB-1A363A6AB979}.Release|Any CPU.ActiveCfg = Release|Any CPU
		{0173886D-18DE-4D71-BACB-1A363A6AB979}.Release|Any CPU.Build.0 = Release|Any CPU
		{E946BE9D-30EC-4F7C-9B5F-BADFF2D96C5B}.Debug|Any CPU.ActiveCfg = Debug|Any CPU
		{E946BE9D-30EC-4F7C-9B5F-BADFF2D96C5B}.Debug|Any CPU.Build.0 = Debug|Any CPU
		{E946BE9D-30EC-4F7C-9B5F-BADFF2D96C5B}.Release|Any CPU.ActiveCfg = Release|Any CPU
		{E946BE9D-30EC-4F7C-9B5F-BADFF2D96C5B}.Release|Any CPU.Build.0 = Release|Any CPU
		{DCAFDC84-5889-4486-A3C1-1AB29ED876BE}.Debug|Any CPU.ActiveCfg = Debug|Any CPU
		{DCAFDC84-5889-4486-A3C1-1AB29ED876BE}.Debug|Any CPU.Build.0 = Debug|Any CPU
		{DCAFDC84-5889-4486-A3C1-1AB29ED876BE}.Release|Any CPU.ActiveCfg = Release|Any CPU
		{DCAFDC84-5889-4486-A3C1-1AB29ED876BE}.Release|Any CPU.Build.0 = Release|Any CPU
		{EFB7ECFA-6F3E-4F1F-BC13-6A6E147D05BC}.Debug|Any CPU.ActiveCfg = Debug|Any CPU
		{EFB7ECFA-6F3E-4F1F-BC13-6A6E147D05BC}.Debug|Any CPU.Build.0 = Debug|Any CPU
		{EFB7ECFA-6F3E-4F1F-BC13-6A6E147D05BC}.Release|Any CPU.ActiveCfg = Release|Any CPU
		{EFB7ECFA-6F3E-4F1F-BC13-6A6E147D05BC}.Release|Any CPU.Build.0 = Release|Any CPU
	EndGlobalSection
	GlobalSection(SolutionProperties) = preSolution
		HideSolutionNode = FALSE
	EndGlobalSection
	GlobalSection(NestedProjects) = preSolution
		{BBA910E6-7AF1-4D83-9BE5-F851E4314EE9} = {391400C1-7F0E-4147-8CCB-9929DD82D778}
		{A2FC01A5-FC0E-4D49-AA4A-338A11199237} = {D8A975FF-8018-4945-A518-C5E7325CE367}
		{1BD58831-9443-4F5A-B1AA-1934324D707D} = {D8A975FF-8018-4945-A518-C5E7325CE367}
		{0C920742-1590-4567-9CAF-2586151D36DE} = {D8A975FF-8018-4945-A518-C5E7325CE367}
		{A654F252-E3AC-484E-A376-CC1ECDB1BF6C} = {D8A975FF-8018-4945-A518-C5E7325CE367}
		{61DDB0B4-251C-4143-A02B-38C4E856387A} = {D8A975FF-8018-4945-A518-C5E7325CE367}
		{72844633-A232-406A-BEC0-011931DDAE4C} = {391400C1-7F0E-4147-8CCB-9929DD82D778}
		{289DA215-3AC0-46B9-8748-33859805F505} = {391400C1-7F0E-4147-8CCB-9929DD82D778}
		{32D71451-559C-444A-A433-C7D5657BDA2F} = {D8A975FF-8018-4945-A518-C5E7325CE367}
		{19B66E1A-4968-4C0A-B18A-114F650888C1} = {D8A975FF-8018-4945-A518-C5E7325CE367}
		{6E9D22E0-0E02-4F3A-8031-015027B87525} = {D8A975FF-8018-4945-A518-C5E7325CE367}
		{490AD261-FD5C-4256-8782-B73C64AB08F5} = {391400C1-7F0E-4147-8CCB-9929DD82D778}
		{0173886D-18DE-4D71-BACB-1A363A6AB979} = {391400C1-7F0E-4147-8CCB-9929DD82D778}
		{E946BE9D-30EC-4F7C-9B5F-BADFF2D96C5B} = {D8A975FF-8018-4945-A518-C5E7325CE367}
		{DCAFDC84-5889-4486-A3C1-1AB29ED876BE} = {D8A975FF-8018-4945-A518-C5E7325CE367}
		{EFB7ECFA-6F3E-4F1F-BC13-6A6E147D05BC} = {D8A975FF-8018-4945-A518-C5E7325CE367}
	EndGlobalSection
	GlobalSection(ExtensibilityGlobals) = postSolution
		SolutionGuid = {29FD5BB9-72D9-445E-9A17-8156D6D4BE04}
	EndGlobalSection
EndGlobal
