
Microsoft Visual Studio Solution File, Format Version 12.00
# Visual Studio Version 17
VisualStudioVersion = 17.4.33403.182
MinimumVisualStudioVersion = 10.0.40219.1
Project("{9A19103F-16F7-4668-BE54-9A1E7A4F7556}") = "Utility.Collections", "Utility.Collections\Utility.Collections.csproj", "{55816360-0218-419F-8DD6-A2B002EDDCCF}"
EndProject
Project("{9A19103F-16F7-4668-BE54-9A1E7A4F7556}") = "Utility.Demo.Collections", "Utility.Demo.Collections\Utility.Demo.Collections.csproj", "{F6B9ED96-61B8-401E-BFBB-7D9F4EABB06A}"
EndProject
Global
	GlobalSection(SolutionConfigurationPlatforms) = preSolution
		Debug|Any CPU = Debug|Any CPU
		Release|Any CPU = Release|Any CPU
	EndGlobalSection
	GlobalSection(ProjectConfigurationPlatforms) = postSolution
		{55816360-0218-419F-8DD6-A2B002EDDCCF}.Debug|Any CPU.ActiveCfg = Debug|Any CPU
		{55816360-0218-419F-8DD6-A2B002EDDCCF}.Debug|Any CPU.Build.0 = Debug|Any CPU
		{55816360-0218-419F-8DD6-A2B002EDDCCF}.Release|Any CPU.ActiveCfg = Release|Any CPU
		{55816360-0218-419F-8DD6-A2B002EDDCCF}.Release|Any CPU.Build.0 = Release|Any CPU
		{F6B9ED96-61B8-401E-BFBB-7D9F4EABB06A}.Debug|Any CPU.ActiveCfg = Debug|Any CPU
		{F6B9ED96-61B8-401E-BFBB-7D9F4EABB06A}.Debug|Any CPU.Build.0 = Debug|Any CPU
		{F6B9ED96-61B8-401E-BFBB-7D9F4EABB06A}.Release|Any CPU.ActiveCfg = Release|Any CPU
		{F6B9ED96-61B8-401E-BFBB-7D9F4EABB06A}.Release|Any CPU.Build.0 = Release|Any CPU
	EndGlobalSection
	GlobalSection(SolutionProperties) = preSolution
		HideSolutionNode = FALSE
	EndGlobalSection
	GlobalSection(ExtensibilityGlobals) = postSolution
		SolutionGuid = {1C756351-06BA-4989-86AC-E972C19D06E4}
	EndGlobalSection
EndGlobal
