
Microsoft Visual Studio Solution File, Format Version 12.00
# Visual Studio Version 17
VisualStudioVersion = 17.4.33403.182
MinimumVisualStudioVersion = 10.0.40219.1
Project("{9A19103F-16F7-4668-BE54-9A1E7A4F7556}") = "Utility.Packages", "Utility.Packages\Utility.Packages.csproj", "{FABF1326-F026-4D17-AA38-934192D2F317}"
EndProject
Project("{9A19103F-16F7-4668-BE54-9A1E7A4F7556}") = "Utility.WPF.Packages", "Utility.WPF.Packages\Utility.WPF.Packages.csproj", "{B76DD962-2361-4A9A-A0A7-1D465CDE5061}"
EndProject
Global
	GlobalSection(SolutionConfigurationPlatforms) = preSolution
		Debug|Any CPU = Debug|Any CPU
		Release|Any CPU = Release|Any CPU
	EndGlobalSection
	GlobalSection(ProjectConfigurationPlatforms) = postSolution
		{FABF1326-F026-4D17-AA38-934192D2F317}.Debug|Any CPU.ActiveCfg = Debug|Any CPU
		{FABF1326-F026-4D17-AA38-934192D2F317}.Debug|Any CPU.Build.0 = Debug|Any CPU
		{FABF1326-F026-4D17-AA38-934192D2F317}.Release|Any CPU.ActiveCfg = Release|Any CPU
		{FABF1326-F026-4D17-AA38-934192D2F317}.Release|Any CPU.Build.0 = Release|Any CPU
		{B76DD962-2361-4A9A-A0A7-1D465CDE5061}.Debug|Any CPU.ActiveCfg = Debug|Any CPU
		{B76DD962-2361-4A9A-A0A7-1D465CDE5061}.Debug|Any CPU.Build.0 = Debug|Any CPU
		{B76DD962-2361-4A9A-A0A7-1D465CDE5061}.Release|Any CPU.ActiveCfg = Release|Any CPU
		{B76DD962-2361-4A9A-A0A7-1D465CDE5061}.Release|Any CPU.Build.0 = Release|Any CPU
	EndGlobalSection
	GlobalSection(SolutionProperties) = preSolution
		HideSolutionNode = FALSE
	EndGlobalSection
	GlobalSection(ExtensibilityGlobals) = postSolution
		SolutionGuid = {BC984A6A-E8CD-4A64-990F-CCDC516845DF}
	EndGlobalSection
EndGlobal
