
Microsoft Visual Studio Solution File, Format Version 12.00
# Visual Studio Version 17
VisualStudioVersion = 17.12.35527.113
MinimumVisualStudioVersion = 10.0.40219.1
Project("{9A19103F-16F7-4668-BE54-9A1E7A4F7556}") = "Utility.Interfaces", "Utility.Interfaces\Utility.Interfaces.csproj", "{CDA70486-3E3B-49C6-B3F1-650A9E31D75D}"
EndProject
Project("{FAE04EC0-301F-11D3-BF4B-00C04F79EFBC}") = "Utility.Interfaces.Exs", "Utility.Interfaces.Exs\Utility.Interfaces.Exs.csproj", "{876B8B59-34AF-4E91-B159-946EFE6A18B6}"
EndProject
Project("{2150E333-8FDC-42A3-9474-1A3956D46DE8}") = "External", "External", "{09A26137-3C0D-4EB1-A3AB-CE7C444698A1}"
EndProject
Project("{FAE04EC0-301F-11D3-BF4B-00C04F79EFBC}") = "Utility.Structs", "..\Structs\Utility.Structs\Utility.Structs.csproj", "{6C586318-8860-4846-B239-E67CD6C007D6}"
EndProject
Project("{FAE04EC0-301F-11D3-BF4B-00C04F79EFBC}") = "Utility.Enums", "..\Enums\Utility.Enums\Utility.Enums.csproj", "{430BAA9C-891D-4E0F-ADCF-207E317088CB}"
EndProject
Global
	GlobalSection(SolutionConfigurationPlatforms) = preSolution
		Debug|Any CPU = Debug|Any CPU
		Release|Any CPU = Release|Any CPU
	EndGlobalSection
	GlobalSection(ProjectConfigurationPlatforms) = postSolution
		{CDA70486-3E3B-49C6-B3F1-650A9E31D75D}.Debug|Any CPU.ActiveCfg = Debug|Any CPU
		{CDA70486-3E3B-49C6-B3F1-650A9E31D75D}.Debug|Any CPU.Build.0 = Debug|Any CPU
		{CDA70486-3E3B-49C6-B3F1-650A9E31D75D}.Release|Any CPU.ActiveCfg = Release|Any CPU
		{CDA70486-3E3B-49C6-B3F1-650A9E31D75D}.Release|Any CPU.Build.0 = Release|Any CPU
		{876B8B59-34AF-4E91-B159-946EFE6A18B6}.Debug|Any CPU.ActiveCfg = Debug|Any CPU
		{876B8B59-34AF-4E91-B159-946EFE6A18B6}.Debug|Any CPU.Build.0 = Debug|Any CPU
		{876B8B59-34AF-4E91-B159-946EFE6A18B6}.Release|Any CPU.ActiveCfg = Release|Any CPU
		{876B8B59-34AF-4E91-B159-946EFE6A18B6}.Release|Any CPU.Build.0 = Release|Any CPU
		{6C586318-8860-4846-B239-E67CD6C007D6}.Debug|Any CPU.ActiveCfg = Debug|Any CPU
		{6C586318-8860-4846-B239-E67CD6C007D6}.Debug|Any CPU.Build.0 = Debug|Any CPU
		{6C586318-8860-4846-B239-E67CD6C007D6}.Release|Any CPU.ActiveCfg = Release|Any CPU
		{6C586318-8860-4846-B239-E67CD6C007D6}.Release|Any CPU.Build.0 = Release|Any CPU
		{430BAA9C-891D-4E0F-ADCF-207E317088CB}.Debug|Any CPU.ActiveCfg = Debug|Any CPU
		{430BAA9C-891D-4E0F-ADCF-207E317088CB}.Debug|Any CPU.Build.0 = Debug|Any CPU
		{430BAA9C-891D-4E0F-ADCF-207E317088CB}.Release|Any CPU.ActiveCfg = Release|Any CPU
		{430BAA9C-891D-4E0F-ADCF-207E317088CB}.Release|Any CPU.Build.0 = Release|Any CPU
	EndGlobalSection
	GlobalSection(SolutionProperties) = preSolution
		HideSolutionNode = FALSE
	EndGlobalSection
	GlobalSection(NestedProjects) = preSolution
		{6C586318-8860-4846-B239-E67CD6C007D6} = {09A26137-3C0D-4EB1-A3AB-CE7C444698A1}
		{430BAA9C-891D-4E0F-ADCF-207E317088CB} = {09A26137-3C0D-4EB1-A3AB-CE7C444698A1}
	EndGlobalSection
	GlobalSection(ExtensibilityGlobals) = postSolution
		SolutionGuid = {6AB5F522-3444-46A8-9E73-2BD66D0FDC26}
	EndGlobalSection
EndGlobal
