
Microsoft Visual Studio Solution File, Format Version 12.00
# Visual Studio Version 17
VisualStudioVersion = 17.14.36109.1
MinimumVisualStudioVersion = 10.0.40219.1
Project("{2150E333-8FDC-42A3-9474-1A3956D46DE8}") = "Utility", "Utility", "{02EA681E-C7D8-13C7-8484-4AC65E1B71E8}"
EndProject
Project("{2150E333-8FDC-42A3-9474-1A3956D46DE8}") = "Infrastructure", "Infrastructure", "{21C2A1F6-9E64-4291-8518-2B406D1BB11A}"
EndProject
Project("{2150E333-8FDC-42A3-9474-1A3956D46DE8}") = "App", "App", "{5868A111-D5C7-488E-917C-4E5E6EEDB81F}"
EndProject
Project("{FAE04EC0-301F-11D3-BF4B-00C04F79EFBC}") = "Utility.WPF.Controls.Objects", "..\WPF\Utility.WPF.Controls.Objects\Utility.WPF.Controls.Objects.csproj", "{595741FA-DB0F-8297-5893-51EE6CF7B371}"
EndProject
Project("{FAE04EC0-301F-11D3-BF4B-00C04F79EFBC}") = "Utility.Networks.WPF.Server", "Utility.Networks.WPF.Server\Utility.Networks.WPF.Server.csproj", "{FC040D03-90F0-42F9-BC3B-207CB480F9E0}"
EndProject
Project("{FAE04EC0-301F-11D3-BF4B-00C04F79EFBC}") = "Utility.Networks", "Utility.Networks\Utility.Networks.csproj", "{46B1737B-34C0-47E3-8863-3212F45D0475}"
EndProject
Project("{FAE04EC0-301F-11D3-BF4B-00C04F79EFBC}") = "Utility.Networks.Packets", "Utility.Networks.Packets\Utility.Networks.Packets.csproj", "{71F3FF87-DD69-40D7-82EC-D36097C44800}"
EndProject
Project("{FAE04EC0-301F-11D3-BF4B-00C04F79EFBC}") = "Simple.Models", "Simple.Models\Simple.Models.csproj", "{41DEB9B8-0458-4C5B-A069-33D5202D722A}"
EndProject
Project("{FAE04EC0-301F-11D3-BF4B-00C04F79EFBC}") = "Utility.PropertyNotifications", "..\Infrastructure\Utility.PropertyNotifications\Utility.PropertyNotifications.csproj", "{67007CD5-7D20-4E05-08ED-8A69A12C2C9F}"
EndProject
Project("{FAE04EC0-301F-11D3-BF4B-00C04F79EFBC}") = "Utility.Interfaces", "..\Interfaces\Utility.Interfaces\Utility.Interfaces.csproj", "{0F61CA8B-92DE-D6AC-6367-C520DE1A4A06}"
EndProject
Project("{FAE04EC0-301F-11D3-BF4B-00C04F79EFBC}") = "Utility.Commands", "..\Commands\Utility.Commands\Utility.Commands.csproj", "{E262420F-C754-F00E-9CEF-BA2B1B39156C}"
EndProject
Project("{FAE04EC0-301F-11D3-BF4B-00C04F79EFBC}") = "Utility.Conversions.Json.Newtonsoft", "..\Conversions\Utility.Json.Newtonsoft\Utility.Conversions.Json.Newtonsoft.csproj", "{42625453-DB5E-5F65-FFCC-53E06ACA8F64}"
EndProject
Project("{FAE04EC0-301F-11D3-BF4B-00C04F79EFBC}") = "Utility.WPF.Converters", "..\WPF\Utility.WPF.Converters\Utility.WPF.Converters.csproj", "{32D33ECD-8D06-9AD6-461C-B974DD9B86EF}"
EndProject
Project("{FAE04EC0-301F-11D3-BF4B-00C04F79EFBC}") = "Utility.Networks.WPF.Client", "Utility.Networks.WPF.Client\Utility.Networks.WPF.Client.csproj", "{57235120-A59F-4831-996D-3ADE3802ED94}"
EndProject
Project("{FAE04EC0-301F-11D3-BF4B-00C04F79EFBC}") = "Utility.Networks.Templates", "Utility.Networks.Templates\Utility.Networks.Templates.csproj", "{5315CC32-672B-415A-A8C0-12B94DDAD058}"
EndProject
Project("{FAE04EC0-301F-11D3-BF4B-00C04F79EFBC}") = "Utility.WPF.Behaviors", "..\WPF\Utility.WPF.Behaviors\Utility.WPF.Behaviors.csproj", "{0C209102-B53A-33AA-7A30-0F16CE9C812B}"
EndProject
Global
	GlobalSection(SolutionConfigurationPlatforms) = preSolution
		Debug|Any CPU = Debug|Any CPU
		Release|Any CPU = Release|Any CPU
	EndGlobalSection
	GlobalSection(ProjectConfigurationPlatforms) = postSolution
		{595741FA-DB0F-8297-5893-51EE6CF7B371}.Debug|Any CPU.ActiveCfg = Debug|Any CPU
		{595741FA-DB0F-8297-5893-51EE6CF7B371}.Debug|Any CPU.Build.0 = Debug|Any CPU
		{595741FA-DB0F-8297-5893-51EE6CF7B371}.Release|Any CPU.ActiveCfg = Release|Any CPU
		{595741FA-DB0F-8297-5893-51EE6CF7B371}.Release|Any CPU.Build.0 = Release|Any CPU
		{FC040D03-90F0-42F9-BC3B-207CB480F9E0}.Debug|Any CPU.ActiveCfg = Debug|Any CPU
		{FC040D03-90F0-42F9-BC3B-207CB480F9E0}.Debug|Any CPU.Build.0 = Debug|Any CPU
		{FC040D03-90F0-42F9-BC3B-207CB480F9E0}.Release|Any CPU.ActiveCfg = Release|Any CPU
		{FC040D03-90F0-42F9-BC3B-207CB480F9E0}.Release|Any CPU.Build.0 = Release|Any CPU
		{46B1737B-34C0-47E3-8863-3212F45D0475}.Debug|Any CPU.ActiveCfg = Debug|Any CPU
		{46B1737B-34C0-47E3-8863-3212F45D0475}.Debug|Any CPU.Build.0 = Debug|Any CPU
		{46B1737B-34C0-47E3-8863-3212F45D0475}.Release|Any CPU.ActiveCfg = Release|Any CPU
		{46B1737B-34C0-47E3-8863-3212F45D0475}.Release|Any CPU.Build.0 = Release|Any CPU
		{71F3FF87-DD69-40D7-82EC-D36097C44800}.Debug|Any CPU.ActiveCfg = Debug|Any CPU
		{71F3FF87-DD69-40D7-82EC-D36097C44800}.Debug|Any CPU.Build.0 = Debug|Any CPU
		{71F3FF87-DD69-40D7-82EC-D36097C44800}.Release|Any CPU.ActiveCfg = Release|Any CPU
		{71F3FF87-DD69-40D7-82EC-D36097C44800}.Release|Any CPU.Build.0 = Release|Any CPU
		{41DEB9B8-0458-4C5B-A069-33D5202D722A}.Debug|Any CPU.ActiveCfg = Debug|Any CPU
		{41DEB9B8-0458-4C5B-A069-33D5202D722A}.Debug|Any CPU.Build.0 = Debug|Any CPU
		{41DEB9B8-0458-4C5B-A069-33D5202D722A}.Release|Any CPU.ActiveCfg = Release|Any CPU
		{41DEB9B8-0458-4C5B-A069-33D5202D722A}.Release|Any CPU.Build.0 = Release|Any CPU
		{67007CD5-7D20-4E05-08ED-8A69A12C2C9F}.Debug|Any CPU.ActiveCfg = Debug|Any CPU
		{67007CD5-7D20-4E05-08ED-8A69A12C2C9F}.Debug|Any CPU.Build.0 = Debug|Any CPU
		{67007CD5-7D20-4E05-08ED-8A69A12C2C9F}.Release|Any CPU.ActiveCfg = Release|Any CPU
		{67007CD5-7D20-4E05-08ED-8A69A12C2C9F}.Release|Any CPU.Build.0 = Release|Any CPU
		{0F61CA8B-92DE-D6AC-6367-C520DE1A4A06}.Debug|Any CPU.ActiveCfg = Debug|Any CPU
		{0F61CA8B-92DE-D6AC-6367-C520DE1A4A06}.Debug|Any CPU.Build.0 = Debug|Any CPU
		{0F61CA8B-92DE-D6AC-6367-C520DE1A4A06}.Release|Any CPU.ActiveCfg = Release|Any CPU
		{0F61CA8B-92DE-D6AC-6367-C520DE1A4A06}.Release|Any CPU.Build.0 = Release|Any CPU
		{E262420F-C754-F00E-9CEF-BA2B1B39156C}.Debug|Any CPU.ActiveCfg = Debug|Any CPU
		{E262420F-C754-F00E-9CEF-BA2B1B39156C}.Debug|Any CPU.Build.0 = Debug|Any CPU
		{E262420F-C754-F00E-9CEF-BA2B1B39156C}.Release|Any CPU.ActiveCfg = Release|Any CPU
		{E262420F-C754-F00E-9CEF-BA2B1B39156C}.Release|Any CPU.Build.0 = Release|Any CPU
		{42625453-DB5E-5F65-FFCC-53E06ACA8F64}.Debug|Any CPU.ActiveCfg = Debug|Any CPU
		{42625453-DB5E-5F65-FFCC-53E06ACA8F64}.Debug|Any CPU.Build.0 = Debug|Any CPU
		{42625453-DB5E-5F65-FFCC-53E06ACA8F64}.Release|Any CPU.ActiveCfg = Release|Any CPU
		{42625453-DB5E-5F65-FFCC-53E06ACA8F64}.Release|Any CPU.Build.0 = Release|Any CPU
		{32D33ECD-8D06-9AD6-461C-B974DD9B86EF}.Debug|Any CPU.ActiveCfg = Debug|Any CPU
		{32D33ECD-8D06-9AD6-461C-B974DD9B86EF}.Debug|Any CPU.Build.0 = Debug|Any CPU
		{32D33ECD-8D06-9AD6-461C-B974DD9B86EF}.Release|Any CPU.ActiveCfg = Release|Any CPU
		{32D33ECD-8D06-9AD6-461C-B974DD9B86EF}.Release|Any CPU.Build.0 = Release|Any CPU
		{57235120-A59F-4831-996D-3ADE3802ED94}.Debug|Any CPU.ActiveCfg = Debug|Any CPU
		{57235120-A59F-4831-996D-3ADE3802ED94}.Debug|Any CPU.Build.0 = Debug|Any CPU
		{57235120-A59F-4831-996D-3ADE3802ED94}.Release|Any CPU.ActiveCfg = Release|Any CPU
		{57235120-A59F-4831-996D-3ADE3802ED94}.Release|Any CPU.Build.0 = Release|Any CPU
		{5315CC32-672B-415A-A8C0-12B94DDAD058}.Debug|Any CPU.ActiveCfg = Debug|Any CPU
		{5315CC32-672B-415A-A8C0-12B94DDAD058}.Debug|Any CPU.Build.0 = Debug|Any CPU
		{5315CC32-672B-415A-A8C0-12B94DDAD058}.Release|Any CPU.ActiveCfg = Release|Any CPU
		{5315CC32-672B-415A-A8C0-12B94DDAD058}.Release|Any CPU.Build.0 = Release|Any CPU
		{0C209102-B53A-33AA-7A30-0F16CE9C812B}.Debug|Any CPU.ActiveCfg = Debug|Any CPU
		{0C209102-B53A-33AA-7A30-0F16CE9C812B}.Debug|Any CPU.Build.0 = Debug|Any CPU
		{0C209102-B53A-33AA-7A30-0F16CE9C812B}.Release|Any CPU.ActiveCfg = Release|Any CPU
		{0C209102-B53A-33AA-7A30-0F16CE9C812B}.Release|Any CPU.Build.0 = Release|Any CPU
	EndGlobalSection
	GlobalSection(SolutionProperties) = preSolution
		HideSolutionNode = FALSE
	EndGlobalSection
	GlobalSection(NestedProjects) = preSolution
		{595741FA-DB0F-8297-5893-51EE6CF7B371} = {02EA681E-C7D8-13C7-8484-4AC65E1B71E8}
		{FC040D03-90F0-42F9-BC3B-207CB480F9E0} = {5868A111-D5C7-488E-917C-4E5E6EEDB81F}
		{46B1737B-34C0-47E3-8863-3212F45D0475} = {21C2A1F6-9E64-4291-8518-2B406D1BB11A}
		{71F3FF87-DD69-40D7-82EC-D36097C44800} = {5868A111-D5C7-488E-917C-4E5E6EEDB81F}
		{41DEB9B8-0458-4C5B-A069-33D5202D722A} = {21C2A1F6-9E64-4291-8518-2B406D1BB11A}
		{67007CD5-7D20-4E05-08ED-8A69A12C2C9F} = {02EA681E-C7D8-13C7-8484-4AC65E1B71E8}
		{0F61CA8B-92DE-D6AC-6367-C520DE1A4A06} = {02EA681E-C7D8-13C7-8484-4AC65E1B71E8}
		{E262420F-C754-F00E-9CEF-BA2B1B39156C} = {02EA681E-C7D8-13C7-8484-4AC65E1B71E8}
		{42625453-DB5E-5F65-FFCC-53E06ACA8F64} = {02EA681E-C7D8-13C7-8484-4AC65E1B71E8}
		{32D33ECD-8D06-9AD6-461C-B974DD9B86EF} = {02EA681E-C7D8-13C7-8484-4AC65E1B71E8}
		{57235120-A59F-4831-996D-3ADE3802ED94} = {5868A111-D5C7-488E-917C-4E5E6EEDB81F}
		{5315CC32-672B-415A-A8C0-12B94DDAD058} = {21C2A1F6-9E64-4291-8518-2B406D1BB11A}
		{0C209102-B53A-33AA-7A30-0F16CE9C812B} = {02EA681E-C7D8-13C7-8484-4AC65E1B71E8}
	EndGlobalSection
	GlobalSection(ExtensibilityGlobals) = postSolution
		SolutionGuid = {2A9A795A-3E2B-4326-93A6-5A6A30BF44EC}
	EndGlobalSection
EndGlobal
