
Microsoft Visual Studio Solution File, Format Version 12.00
# Visual Studio Version 17
VisualStudioVersion = 17.4.33403.182
MinimumVisualStudioVersion = 10.0.40219.1
Project("{9A19103F-16F7-4668-BE54-9A1E7A4F7556}") = "Utility.Nodes", "Utility.Nodes\Utility.Nodes.csproj", "{8303AFA8-924A-49C0-8015-803F7D209A08}"
EndProject
Project("{9A19103F-16F7-4668-BE54-9A1E7A4F7556}") = "Utility.Nodes.Demo", "Utility.Nodes.Demo\Utility.Nodes.Demo.csproj", "{EB1AC222-47CC-4D9B-ABC5-4ED8BE47B82A}"
EndProject
Project("{2150E333-8FDC-42A3-9474-1A3956D46DE8}") = "App", "App", "{28597BEF-6983-4377-A102-82F69FF978DE}"
EndProject
Project("{9A19103F-16F7-4668-BE54-9A1E7A4F7556}") = "Utility.Observables", "..\Observables\Utility.Observables\Utility.Observables.csproj", "{8FF18CDD-77D6-4A14-9ACC-3E2C8276BCD1}"
EndProject
Project("{9A19103F-16F7-4668-BE54-9A1E7A4F7556}") = "Utility.Collections", "..\Collections\Utility.Collections\Utility.Collections.csproj", "{FA330227-E0D2-4423-BC72-D08F65FD466A}"
EndProject
Project("{2150E333-8FDC-42A3-9474-1A3956D46DE8}") = "Infrastructure", "Infrastructure", "{3E113198-90F6-4584-81A9-8CA2724455B2}"
EndProject
Project("{9A19103F-16F7-4668-BE54-9A1E7A4F7556}") = "Utility.Trees.Abstractions", "..\Trees\Utility.Trees.Abstractions\Utility.Trees.Abstractions.csproj", "{8A9E9CB0-1EBA-4F67-92BB-5833BA2315FE}"
EndProject
Project("{9A19103F-16F7-4668-BE54-9A1E7A4F7556}") = "Utility.Trees", "..\Trees\Utility.Trees\Utility.Trees.csproj", "{A42C48DE-44F6-4F82-B7F8-1ECA36C57156}"
EndProject
Project("{9A19103F-16F7-4668-BE54-9A1E7A4F7556}") = "Utility.WPF.Converters", "..\WPF\Utility.WPF.Converters\Utility.WPF.Converters.csproj", "{3E645622-5D94-4110-BB50-2F60D7445DA5}"
EndProject
Project("{9A19103F-16F7-4668-BE54-9A1E7A4F7556}") = "Utility.Helpers.Ex", "..\Helpers.Ex\Utility.Helpers.Ex\Utility.Helpers.Ex.csproj", "{C8E69834-E499-4434-B5A5-E916661806CE}"
EndProject
Project("{9A19103F-16F7-4668-BE54-9A1E7A4F7556}") = "Utility.Models", "..\Models\Utility.Models\Utility.Models.csproj", "{89132F0C-9465-46D0-B4F8-BA5DE45A2F57}"
EndProject
Project("{9A19103F-16F7-4668-BE54-9A1E7A4F7556}") = "Utility.WPF.Templates", "..\WPF\Utility.WPF.Templates\Utility.WPF.Templates.csproj", "{04F37601-454E-47CF-B626-B1465524AA87}"
EndProject
Project("{9A19103F-16F7-4668-BE54-9A1E7A4F7556}") = "Utility.WPF.Helpers", "..\WPF\Utility.WPF.Helpers\Utility.WPF.Helpers.csproj", "{1F856FC8-B753-4859-AB3C-F5C038BE82DB}"
EndProject
Project("{9A19103F-16F7-4668-BE54-9A1E7A4F7556}") = "Utility.WPF.Factorys", "..\WPF\Utility.WPF.Factorys\Utility.WPF.Factorys.csproj", "{0E11A35B-F605-43A1-99CA-2D03C3EFBD10}"
EndProject
Project("{9A19103F-16F7-4668-BE54-9A1E7A4F7556}") = "Utility.Infrastructure", "..\Infrastructure\Utility.Infrastructure\Utility.Infrastructure.csproj", "{7746013C-5156-458F-B5D8-8D31D99290C7}"
EndProject
Project("{9A19103F-16F7-4668-BE54-9A1E7A4F7556}") = "Utility.Nodes.Solutions", "Utility.Nodes.WPF\Utility.Nodes.Solutions.csproj", "{DBA0BD50-F26E-4714-B48E-36F8C473441F}"
EndProject
Project("{9A19103F-16F7-4668-BE54-9A1E7A4F7556}") = "Utility.Factorys", "..\Factorys\Utility.Factorys\Utility.Factorys.csproj", "{EF58D9D9-1FF2-4D53-93E6-60BED58D16B8}"
EndProject
Project("{9A19103F-16F7-4668-BE54-9A1E7A4F7556}") = "Utility.Reactive", "..\Reactive\Utility.Reactive\Utility.Reactive.csproj", "{BE04A0D0-38E4-4C6C-A10F-F5A7F19B0369}"
EndProject
Project("{9A19103F-16F7-4668-BE54-9A1E7A4F7556}") = "Utility.Interfaces", "..\Interfaces\Utility.Interfaces\Utility.Interfaces.csproj", "{459D7307-B0A1-4A59-B1B4-C2728CDA9916}"
EndProject
Project("{9A19103F-16F7-4668-BE54-9A1E7A4F7556}") = "Utility.WPF.Nodes", "Utility.WPF.Nodes\Utility.WPF.Nodes.csproj", "{2B55B644-37DE-48AB-B06C-A2674B2879CD}"
EndProject
Project("{9A19103F-16F7-4668-BE54-9A1E7A4F7556}") = "Utility.ViewModels", "..\Infrastructure\Utility.ViewModels\Utility.ViewModels.csproj", "{DF7CB969-4182-457D-BE0E-40DE922BB3F8}"
EndProject
Project("{9A19103F-16F7-4668-BE54-9A1E7A4F7556}") = "Utility.Helpers", "..\Helpers\Utility.Helpers\Utility.Helpers.csproj", "{6E089C08-6C87-4225-9975-2907F7884777}"
EndProject
Project("{9A19103F-16F7-4668-BE54-9A1E7A4F7556}") = "Utility.Objects", "..\Meta\Utility.Objects\Utility.Objects.csproj", "{2D27D712-700A-4B0D-8459-C03313123CDB}"
EndProject
Project("{9A19103F-16F7-4668-BE54-9A1E7A4F7556}") = "Utility.PropertyDescriptors", "..\Meta\Utility.PropertyDescriptors\Utility.PropertyDescriptors.csproj", "{427AD264-45C8-418C-B875-FD0FC1A7E54A}"
EndProject
Project("{9A19103F-16F7-4668-BE54-9A1E7A4F7556}") = "Utility.Solutions", "..\Meta\Utility.ProjectStructure\Utility.Solutions.csproj", "{39FFB63A-E5FC-41E4-A0E4-DBECC4645C16}"
EndProject
Project("{2150E333-8FDC-42A3-9474-1A3956D46DE8}") = "Meta", "Meta", "{C0A380CA-EF00-4F4C-946B-31BBB8FFD58E}"
EndProject
Project("{9A19103F-16F7-4668-BE54-9A1E7A4F7556}") = "Utility.Nodes.Reflections", "Utility.Nodes.Reflections\Utility.Nodes.Reflections.csproj", "{6D372312-A0B0-4645-89DE-9E17C7D7796A}"
EndProject
Project("{9A19103F-16F7-4668-BE54-9A1E7A4F7556}") = "Utility.Nodes.Directorys", "Utility.Nodes.Directorys\Utility.Nodes.Directorys.csproj", "{37FD1FDC-CCF5-45CA-BCBB-554D25E23E77}"
EndProject
Project("{9A19103F-16F7-4668-BE54-9A1E7A4F7556}") = "Utility.Commands", "..\Commands\Utility.Commands\Utility.Commands.csproj", "{8B38C6EF-FFF0-43A6-8064-21F4D5ECDEBA}"
EndProject
Project("{9A19103F-16F7-4668-BE54-9A1E7A4F7556}") = "Utility.Nodes.Reflections.Demo", "Utility.Nodes.Reflections.Demo\Utility.Nodes.Reflections.Demo.csproj", "{A35EE7B1-8232-437F-9F8A-5624BC30B8BC}"
EndProject
Project("{9A19103F-16F7-4668-BE54-9A1E7A4F7556}") = "Utility.Enums", "..\Enums\Utility.Enums\Utility.Enums.csproj", "{734F1ABD-69AF-4C1A-BC67-B9A4BE44CE8C}"
EndProject
Project("{9A19103F-16F7-4668-BE54-9A1E7A4F7556}") = "AdornerBehavior", "AdornerBehavior\AdornerBehavior.csproj", "{8C9798CF-23A5-44C6-AAF5-1660FDC7F531}"
EndProject
Project("{9A19103F-16F7-4668-BE54-9A1E7A4F7556}") = "Utility.Attributes", "..\Infrastructure\Utility.Attributes\Utility.Attributes.csproj", "{BE3B2C05-886C-4747-98FE-81B85170CC94}"
EndProject
Project("{9A19103F-16F7-4668-BE54-9A1E7A4F7556}") = "Utility.WPF.Controls", "..\WPF\Utility.WPF.Controls\Utility.WPF.Controls.csproj", "{C099CF92-56EB-4857-967D-A472D6CB05EC}"
EndProject
Project("{9A19103F-16F7-4668-BE54-9A1E7A4F7556}") = "Utility.WPF.Adorners", "..\WPF\Utility.WPF.Adorners\Utility.WPF.Adorners.csproj", "{A903CEC6-816A-4870-882A-C77BD3BDC6E2}"
EndProject
Project("{9A19103F-16F7-4668-BE54-9A1E7A4F7556}") = "Utility.WPF.Behaviors", "..\WPF\Utility.WPF.Behavior\Utility.WPF.Behaviors.csproj", "{14A0B790-015C-465B-859F-C72D2B4E3D8F}"
EndProject
Global
	GlobalSection(SolutionConfigurationPlatforms) = preSolution
		Debug|Any CPU = Debug|Any CPU
		Release|Any CPU = Release|Any CPU
	EndGlobalSection
	GlobalSection(ProjectConfigurationPlatforms) = postSolution
		{8303AFA8-924A-49C0-8015-803F7D209A08}.Debug|Any CPU.ActiveCfg = Debug|Any CPU
		{8303AFA8-924A-49C0-8015-803F7D209A08}.Debug|Any CPU.Build.0 = Debug|Any CPU
		{8303AFA8-924A-49C0-8015-803F7D209A08}.Release|Any CPU.ActiveCfg = Release|Any CPU
		{8303AFA8-924A-49C0-8015-803F7D209A08}.Release|Any CPU.Build.0 = Release|Any CPU
		{EB1AC222-47CC-4D9B-ABC5-4ED8BE47B82A}.Debug|Any CPU.ActiveCfg = Debug|Any CPU
		{EB1AC222-47CC-4D9B-ABC5-4ED8BE47B82A}.Debug|Any CPU.Build.0 = Debug|Any CPU
		{EB1AC222-47CC-4D9B-ABC5-4ED8BE47B82A}.Release|Any CPU.ActiveCfg = Release|Any CPU
		{EB1AC222-47CC-4D9B-ABC5-4ED8BE47B82A}.Release|Any CPU.Build.0 = Release|Any CPU
		{8FF18CDD-77D6-4A14-9ACC-3E2C8276BCD1}.Debug|Any CPU.ActiveCfg = Debug|Any CPU
		{8FF18CDD-77D6-4A14-9ACC-3E2C8276BCD1}.Debug|Any CPU.Build.0 = Debug|Any CPU
		{8FF18CDD-77D6-4A14-9ACC-3E2C8276BCD1}.Release|Any CPU.ActiveCfg = Release|Any CPU
		{8FF18CDD-77D6-4A14-9ACC-3E2C8276BCD1}.Release|Any CPU.Build.0 = Release|Any CPU
		{FA330227-E0D2-4423-BC72-D08F65FD466A}.Debug|Any CPU.ActiveCfg = Debug|Any CPU
		{FA330227-E0D2-4423-BC72-D08F65FD466A}.Debug|Any CPU.Build.0 = Debug|Any CPU
		{FA330227-E0D2-4423-BC72-D08F65FD466A}.Release|Any CPU.ActiveCfg = Release|Any CPU
		{FA330227-E0D2-4423-BC72-D08F65FD466A}.Release|Any CPU.Build.0 = Release|Any CPU
		{8A9E9CB0-1EBA-4F67-92BB-5833BA2315FE}.Debug|Any CPU.ActiveCfg = Debug|Any CPU
		{8A9E9CB0-1EBA-4F67-92BB-5833BA2315FE}.Debug|Any CPU.Build.0 = Debug|Any CPU
		{8A9E9CB0-1EBA-4F67-92BB-5833BA2315FE}.Release|Any CPU.ActiveCfg = Release|Any CPU
		{8A9E9CB0-1EBA-4F67-92BB-5833BA2315FE}.Release|Any CPU.Build.0 = Release|Any CPU
		{A42C48DE-44F6-4F82-B7F8-1ECA36C57156}.Debug|Any CPU.ActiveCfg = Debug|Any CPU
		{A42C48DE-44F6-4F82-B7F8-1ECA36C57156}.Debug|Any CPU.Build.0 = Debug|Any CPU
		{A42C48DE-44F6-4F82-B7F8-1ECA36C57156}.Release|Any CPU.ActiveCfg = Release|Any CPU
		{A42C48DE-44F6-4F82-B7F8-1ECA36C57156}.Release|Any CPU.Build.0 = Release|Any CPU
		{3E645622-5D94-4110-BB50-2F60D7445DA5}.Debug|Any CPU.ActiveCfg = Debug|Any CPU
		{3E645622-5D94-4110-BB50-2F60D7445DA5}.Debug|Any CPU.Build.0 = Debug|Any CPU
		{3E645622-5D94-4110-BB50-2F60D7445DA5}.Release|Any CPU.ActiveCfg = Release|Any CPU
		{3E645622-5D94-4110-BB50-2F60D7445DA5}.Release|Any CPU.Build.0 = Release|Any CPU
		{C8E69834-E499-4434-B5A5-E916661806CE}.Debug|Any CPU.ActiveCfg = Debug|Any CPU
		{C8E69834-E499-4434-B5A5-E916661806CE}.Debug|Any CPU.Build.0 = Debug|Any CPU
		{C8E69834-E499-4434-B5A5-E916661806CE}.Release|Any CPU.ActiveCfg = Release|Any CPU
		{C8E69834-E499-4434-B5A5-E916661806CE}.Release|Any CPU.Build.0 = Release|Any CPU
		{89132F0C-9465-46D0-B4F8-BA5DE45A2F57}.Debug|Any CPU.ActiveCfg = Debug|Any CPU
		{89132F0C-9465-46D0-B4F8-BA5DE45A2F57}.Debug|Any CPU.Build.0 = Debug|Any CPU
		{89132F0C-9465-46D0-B4F8-BA5DE45A2F57}.Release|Any CPU.ActiveCfg = Release|Any CPU
		{89132F0C-9465-46D0-B4F8-BA5DE45A2F57}.Release|Any CPU.Build.0 = Release|Any CPU
		{04F37601-454E-47CF-B626-B1465524AA87}.Debug|Any CPU.ActiveCfg = Debug|Any CPU
		{04F37601-454E-47CF-B626-B1465524AA87}.Debug|Any CPU.Build.0 = Debug|Any CPU
		{04F37601-454E-47CF-B626-B1465524AA87}.Release|Any CPU.ActiveCfg = Release|Any CPU
		{04F37601-454E-47CF-B626-B1465524AA87}.Release|Any CPU.Build.0 = Release|Any CPU
		{1F856FC8-B753-4859-AB3C-F5C038BE82DB}.Debug|Any CPU.ActiveCfg = Debug|Any CPU
		{1F856FC8-B753-4859-AB3C-F5C038BE82DB}.Debug|Any CPU.Build.0 = Debug|Any CPU
		{1F856FC8-B753-4859-AB3C-F5C038BE82DB}.Release|Any CPU.ActiveCfg = Release|Any CPU
		{1F856FC8-B753-4859-AB3C-F5C038BE82DB}.Release|Any CPU.Build.0 = Release|Any CPU
		{0E11A35B-F605-43A1-99CA-2D03C3EFBD10}.Debug|Any CPU.ActiveCfg = Debug|Any CPU
		{0E11A35B-F605-43A1-99CA-2D03C3EFBD10}.Debug|Any CPU.Build.0 = Debug|Any CPU
		{0E11A35B-F605-43A1-99CA-2D03C3EFBD10}.Release|Any CPU.ActiveCfg = Release|Any CPU
		{0E11A35B-F605-43A1-99CA-2D03C3EFBD10}.Release|Any CPU.Build.0 = Release|Any CPU
		{7746013C-5156-458F-B5D8-8D31D99290C7}.Debug|Any CPU.ActiveCfg = Debug|Any CPU
		{7746013C-5156-458F-B5D8-8D31D99290C7}.Debug|Any CPU.Build.0 = Debug|Any CPU
		{7746013C-5156-458F-B5D8-8D31D99290C7}.Release|Any CPU.ActiveCfg = Release|Any CPU
		{7746013C-5156-458F-B5D8-8D31D99290C7}.Release|Any CPU.Build.0 = Release|Any CPU
		{DBA0BD50-F26E-4714-B48E-36F8C473441F}.Debug|Any CPU.ActiveCfg = Debug|Any CPU
		{DBA0BD50-F26E-4714-B48E-36F8C473441F}.Debug|Any CPU.Build.0 = Debug|Any CPU
		{DBA0BD50-F26E-4714-B48E-36F8C473441F}.Release|Any CPU.ActiveCfg = Release|Any CPU
		{DBA0BD50-F26E-4714-B48E-36F8C473441F}.Release|Any CPU.Build.0 = Release|Any CPU
		{EF58D9D9-1FF2-4D53-93E6-60BED58D16B8}.Debug|Any CPU.ActiveCfg = Debug|Any CPU
		{EF58D9D9-1FF2-4D53-93E6-60BED58D16B8}.Debug|Any CPU.Build.0 = Debug|Any CPU
		{EF58D9D9-1FF2-4D53-93E6-60BED58D16B8}.Release|Any CPU.ActiveCfg = Release|Any CPU
		{EF58D9D9-1FF2-4D53-93E6-60BED58D16B8}.Release|Any CPU.Build.0 = Release|Any CPU
		{BE04A0D0-38E4-4C6C-A10F-F5A7F19B0369}.Debug|Any CPU.ActiveCfg = Debug|Any CPU
		{BE04A0D0-38E4-4C6C-A10F-F5A7F19B0369}.Debug|Any CPU.Build.0 = Debug|Any CPU
		{BE04A0D0-38E4-4C6C-A10F-F5A7F19B0369}.Release|Any CPU.ActiveCfg = Release|Any CPU
		{BE04A0D0-38E4-4C6C-A10F-F5A7F19B0369}.Release|Any CPU.Build.0 = Release|Any CPU
		{459D7307-B0A1-4A59-B1B4-C2728CDA9916}.Debug|Any CPU.ActiveCfg = Debug|Any CPU
		{459D7307-B0A1-4A59-B1B4-C2728CDA9916}.Debug|Any CPU.Build.0 = Debug|Any CPU
		{459D7307-B0A1-4A59-B1B4-C2728CDA9916}.Release|Any CPU.ActiveCfg = Release|Any CPU
		{459D7307-B0A1-4A59-B1B4-C2728CDA9916}.Release|Any CPU.Build.0 = Release|Any CPU
		{2B55B644-37DE-48AB-B06C-A2674B2879CD}.Debug|Any CPU.ActiveCfg = Debug|Any CPU
		{2B55B644-37DE-48AB-B06C-A2674B2879CD}.Debug|Any CPU.Build.0 = Debug|Any CPU
		{2B55B644-37DE-48AB-B06C-A2674B2879CD}.Release|Any CPU.ActiveCfg = Release|Any CPU
		{2B55B644-37DE-48AB-B06C-A2674B2879CD}.Release|Any CPU.Build.0 = Release|Any CPU
		{DF7CB969-4182-457D-BE0E-40DE922BB3F8}.Debug|Any CPU.ActiveCfg = Debug|Any CPU
		{DF7CB969-4182-457D-BE0E-40DE922BB3F8}.Debug|Any CPU.Build.0 = Debug|Any CPU
		{DF7CB969-4182-457D-BE0E-40DE922BB3F8}.Release|Any CPU.ActiveCfg = Release|Any CPU
		{DF7CB969-4182-457D-BE0E-40DE922BB3F8}.Release|Any CPU.Build.0 = Release|Any CPU
		{6E089C08-6C87-4225-9975-2907F7884777}.Debug|Any CPU.ActiveCfg = Debug|Any CPU
		{6E089C08-6C87-4225-9975-2907F7884777}.Debug|Any CPU.Build.0 = Debug|Any CPU
		{6E089C08-6C87-4225-9975-2907F7884777}.Release|Any CPU.ActiveCfg = Release|Any CPU
		{6E089C08-6C87-4225-9975-2907F7884777}.Release|Any CPU.Build.0 = Release|Any CPU
		{2D27D712-700A-4B0D-8459-C03313123CDB}.Debug|Any CPU.ActiveCfg = Debug|Any CPU
		{2D27D712-700A-4B0D-8459-C03313123CDB}.Debug|Any CPU.Build.0 = Debug|Any CPU
		{2D27D712-700A-4B0D-8459-C03313123CDB}.Release|Any CPU.ActiveCfg = Release|Any CPU
		{2D27D712-700A-4B0D-8459-C03313123CDB}.Release|Any CPU.Build.0 = Release|Any CPU
		{427AD264-45C8-418C-B875-FD0FC1A7E54A}.Debug|Any CPU.ActiveCfg = Debug|Any CPU
		{427AD264-45C8-418C-B875-FD0FC1A7E54A}.Debug|Any CPU.Build.0 = Debug|Any CPU
		{427AD264-45C8-418C-B875-FD0FC1A7E54A}.Release|Any CPU.ActiveCfg = Release|Any CPU
		{427AD264-45C8-418C-B875-FD0FC1A7E54A}.Release|Any CPU.Build.0 = Release|Any CPU
		{39FFB63A-E5FC-41E4-A0E4-DBECC4645C16}.Debug|Any CPU.ActiveCfg = Debug|Any CPU
		{39FFB63A-E5FC-41E4-A0E4-DBECC4645C16}.Debug|Any CPU.Build.0 = Debug|Any CPU
		{39FFB63A-E5FC-41E4-A0E4-DBECC4645C16}.Release|Any CPU.ActiveCfg = Release|Any CPU
		{39FFB63A-E5FC-41E4-A0E4-DBECC4645C16}.Release|Any CPU.Build.0 = Release|Any CPU
		{6D372312-A0B0-4645-89DE-9E17C7D7796A}.Debug|Any CPU.ActiveCfg = Debug|Any CPU
		{6D372312-A0B0-4645-89DE-9E17C7D7796A}.Debug|Any CPU.Build.0 = Debug|Any CPU
		{6D372312-A0B0-4645-89DE-9E17C7D7796A}.Release|Any CPU.ActiveCfg = Release|Any CPU
		{6D372312-A0B0-4645-89DE-9E17C7D7796A}.Release|Any CPU.Build.0 = Release|Any CPU
		{37FD1FDC-CCF5-45CA-BCBB-554D25E23E77}.Debug|Any CPU.ActiveCfg = Debug|Any CPU
		{37FD1FDC-CCF5-45CA-BCBB-554D25E23E77}.Debug|Any CPU.Build.0 = Debug|Any CPU
		{37FD1FDC-CCF5-45CA-BCBB-554D25E23E77}.Release|Any CPU.ActiveCfg = Release|Any CPU
		{37FD1FDC-CCF5-45CA-BCBB-554D25E23E77}.Release|Any CPU.Build.0 = Release|Any CPU
		{8B38C6EF-FFF0-43A6-8064-21F4D5ECDEBA}.Debug|Any CPU.ActiveCfg = Debug|Any CPU
		{8B38C6EF-FFF0-43A6-8064-21F4D5ECDEBA}.Debug|Any CPU.Build.0 = Debug|Any CPU
		{8B38C6EF-FFF0-43A6-8064-21F4D5ECDEBA}.Release|Any CPU.ActiveCfg = Release|Any CPU
		{8B38C6EF-FFF0-43A6-8064-21F4D5ECDEBA}.Release|Any CPU.Build.0 = Release|Any CPU
		{A35EE7B1-8232-437F-9F8A-5624BC30B8BC}.Debug|Any CPU.ActiveCfg = Debug|Any CPU
		{A35EE7B1-8232-437F-9F8A-5624BC30B8BC}.Debug|Any CPU.Build.0 = Debug|Any CPU
		{A35EE7B1-8232-437F-9F8A-5624BC30B8BC}.Release|Any CPU.ActiveCfg = Release|Any CPU
		{A35EE7B1-8232-437F-9F8A-5624BC30B8BC}.Release|Any CPU.Build.0 = Release|Any CPU
		{734F1ABD-69AF-4C1A-BC67-B9A4BE44CE8C}.Debug|Any CPU.ActiveCfg = Debug|Any CPU
		{734F1ABD-69AF-4C1A-BC67-B9A4BE44CE8C}.Debug|Any CPU.Build.0 = Debug|Any CPU
		{734F1ABD-69AF-4C1A-BC67-B9A4BE44CE8C}.Release|Any CPU.ActiveCfg = Release|Any CPU
		{734F1ABD-69AF-4C1A-BC67-B9A4BE44CE8C}.Release|Any CPU.Build.0 = Release|Any CPU
		{8C9798CF-23A5-44C6-AAF5-1660FDC7F531}.Debug|Any CPU.ActiveCfg = Debug|Any CPU
		{8C9798CF-23A5-44C6-AAF5-1660FDC7F531}.Debug|Any CPU.Build.0 = Debug|Any CPU
		{8C9798CF-23A5-44C6-AAF5-1660FDC7F531}.Release|Any CPU.ActiveCfg = Release|Any CPU
		{8C9798CF-23A5-44C6-AAF5-1660FDC7F531}.Release|Any CPU.Build.0 = Release|Any CPU
		{BE3B2C05-886C-4747-98FE-81B85170CC94}.Debug|Any CPU.ActiveCfg = Debug|Any CPU
		{BE3B2C05-886C-4747-98FE-81B85170CC94}.Debug|Any CPU.Build.0 = Debug|Any CPU
		{BE3B2C05-886C-4747-98FE-81B85170CC94}.Release|Any CPU.ActiveCfg = Release|Any CPU
		{BE3B2C05-886C-4747-98FE-81B85170CC94}.Release|Any CPU.Build.0 = Release|Any CPU
		{C099CF92-56EB-4857-967D-A472D6CB05EC}.Debug|Any CPU.ActiveCfg = Debug|Any CPU
		{C099CF92-56EB-4857-967D-A472D6CB05EC}.Debug|Any CPU.Build.0 = Debug|Any CPU
		{C099CF92-56EB-4857-967D-A472D6CB05EC}.Release|Any CPU.ActiveCfg = Release|Any CPU
		{C099CF92-56EB-4857-967D-A472D6CB05EC}.Release|Any CPU.Build.0 = Release|Any CPU
		{A903CEC6-816A-4870-882A-C77BD3BDC6E2}.Debug|Any CPU.ActiveCfg = Debug|Any CPU
		{A903CEC6-816A-4870-882A-C77BD3BDC6E2}.Debug|Any CPU.Build.0 = Debug|Any CPU
		{A903CEC6-816A-4870-882A-C77BD3BDC6E2}.Release|Any CPU.ActiveCfg = Release|Any CPU
		{A903CEC6-816A-4870-882A-C77BD3BDC6E2}.Release|Any CPU.Build.0 = Release|Any CPU
		{14A0B790-015C-465B-859F-C72D2B4E3D8F}.Debug|Any CPU.ActiveCfg = Debug|Any CPU
		{14A0B790-015C-465B-859F-C72D2B4E3D8F}.Debug|Any CPU.Build.0 = Debug|Any CPU
		{14A0B790-015C-465B-859F-C72D2B4E3D8F}.Release|Any CPU.ActiveCfg = Release|Any CPU
		{14A0B790-015C-465B-859F-C72D2B4E3D8F}.Release|Any CPU.Build.0 = Release|Any CPU
	EndGlobalSection
	GlobalSection(SolutionProperties) = preSolution
		HideSolutionNode = FALSE
	EndGlobalSection
	GlobalSection(NestedProjects) = preSolution
		{EB1AC222-47CC-4D9B-ABC5-4ED8BE47B82A} = {28597BEF-6983-4377-A102-82F69FF978DE}
		{8FF18CDD-77D6-4A14-9ACC-3E2C8276BCD1} = {3E113198-90F6-4584-81A9-8CA2724455B2}
		{FA330227-E0D2-4423-BC72-D08F65FD466A} = {3E113198-90F6-4584-81A9-8CA2724455B2}
		{8A9E9CB0-1EBA-4F67-92BB-5833BA2315FE} = {3E113198-90F6-4584-81A9-8CA2724455B2}
		{A42C48DE-44F6-4F82-B7F8-1ECA36C57156} = {3E113198-90F6-4584-81A9-8CA2724455B2}
		{3E645622-5D94-4110-BB50-2F60D7445DA5} = {3E113198-90F6-4584-81A9-8CA2724455B2}
		{C8E69834-E499-4434-B5A5-E916661806CE} = {3E113198-90F6-4584-81A9-8CA2724455B2}
		{89132F0C-9465-46D0-B4F8-BA5DE45A2F57} = {3E113198-90F6-4584-81A9-8CA2724455B2}
		{04F37601-454E-47CF-B626-B1465524AA87} = {3E113198-90F6-4584-81A9-8CA2724455B2}
		{1F856FC8-B753-4859-AB3C-F5C038BE82DB} = {3E113198-90F6-4584-81A9-8CA2724455B2}
		{0E11A35B-F605-43A1-99CA-2D03C3EFBD10} = {3E113198-90F6-4584-81A9-8CA2724455B2}
		{7746013C-5156-458F-B5D8-8D31D99290C7} = {3E113198-90F6-4584-81A9-8CA2724455B2}
		{EF58D9D9-1FF2-4D53-93E6-60BED58D16B8} = {3E113198-90F6-4584-81A9-8CA2724455B2}
		{BE04A0D0-38E4-4C6C-A10F-F5A7F19B0369} = {3E113198-90F6-4584-81A9-8CA2724455B2}
		{459D7307-B0A1-4A59-B1B4-C2728CDA9916} = {3E113198-90F6-4584-81A9-8CA2724455B2}
		{DF7CB969-4182-457D-BE0E-40DE922BB3F8} = {3E113198-90F6-4584-81A9-8CA2724455B2}
		{6E089C08-6C87-4225-9975-2907F7884777} = {3E113198-90F6-4584-81A9-8CA2724455B2}
		{2D27D712-700A-4B0D-8459-C03313123CDB} = {C0A380CA-EF00-4F4C-946B-31BBB8FFD58E}
		{427AD264-45C8-418C-B875-FD0FC1A7E54A} = {C0A380CA-EF00-4F4C-946B-31BBB8FFD58E}
		{39FFB63A-E5FC-41E4-A0E4-DBECC4645C16} = {C0A380CA-EF00-4F4C-946B-31BBB8FFD58E}
		{8B38C6EF-FFF0-43A6-8064-21F4D5ECDEBA} = {3E113198-90F6-4584-81A9-8CA2724455B2}
		{A35EE7B1-8232-437F-9F8A-5624BC30B8BC} = {28597BEF-6983-4377-A102-82F69FF978DE}
		{734F1ABD-69AF-4C1A-BC67-B9A4BE44CE8C} = {3E113198-90F6-4584-81A9-8CA2724455B2}
		{8C9798CF-23A5-44C6-AAF5-1660FDC7F531} = {3E113198-90F6-4584-81A9-8CA2724455B2}
		{BE3B2C05-886C-4747-98FE-81B85170CC94} = {3E113198-90F6-4584-81A9-8CA2724455B2}
		{C099CF92-56EB-4857-967D-A472D6CB05EC} = {3E113198-90F6-4584-81A9-8CA2724455B2}
		{A903CEC6-816A-4870-882A-C77BD3BDC6E2} = {3E113198-90F6-4584-81A9-8CA2724455B2}
		{14A0B790-015C-465B-859F-C72D2B4E3D8F} = {3E113198-90F6-4584-81A9-8CA2724455B2}
	EndGlobalSection
	GlobalSection(ExtensibilityGlobals) = postSolution
		SolutionGuid = {B1F5991F-9180-4F40-A959-E24A6DDA6C5C}
	EndGlobalSection
EndGlobal
