
Microsoft Visual Studio Solution File, Format Version 12.00
# Visual Studio Version 17
VisualStudioVersion = 17.4.33403.182
MinimumVisualStudioVersion = 10.0.40219.1
Project("{9A19103F-16F7-4668-BE54-9A1E7A4F7556}") = "Utility.Nodes", "Utility.Nodes\Utility.Nodes.csproj", "{8303AFA8-924A-49C0-8015-803F7D209A08}"
EndProject
Project("{9A19103F-16F7-4668-BE54-9A1E7A4F7556}") = "Utility.Nodes.Demo", "Utility.Nodes.Demo\Utility.Nodes.Demo.csproj", "{EB1AC222-47CC-4D9B-ABC5-4ED8BE47B82A}"
EndProject
Project("{2150E333-8FDC-42A3-9474-1A3956D46DE8}") = "App", "App", "{28597BEF-6983-4377-A102-82F69FF978DE}"
EndProject
Project("{9A19103F-16F7-4668-BE54-9A1E7A4F7556}") = "Utility.Observables", "..\Observables\Utility.Observables\Utility.Observables.csproj", "{8FF18CDD-77D6-4A14-9ACC-3E2C8276BCD1}"
EndProject
Project("{9A19103F-16F7-4668-BE54-9A1E7A4F7556}") = "Utility.Collections", "..\Collections\Utility.Collections\Utility.Collections.csproj", "{FA330227-E0D2-4423-BC72-D08F65FD466A}"
EndProject
Project("{2150E333-8FDC-42A3-9474-1A3956D46DE8}") = "Infrastructure", "Infrastructure", "{3E113198-90F6-4584-81A9-8CA2724455B2}"
EndProject
Project("{9A19103F-16F7-4668-BE54-9A1E7A4F7556}") = "Utility.Trees", "..\Trees\Utility.Trees\Utility.Trees.csproj", "{A42C48DE-44F6-4F82-B7F8-1ECA36C57156}"
EndProject
Project("{9A19103F-16F7-4668-BE54-9A1E7A4F7556}") = "Utility.WPF.Converters", "..\WPF\Utility.WPF.Converters\Utility.WPF.Converters.csproj", "{3E645622-5D94-4110-BB50-2F60D7445DA5}"
EndProject
Project("{9A19103F-16F7-4668-BE54-9A1E7A4F7556}") = "Utility.Helpers.Ex", "..\Helpers.Ex\Utility.Helpers.Ex\Utility.Helpers.Ex.csproj", "{C8E69834-E499-4434-B5A5-E916661806CE}"
EndProject
Project("{9A19103F-16F7-4668-BE54-9A1E7A4F7556}") = "Utility.Models", "..\Models\Utility.Models\Utility.Models.csproj", "{89132F0C-9465-46D0-B4F8-BA5DE45A2F57}"
EndProject
Project("{9A19103F-16F7-4668-BE54-9A1E7A4F7556}") = "Utility.WPF.Templates", "..\WPF\Utility.WPF.Templates\Utility.WPF.Templates.csproj", "{04F37601-454E-47CF-B626-B1465524AA87}"
EndProject
Project("{9A19103F-16F7-4668-BE54-9A1E7A4F7556}") = "Utility.WPF.Helpers", "..\WPF\Utility.WPF.Helpers\Utility.WPF.Helpers.csproj", "{1F856FC8-B753-4859-AB3C-F5C038BE82DB}"
EndProject
Project("{9A19103F-16F7-4668-BE54-9A1E7A4F7556}") = "Utility.WPF.Factorys", "..\WPF\Utility.WPF.Factorys\Utility.WPF.Factorys.csproj", "{0E11A35B-F605-43A1-99CA-2D03C3EFBD10}"
EndProject
Project("{9A19103F-16F7-4668-BE54-9A1E7A4F7556}") = "Utility.Infrastructure", "..\Infrastructure\Utility.Infrastructure\Utility.Infrastructure.csproj", "{7746013C-5156-458F-B5D8-8D31D99290C7}"
EndProject
Project("{9A19103F-16F7-4668-BE54-9A1E7A4F7556}") = "Utility.Factorys", "..\Factorys\Utility.Factorys\Utility.Factorys.csproj", "{EF58D9D9-1FF2-4D53-93E6-60BED58D16B8}"
EndProject
Project("{9A19103F-16F7-4668-BE54-9A1E7A4F7556}") = "Utility.Reactives", "..\Reactives\Utility.Reactives\Utility.Reactives.csproj", "{BE04A0D0-38E4-4C6C-A10F-F5A7F19B0369}"
EndProject
Project("{9A19103F-16F7-4668-BE54-9A1E7A4F7556}") = "Utility.Interfaces", "..\Interfaces\Utility.Interfaces\Utility.Interfaces.csproj", "{459D7307-B0A1-4A59-B1B4-C2728CDA9916}"
EndProject
Project("{9A19103F-16F7-4668-BE54-9A1E7A4F7556}") = "Utility.Helpers", "..\Helpers\Utility.Helpers\Utility.Helpers.csproj", "{6E089C08-6C87-4225-9975-2907F7884777}"
EndProject
Project("{9A19103F-16F7-4668-BE54-9A1E7A4F7556}") = "Utility.Solutions", "..\Meta\Utility.ProjectStructure\Utility.Solutions.csproj", "{39FFB63A-E5FC-41E4-A0E4-DBECC4645C16}"
EndProject
Project("{2150E333-8FDC-42A3-9474-1A3956D46DE8}") = "Meta", "Meta", "{C0A380CA-EF00-4F4C-946B-31BBB8FFD58E}"
EndProject
Project("{9A19103F-16F7-4668-BE54-9A1E7A4F7556}") = "Utility.Nodes.Descriptors", "Utility.Nodes.Reflections\Utility.Nodes.Descriptors.csproj", "{6D372312-A0B0-4645-89DE-9E17C7D7796A}"
EndProject
Project("{9A19103F-16F7-4668-BE54-9A1E7A4F7556}") = "Utility.Nodes.Directories", "Utility.Nodes.Directorys\Utility.Nodes.Directories.csproj", "{37FD1FDC-CCF5-45CA-BCBB-554D25E23E77}"
EndProject
Project("{9A19103F-16F7-4668-BE54-9A1E7A4F7556}") = "Utility.Commands", "..\Commands\Utility.Commands\Utility.Commands.csproj", "{8B38C6EF-FFF0-43A6-8064-21F4D5ECDEBA}"
EndProject
Project("{9A19103F-16F7-4668-BE54-9A1E7A4F7556}") = "Utility.Enums", "..\Enums\Utility.Enums\Utility.Enums.csproj", "{734F1ABD-69AF-4C1A-BC67-B9A4BE44CE8C}"
EndProject
Project("{9A19103F-16F7-4668-BE54-9A1E7A4F7556}") = "AdornerBehavior", "AdornerBehavior\AdornerBehavior.csproj", "{8C9798CF-23A5-44C6-AAF5-1660FDC7F531}"
EndProject
Project("{9A19103F-16F7-4668-BE54-9A1E7A4F7556}") = "Utility.Attributes", "..\Infrastructure\Utility.Attributes\Utility.Attributes.csproj", "{BE3B2C05-886C-4747-98FE-81B85170CC94}"
EndProject
Project("{9A19103F-16F7-4668-BE54-9A1E7A4F7556}") = "Utility.WPF.Controls", "..\WPF\Utility.WPF.Controls\Utility.WPF.Controls.csproj", "{C099CF92-56EB-4857-967D-A472D6CB05EC}"
EndProject
Project("{9A19103F-16F7-4668-BE54-9A1E7A4F7556}") = "Utility.WPF.Adorners", "..\WPF\Utility.WPF.Adorners\Utility.WPF.Adorners.csproj", "{A903CEC6-816A-4870-882A-C77BD3BDC6E2}"
EndProject
Project("{9A19103F-16F7-4668-BE54-9A1E7A4F7556}") = "Utility.WPF.Behaviors", "..\WPF\Utility.WPF.Behaviors\Utility.WPF.Behaviors.csproj", "{14A0B790-015C-465B-859F-C72D2B4E3D8F}"
EndProject
Project("{9A19103F-16F7-4668-BE54-9A1E7A4F7556}") = "Utility.PropertyNotifications", "..\Infrastructure\Utility.PropertyNotifications\Utility.PropertyNotifications.csproj", "{73F10567-EA25-416F-8BD1-E3260A24CAFC}"
EndProject
Project("{9A19103F-16F7-4668-BE54-9A1E7A4F7556}") = "Utility.Changes", "..\Infrastructure\Utility.Changes\Utility.Changes.csproj", "{E3DC7A41-CA24-4BF2-89D4-7E7E33BBB8AC}"
EndProject
Project("{9A19103F-16F7-4668-BE54-9A1E7A4F7556}") = "Utility.Nodes.Abstractions", "Utility.Nodes.Abstractions\Utility.Nodes.Abstractions.csproj", "{8E2BF4A9-FC55-4571-AD5B-BCA7458865C8}"
EndProject
Project("{9A19103F-16F7-4668-BE54-9A1E7A4F7556}") = "Utility.Nodes.Types", "Utility.Nodes.Types\Utility.Nodes.Types.csproj", "{AEF6DD36-1D87-4473-9513-D5E41F3C1E45}"
EndProject
Project("{9A19103F-16F7-4668-BE54-9A1E7A4F7556}") = "Utility.WPF.Controls.Trees", "..\WPF\Utility.WPF.Controls.Trees\Utility.WPF.Controls.Trees.csproj", "{85D8F1C3-9B74-4834-8782-0DDDD755EF2E}"
EndProject
Project("{9A19103F-16F7-4668-BE54-9A1E7A4F7556}") = "Utility.WPF.Animations", "..\WPF\Utility.WPF.Animation\Utility.WPF.Animations.csproj", "{CA803A5E-AB72-4A61-AFC7-7A8CB520ABA9}"
EndProject
Project("{9A19103F-16F7-4668-BE54-9A1E7A4F7556}") = "Utility.Nodify.Demo", "..\Nodify\Utility.Nodify.Demo\Utility.Nodify.Demo.csproj", "{5A9EDE3D-242A-48D5-A481-0833853764F7}"
EndProject
Project("{9A19103F-16F7-4668-BE54-9A1E7A4F7556}") = "Utility.Descriptors.Database", "Utility.Nodes.Database\Utility.Descriptors.Database.csproj", "{A5485EC3-BB8A-490A-80E5-FBDA345D67AA}"
EndProject
Project("{9A19103F-16F7-4668-BE54-9A1E7A4F7556}") = "Utility.WPF.Reactives", "..\WPF\Utility.WPF.Reactives\Utility.WPF.Reactives.csproj", "{1E658A9E-1993-4563-AAB0-89A1B83D408F}"
EndProject
Project("{9A19103F-16F7-4668-BE54-9A1E7A4F7556}") = "Utility.Extensions", "..\Helpers\Utility.Extensions\Utility.Extensions.csproj", "{B7B8A3F3-9DA3-4547-82FB-292DF20760B5}"
EndProject
Project("{9A19103F-16F7-4668-BE54-9A1E7A4F7556}") = "Utility.Packages", "..\Packages\Utility.Packages\Utility.Packages.csproj", "{A27FD52C-5718-4C2F-B257-B6F3E180C56F}"
EndProject
Project("{9A19103F-16F7-4668-BE54-9A1E7A4F7556}") = "Utility.Keys", "..\Infrastructure\Utility.Keys\Utility.Keys.csproj", "{7A75AB31-522C-4B02-AD7F-207297885507}"
EndProject
Project("{9A19103F-16F7-4668-BE54-9A1E7A4F7556}") = "Utility.WPF.ResourceDictionarys", "..\WPF\Utility.WPF.ResourceDictionarys\Utility.WPF.ResourceDictionarys.csproj", "{5C290E55-D8F4-4AE2-A2BC-71EBB0554F91}"
EndProject
Project("{FAE04EC0-301F-11D3-BF4B-00C04F79EFBC}") = "Utility.Repos", "..\Repos\Utility.Repos\Utility.Repos.csproj", "{EBAF56B4-78D7-4D16-815D-AF0F747BED17}"
EndProject
Project("{2150E333-8FDC-42A3-9474-1A3956D46DE8}") = "External", "External", "{CD19D46F-F1DB-461A-9814-C48D0161E7F1}"
EndProject
Project("{FAE04EC0-301F-11D3-BF4B-00C04F79EFBC}") = "Utility.Conversions.Json.Newtonsoft", "..\Conversions\Utility.Json.Newtonsoft\Utility.Conversions.Json.Newtonsoft.csproj", "{D67C7CD0-4E95-4E97-B870-1D1CF9F75545}"
EndProject
Project("{FAE04EC0-301F-11D3-BF4B-00C04F79EFBC}") = "Utility.Nodes.Demo.Breadcrumbs", "Utility.Nodes.Demo.Breadcrumbs\Utility.Nodes.Demo.Breadcrumbs.csproj", "{133965D6-1E2E-4DFE-9CCB-24F5AF66C70E}"
EndProject
Project("{FAE04EC0-301F-11D3-BF4B-00C04F79EFBC}") = "Utility.Nodes.Demo.Editor", "Utility.Nodes.Demo.Editor\Utility.Nodes.Demo.Editor.csproj", "{D19A5BC8-9E15-468B-9CC8-CFE4201EF660}"
EndProject
Project("{FAE04EC0-301F-11D3-BF4B-00C04F79EFBC}") = "Utility.Nodes.Filters", "Utility.Nodes.Filters\Utility.Nodes.Filters.csproj", "{59B453D0-81C0-4787-9ECE-D852C9CD66A0}"
EndProject
Project("{FAE04EC0-301F-11D3-BF4B-00C04F79EFBC}") = "TextBoxEx", "..\External\TextBoxEx\TextBoxEx.csproj", "{92BB12E4-ECEB-49C1-8009-517A4203D53F}"
EndProject
Project("{FAE04EC0-301F-11D3-BF4B-00C04F79EFBC}") = "EnumSourceConverter", "..\External\EnumSourceConverter\EnumSourceConverter.csproj", "{7377C762-7CD4-48E1-A5EB-344C72E80FF5}"
EndProject
Project("{FAE04EC0-301F-11D3-BF4B-00C04F79EFBC}") = "Utility.WPF.Controls.Breadcrumbs", "..\WPF\Utility.WPF.Controls.Breadcrumbs\Utility.WPF.Controls.Breadcrumbs.csproj", "{4A22104D-10A6-4B92-907C-20BC208DC14F}"
EndProject
Project("{FAE04EC0-301F-11D3-BF4B-00C04F79EFBC}") = "Utility.Nodes.Demo.ComboBoxes", "Utility.Nodes.Demo.ComboBoxes\Utility.Nodes.Demo.ComboBoxes.csproj", "{81EA4F9D-2A37-4B4C-A1F6-EF52C40E3B75}"
EndProject
Project("{FAE04EC0-301F-11D3-BF4B-00C04F79EFBC}") = "Utility.WPF.Controls.ComboBoxes", "..\WPF\Utility.WPF.Controls.ComboBoxes\Utility.WPF.Controls.ComboBoxes.csproj", "{65157055-C800-4508-9704-C28BCC37E5FB}"
EndProject
Project("{FAE04EC0-301F-11D3-BF4B-00C04F79EFBC}") = "Utility.WPF.Attached", "..\WPF\Utility.WPF.Attached\Utility.WPF.Attached.csproj", "{6AAEA402-23DB-4A1B-8827-363F4942F49F}"
EndProject
Project("{FAE04EC0-301F-11D3-BF4B-00C04F79EFBC}") = "Utility.WPF.Colours", "..\WPF\Utility.WPF.Colours\Utility.WPF.Colours.csproj", "{89F0350C-8025-41D9-A3E1-7D08A9025442}"
EndProject
Project("{FAE04EC0-301F-11D3-BF4B-00C04F79EFBC}") = "Utility.WPF.Controls.Buttons", "..\WPF\Utility.WPF.Controls.Buttons\Utility.WPF.Controls.Buttons.csproj", "{F9437CAC-363E-4BED-8F7B-9B9A2BC614C4}"
EndProject
Project("{FAE04EC0-301F-11D3-BF4B-00C04F79EFBC}") = "Utility.Meta", "..\Meta\Utility.Meta\Utility.Meta.csproj", "{654C7CEA-DC03-465E-B763-01305374B7DE}"
EndProject
Project("{FAE04EC0-301F-11D3-BF4B-00C04F79EFBC}") = "Models", "Models\Models.csproj", "{C7F59F04-28F3-43C9-BAF4-AE4CB35A3EDD}"
EndProject
Project("{FAE04EC0-301F-11D3-BF4B-00C04F79EFBC}") = "Utility.Nodes.Demo.Filters", "Utility.Nodes.Demo.Filters\Utility.Nodes.Demo.Filters.csproj", "{B88AF471-CEAE-421A-B2EF-380045BE097C}"
EndProject
Project("{FAE04EC0-301F-11D3-BF4B-00C04F79EFBC}") = "Utility.Models.Trees", "..\Models\Utility.Models.Trees\Utility.Models.Trees.csproj", "{ACDA7CA2-D832-4033-8442-892A5DF47631}"
EndProject
Project("{FAE04EC0-301F-11D3-BF4B-00C04F79EFBC}") = "Utility.Interfaces.Exs", "..\Interfaces\Utility.Interfaces.Exs\Utility.Interfaces.Exs.csproj", "{13BD9C1D-51A8-4D93-B1A7-63197A02BAB7}"
EndProject
Project("{FAE04EC0-301F-11D3-BF4B-00C04F79EFBC}") = "Utility.Structs", "..\Structs\Utility.Structs\Utility.Structs.csproj", "{83FDC164-51F5-4FC2-9718-E161C6FC124E}"
EndProject
Project("{FAE04EC0-301F-11D3-BF4B-00C04F79EFBC}") = "Utility.Structs.Repos", "..\Structs\Utility.Structs.Repos\Utility.Structs.Repos.csproj", "{D7EA7219-543F-4568-BA2D-401A01F637B1}"
EndProject
Project("{FAE04EC0-301F-11D3-BF4B-00C04F79EFBC}") = "Utility.Entities.Comms", "..\Infrastructure\Utility.Entities.Comms\Utility.Entities.Comms.csproj", "{AF3E6AE5-7976-495E-B1C3-0B5D22515BAB}"
EndProject
Project("{FAE04EC0-301F-11D3-BF4B-00C04F79EFBC}") = "Utility.Trees.Extensions", "..\Trees\Utility.Trees.Extensions\Utility.Trees.Extensions.csproj", "{C59617B1-42E4-44E2-B867-104533C2D6D8}"
EndProject
Project("{FAE04EC0-301F-11D3-BF4B-00C04F79EFBC}") = "Utility.Trees.WPF", "..\Trees\Utility.Trees.WPF\Utility.Trees.WPF.csproj", "{6FBC3D44-1B75-4DE0-A086-2A706CE606A7}"
EndProject
Project("{FAE04EC0-301F-11D3-BF4B-00C04F79EFBC}") = "Utility.Nodes.WPF", "Utility.Nodes.WPF\Utility.Nodes.WPF.csproj", "{ED7BA79B-39EA-47FF-B189-D2E50D5D8252}"
EndProject
Project("{FAE04EC0-301F-11D3-BF4B-00C04F79EFBC}") = "Utility.Trees.Decisions", "..\Trees\Utility.Trees.Decisions\Utility.Trees.Decisions.csproj", "{1EE18FF3-7F0F-45A9-9EE1-B1EDAEE2F919}"
EndProject
Project("{FAE04EC0-301F-11D3-BF4B-00C04F79EFBC}") = "QueryDesignerCore", "..\External\QueryDesignerCore\QueryDesignerCore.csproj", "{2A4C3103-4004-429A-8540-9DA2CF371343}"
EndProject
Project("{FAE04EC0-301F-11D3-BF4B-00C04F79EFBC}") = "Utility.Nodes.Demo.Queries", "Utility.Nodes.Demo.Queries\Utility.Nodes.Demo.Queries.csproj", "{D6E7C445-BA5A-4E26-BAC3-3E79AFD92C13}"
EndProject
Project("{FAE04EC0-301F-11D3-BF4B-00C04F79EFBC}") = "Utility.WPF.Controls.Objects", "..\WPF\Utility.WPF.Controls.Objects\Utility.WPF.Controls.Objects.csproj", "{12D0F702-DD53-4A01-9A1C-59B5F60DF638}"
EndProject
Project("{FAE04EC0-301F-11D3-BF4B-00C04F79EFBC}") = "Utility.Nodes.Ex", "Utility.Nodes.Ex\Utility.Nodes.Ex.csproj", "{E732BD36-EE48-4E5F-AB83-5836DE61AC6E}"
EndProject
Project("{FAE04EC0-301F-11D3-BF4B-00C04F79EFBC}") = "Utility.Nodes.Demo.MVVM", "Utility.Nodes.Demo.MVVM\Utility.Nodes.Demo.MVVM.csproj", "{FA529CCD-3DD3-4608-946B-BF05F3382CEE}"
EndProject
Project("{FAE04EC0-301F-11D3-BF4B-00C04F79EFBC}") = "Utility.Nodes.Solutions", "Utility.Nodes.Solutions\Utility.Nodes.Solutions.csproj", "{91E470A2-2BF1-4F24-8266-6420C69F5263}"
EndProject
Project("{FAE04EC0-301F-11D3-BF4B-00C04F79EFBC}") = "Utility.PropertyDescriptors", "..\Meta\Utility.PropertyDescriptors\Utility.PropertyDescriptors.csproj", "{CF8DA54F-74C3-46B8-9D6B-B0EB0982C1DE}"
EndProject
Project("{FAE04EC0-301F-11D3-BF4B-00C04F79EFBC}") = "Utility.WPF.Trees", "..\WPF\Utility.WPF.Trees\Utility.WPF.Trees.csproj", "{4D2153D4-C665-46DE-9336-C87E486C5DF0}"
EndProject
Project("{FAE04EC0-301F-11D3-BF4B-00C04F79EFBC}") = "Utility.WPF.Controls.Lists", "..\WPF\Utility.WPF.Controls.Lists\Utility.WPF.Controls.Lists.csproj", "{951F983E-7CE4-4D56-B796-2EDCC1821DB6}"
EndProject
Project("{FAE04EC0-301F-11D3-BF4B-00C04F79EFBC}") = "Utility.WPF.Controls.External", "..\WPF\Utility.WPF.Controls.External\Utility.WPF.Controls.External.csproj", "{B75EB3A9-136A-41A7-AC33-C3012BB4E864}"
EndProject
Project("{FAE04EC0-301F-11D3-BF4B-00C04F79EFBC}") = "Utility.WPF.Controls.Html", "..\WPF\Utility.WPF.Controls.Html\Utility.WPF.Controls.Html.csproj", "{A556A9FD-036D-4AF8-AB5F-34853F5E54E9}"
EndProject
Project("{FAE04EC0-301F-11D3-BF4B-00C04F79EFBC}") = "Utility.Nodes.Demo.Directory", "Utility.Nodes.Demo.Directory\Utility.Nodes.Demo.Directory.csproj", "{7759F08D-E5F2-42FA-8781-8E5145DD5C98}"
EndProject
Project("{FAE04EC0-301F-11D3-BF4B-00C04F79EFBC}") = "Utility.WPF", "..\WPF\Utility.WPF\Utility.WPF.csproj", "{F75B96D1-4494-44C1-A130-7B6D46D30A05}"
EndProject
Project("{FAE04EC0-301F-11D3-BF4B-00C04F79EFBC}") = "Pather.CSharp", "..\External\Pather.CSharp\Pather.CSharp.csproj", "{2EABF84D-4369-4E63-A160-E79ABBD6D7FA}"
EndProject
Project("{FAE04EC0-301F-11D3-BF4B-00C04F79EFBC}") = "Utility.WPF.Panels", "..\WPF\Utility.WPF.Panels\Utility.WPF.Panels.csproj", "{7121FF80-C8D9-4FD0-A79A-B91F7B7DCA39}"
EndProject
Project("{FAE04EC0-301F-11D3-BF4B-00C04F79EFBC}") = "Utility.Nodes.Demo.Transformers", "Utility.Nodes.Demo.Transformers\Utility.Nodes.Demo.Transformers.csproj", "{BC14C4A2-41F8-4FC6-8CA3-C0795C712DAB}"
EndProject
Project("{FAE04EC0-301F-11D3-BF4B-00C04F79EFBC}") = "Leepfrog.WpfFramework", "..\External\Leepfrog.WpfFramework\Leepfrog.WpfFramework.csproj", "{5B046F56-B10A-4141-96CB-655B8573DE77}"
EndProject
Project("{FAE04EC0-301F-11D3-BF4B-00C04F79EFBC}") = "Utility.Exceptions", "..\Infrastructure\Utility.Exceptions\Utility.Exceptions.csproj", "{5217E73B-D17E-4E9C-9CDE-ACFF9F6DF75A}"
EndProject
Project("{FAE04EC0-301F-11D3-BF4B-00C04F79EFBC}") = "Utility.WPF.Geometries", "..\WPF\Utility.WPF.Geometry\Utility.WPF.Geometries.csproj", "{63EA2C00-9A26-4AAF-926D-4849F2BFD0A3}"
EndProject
Project("{FAE04EC0-301F-11D3-BF4B-00C04F79EFBC}") = "Utility.WPF.Trees.Connectors", "..\WPF\Utility.WPF.Trees.Connectors\Utility.WPF.Trees.Connectors.csproj", "{83F173F5-9749-43B4-AAAE-968835FE53D0}"
EndProject
Project("{2150E333-8FDC-42A3-9474-1A3956D46DE8}") = "NetPrints", "NetPrints", "{F6586C2F-7176-4540-9B16-7B7FED1F08B2}"
EndProject
Project("{FAE04EC0-301F-11D3-BF4B-00C04F79EFBC}") = "NetPrints.Reflection", "..\External\NetPrints\NetPrints.Reflection\NetPrints.Reflection.csproj", "{BD0D6922-A73E-4DE8-9773-8AE1731AEE27}"
EndProject
Project("{FAE04EC0-301F-11D3-BF4B-00C04F79EFBC}") = "NetPrints.ViewModels", "..\External\NetPrints\NetPrints.ViewModels\NetPrints.ViewModels.csproj", "{26B0F29F-562C-4FE5-99D8-3A09582E705B}"
EndProject
Project("{FAE04EC0-301F-11D3-BF4B-00C04F79EFBC}") = "NetPrints.WPF.Controls", "..\External\NetPrints\NetPrints.WPF.Controls\NetPrints.WPF.Controls.csproj", "{24F56B01-04F3-407F-BA0B-560A9DEEE17E}"
EndProject
Project("{FAE04EC0-301F-11D3-BF4B-00C04F79EFBC}") = "NetPrints.WPF.Views", "..\External\NetPrints\NetPrints.WPF.Views\NetPrints.WPF.Views.csproj", "{5694BE54-AF3B-4448-9DDB-5B6AB0C5BC0B}"
EndProject
Project("{FAE04EC0-301F-11D3-BF4B-00C04F79EFBC}") = "NetPrints.Compilations", "..\External\NetPrints\NetPrints.Compilations\NetPrints.Compilations.csproj", "{77BE078F-C4F2-4AE0-9B05-604242BCE88B}"
EndProject
Project("{FAE04EC0-301F-11D3-BF4B-00C04F79EFBC}") = "NetPrints.Graphs", "..\External\NetPrints\NetPrints.Graphs\NetPrints.Graphs.csproj", "{92B38098-F2D2-4B69-8F42-A8332BBAFDF0}"
EndProject
Project("{FAE04EC0-301F-11D3-BF4B-00C04F79EFBC}") = "NetPrints.Services", "..\External\NetPrints\NetPrints.Services\NetPrints.Services.csproj", "{120BE589-89F6-4FD6-A7B8-7DBF430595DB}"
EndProject
Project("{FAE04EC0-301F-11D3-BF4B-00C04F79EFBC}") = "Utility.Nodes.Demo.Lists", "Utility.Nodes.Demo.Lists\Utility.Nodes.Demo.Lists.csproj", "{875E5E79-2E72-41DA-8DC2-3BBD0C1853AF}"
EndProject
Project("{FAE04EC0-301F-11D3-BF4B-00C04F79EFBC}") = "TypeSerialization", "..\External\TypeSerialization\TypeSerialization\TypeSerialization.csproj", "{343E095D-3358-0944-2903-FEF2F90A941A}"
EndProject
Project("{FAE04EC0-301F-11D3-BF4B-00C04F79EFBC}") = "Utility.Persists", "..\Persists\Utility.Persists\Utility.Persists.csproj", "{3D102FCD-F810-8622-7CE1-55DA7664697A}"
EndProject
Project("{FAE04EC0-301F-11D3-BF4B-00C04F79EFBC}") = "Utility.Entities", "..\Infrastructure\Utility.Entities\Utility.Entities.csproj", "{A033B4EA-AE4D-88C1-6B8D-545663C938E0}"
EndProject
Project("{FAE04EC0-301F-11D3-BF4B-00C04F79EFBC}") = "Utility.Services", "..\Infrastructure\Utility.Services\Utility.Services.csproj", "{74FF7015-F0AC-D2F7-0284-A8FD67F7235E}"
EndProject
Project("{FAE04EC0-301F-11D3-BF4B-00C04F79EFBC}") = "Utility.Globals", "..\Infrastructure\Utility.Globals\Utility.Globals.csproj", "{67E3548E-CDBA-EB38-03CB-11A8F222A24D}"
EndProject
Project("{FAE04EC0-301F-11D3-BF4B-00C04F79EFBC}") = "Utility.WPF.Converters.Json", "..\WPF\Utility.WPF.Converters.Json\Utility.WPF.Converters.Json.csproj", "{90B01879-1C06-23DF-B9A1-F3803116EF4C}"
EndProject
Project("{FAE04EC0-301F-11D3-BF4B-00C04F79EFBC}") = "ListViewLayout", "..\External\ListViewLayout\ListViewLayout.csproj", "{E1585162-54D9-B8FA-15E5-90F8B366CD94}"
EndProject
Project("{FAE04EC0-301F-11D3-BF4B-00C04F79EFBC}") = "Utility.WPF.Controls.Texts", "..\WPF\Utility.WPF.Controls.Texts\Utility.WPF.Controls.Texts.csproj", "{38BDEE29-D887-E8C0-CF25-4E27DA51F277}"
EndProject
Project("{FAE04EC0-301F-11D3-BF4B-00C04F79EFBC}") = "Utility.WPF.Markup", "..\WPF\Utility.WPF.Markup\Utility.WPF.Markup.csproj", "{4A89D256-009E-D230-B3E1-F0DF15E978F7}"
EndProject
Global
	GlobalSection(SolutionConfigurationPlatforms) = preSolution
		Debug|Any CPU = Debug|Any CPU
		Release|Any CPU = Release|Any CPU
	EndGlobalSection
	GlobalSection(ProjectConfigurationPlatforms) = postSolution
		{8303AFA8-924A-49C0-8015-803F7D209A08}.Debug|Any CPU.ActiveCfg = Debug|Any CPU
		{8303AFA8-924A-49C0-8015-803F7D209A08}.Debug|Any CPU.Build.0 = Debug|Any CPU
		{8303AFA8-924A-49C0-8015-803F7D209A08}.Release|Any CPU.ActiveCfg = Release|Any CPU
		{8303AFA8-924A-49C0-8015-803F7D209A08}.Release|Any CPU.Build.0 = Release|Any CPU
		{EB1AC222-47CC-4D9B-ABC5-4ED8BE47B82A}.Debug|Any CPU.ActiveCfg = Debug|Any CPU
		{EB1AC222-47CC-4D9B-ABC5-4ED8BE47B82A}.Debug|Any CPU.Build.0 = Debug|Any CPU
		{EB1AC222-47CC-4D9B-ABC5-4ED8BE47B82A}.Release|Any CPU.ActiveCfg = Release|Any CPU
		{EB1AC222-47CC-4D9B-ABC5-4ED8BE47B82A}.Release|Any CPU.Build.0 = Release|Any CPU
		{8FF18CDD-77D6-4A14-9ACC-3E2C8276BCD1}.Debug|Any CPU.ActiveCfg = Debug|Any CPU
		{8FF18CDD-77D6-4A14-9ACC-3E2C8276BCD1}.Debug|Any CPU.Build.0 = Debug|Any CPU
		{8FF18CDD-77D6-4A14-9ACC-3E2C8276BCD1}.Release|Any CPU.ActiveCfg = Release|Any CPU
		{8FF18CDD-77D6-4A14-9ACC-3E2C8276BCD1}.Release|Any CPU.Build.0 = Release|Any CPU
		{FA330227-E0D2-4423-BC72-D08F65FD466A}.Debug|Any CPU.ActiveCfg = Debug|Any CPU
		{FA330227-E0D2-4423-BC72-D08F65FD466A}.Debug|Any CPU.Build.0 = Debug|Any CPU
		{FA330227-E0D2-4423-BC72-D08F65FD466A}.Release|Any CPU.ActiveCfg = Release|Any CPU
		{FA330227-E0D2-4423-BC72-D08F65FD466A}.Release|Any CPU.Build.0 = Release|Any CPU
		{A42C48DE-44F6-4F82-B7F8-1ECA36C57156}.Debug|Any CPU.ActiveCfg = Debug|Any CPU
		{A42C48DE-44F6-4F82-B7F8-1ECA36C57156}.Debug|Any CPU.Build.0 = Debug|Any CPU
		{A42C48DE-44F6-4F82-B7F8-1ECA36C57156}.Release|Any CPU.ActiveCfg = Release|Any CPU
		{A42C48DE-44F6-4F82-B7F8-1ECA36C57156}.Release|Any CPU.Build.0 = Release|Any CPU
		{3E645622-5D94-4110-BB50-2F60D7445DA5}.Debug|Any CPU.ActiveCfg = Debug|Any CPU
		{3E645622-5D94-4110-BB50-2F60D7445DA5}.Debug|Any CPU.Build.0 = Debug|Any CPU
		{3E645622-5D94-4110-BB50-2F60D7445DA5}.Release|Any CPU.ActiveCfg = Release|Any CPU
		{3E645622-5D94-4110-BB50-2F60D7445DA5}.Release|Any CPU.Build.0 = Release|Any CPU
		{C8E69834-E499-4434-B5A5-E916661806CE}.Debug|Any CPU.ActiveCfg = Debug|Any CPU
		{C8E69834-E499-4434-B5A5-E916661806CE}.Debug|Any CPU.Build.0 = Debug|Any CPU
		{C8E69834-E499-4434-B5A5-E916661806CE}.Release|Any CPU.ActiveCfg = Release|Any CPU
		{C8E69834-E499-4434-B5A5-E916661806CE}.Release|Any CPU.Build.0 = Release|Any CPU
		{89132F0C-9465-46D0-B4F8-BA5DE45A2F57}.Debug|Any CPU.ActiveCfg = Debug|Any CPU
		{89132F0C-9465-46D0-B4F8-BA5DE45A2F57}.Debug|Any CPU.Build.0 = Debug|Any CPU
		{89132F0C-9465-46D0-B4F8-BA5DE45A2F57}.Release|Any CPU.ActiveCfg = Release|Any CPU
		{89132F0C-9465-46D0-B4F8-BA5DE45A2F57}.Release|Any CPU.Build.0 = Release|Any CPU
		{04F37601-454E-47CF-B626-B1465524AA87}.Debug|Any CPU.ActiveCfg = Debug|Any CPU
		{04F37601-454E-47CF-B626-B1465524AA87}.Debug|Any CPU.Build.0 = Debug|Any CPU
		{04F37601-454E-47CF-B626-B1465524AA87}.Release|Any CPU.ActiveCfg = Release|Any CPU
		{04F37601-454E-47CF-B626-B1465524AA87}.Release|Any CPU.Build.0 = Release|Any CPU
		{1F856FC8-B753-4859-AB3C-F5C038BE82DB}.Debug|Any CPU.ActiveCfg = Debug|Any CPU
		{1F856FC8-B753-4859-AB3C-F5C038BE82DB}.Debug|Any CPU.Build.0 = Debug|Any CPU
		{1F856FC8-B753-4859-AB3C-F5C038BE82DB}.Release|Any CPU.ActiveCfg = Release|Any CPU
		{1F856FC8-B753-4859-AB3C-F5C038BE82DB}.Release|Any CPU.Build.0 = Release|Any CPU
		{0E11A35B-F605-43A1-99CA-2D03C3EFBD10}.Debug|Any CPU.ActiveCfg = Debug|Any CPU
		{0E11A35B-F605-43A1-99CA-2D03C3EFBD10}.Debug|Any CPU.Build.0 = Debug|Any CPU
		{0E11A35B-F605-43A1-99CA-2D03C3EFBD10}.Release|Any CPU.ActiveCfg = Release|Any CPU
		{0E11A35B-F605-43A1-99CA-2D03C3EFBD10}.Release|Any CPU.Build.0 = Release|Any CPU
		{7746013C-5156-458F-B5D8-8D31D99290C7}.Debug|Any CPU.ActiveCfg = Debug|Any CPU
		{7746013C-5156-458F-B5D8-8D31D99290C7}.Debug|Any CPU.Build.0 = Debug|Any CPU
		{7746013C-5156-458F-B5D8-8D31D99290C7}.Release|Any CPU.ActiveCfg = Release|Any CPU
		{7746013C-5156-458F-B5D8-8D31D99290C7}.Release|Any CPU.Build.0 = Release|Any CPU
		{EF58D9D9-1FF2-4D53-93E6-60BED58D16B8}.Debug|Any CPU.ActiveCfg = Debug|Any CPU
		{EF58D9D9-1FF2-4D53-93E6-60BED58D16B8}.Debug|Any CPU.Build.0 = Debug|Any CPU
		{EF58D9D9-1FF2-4D53-93E6-60BED58D16B8}.Release|Any CPU.ActiveCfg = Release|Any CPU
		{EF58D9D9-1FF2-4D53-93E6-60BED58D16B8}.Release|Any CPU.Build.0 = Release|Any CPU
		{BE04A0D0-38E4-4C6C-A10F-F5A7F19B0369}.Debug|Any CPU.ActiveCfg = Debug|Any CPU
		{BE04A0D0-38E4-4C6C-A10F-F5A7F19B0369}.Debug|Any CPU.Build.0 = Debug|Any CPU
		{BE04A0D0-38E4-4C6C-A10F-F5A7F19B0369}.Release|Any CPU.ActiveCfg = Release|Any CPU
		{BE04A0D0-38E4-4C6C-A10F-F5A7F19B0369}.Release|Any CPU.Build.0 = Release|Any CPU
		{459D7307-B0A1-4A59-B1B4-C2728CDA9916}.Debug|Any CPU.ActiveCfg = Debug|Any CPU
		{459D7307-B0A1-4A59-B1B4-C2728CDA9916}.Debug|Any CPU.Build.0 = Debug|Any CPU
		{459D7307-B0A1-4A59-B1B4-C2728CDA9916}.Release|Any CPU.ActiveCfg = Release|Any CPU
		{459D7307-B0A1-4A59-B1B4-C2728CDA9916}.Release|Any CPU.Build.0 = Release|Any CPU
		{6E089C08-6C87-4225-9975-2907F7884777}.Debug|Any CPU.ActiveCfg = Debug|Any CPU
		{6E089C08-6C87-4225-9975-2907F7884777}.Debug|Any CPU.Build.0 = Debug|Any CPU
		{6E089C08-6C87-4225-9975-2907F7884777}.Release|Any CPU.ActiveCfg = Release|Any CPU
		{6E089C08-6C87-4225-9975-2907F7884777}.Release|Any CPU.Build.0 = Release|Any CPU
		{39FFB63A-E5FC-41E4-A0E4-DBECC4645C16}.Debug|Any CPU.ActiveCfg = Debug|Any CPU
		{39FFB63A-E5FC-41E4-A0E4-DBECC4645C16}.Debug|Any CPU.Build.0 = Debug|Any CPU
		{39FFB63A-E5FC-41E4-A0E4-DBECC4645C16}.Release|Any CPU.ActiveCfg = Release|Any CPU
		{39FFB63A-E5FC-41E4-A0E4-DBECC4645C16}.Release|Any CPU.Build.0 = Release|Any CPU
		{6D372312-A0B0-4645-89DE-9E17C7D7796A}.Debug|Any CPU.ActiveCfg = Debug|Any CPU
		{6D372312-A0B0-4645-89DE-9E17C7D7796A}.Debug|Any CPU.Build.0 = Debug|Any CPU
		{6D372312-A0B0-4645-89DE-9E17C7D7796A}.Release|Any CPU.ActiveCfg = Release|Any CPU
		{6D372312-A0B0-4645-89DE-9E17C7D7796A}.Release|Any CPU.Build.0 = Release|Any CPU
		{37FD1FDC-CCF5-45CA-BCBB-554D25E23E77}.Debug|Any CPU.ActiveCfg = Debug|Any CPU
		{37FD1FDC-CCF5-45CA-BCBB-554D25E23E77}.Debug|Any CPU.Build.0 = Debug|Any CPU
		{37FD1FDC-CCF5-45CA-BCBB-554D25E23E77}.Release|Any CPU.ActiveCfg = Release|Any CPU
		{37FD1FDC-CCF5-45CA-BCBB-554D25E23E77}.Release|Any CPU.Build.0 = Release|Any CPU
		{8B38C6EF-FFF0-43A6-8064-21F4D5ECDEBA}.Debug|Any CPU.ActiveCfg = Debug|Any CPU
		{8B38C6EF-FFF0-43A6-8064-21F4D5ECDEBA}.Debug|Any CPU.Build.0 = Debug|Any CPU
		{8B38C6EF-FFF0-43A6-8064-21F4D5ECDEBA}.Release|Any CPU.ActiveCfg = Release|Any CPU
		{8B38C6EF-FFF0-43A6-8064-21F4D5ECDEBA}.Release|Any CPU.Build.0 = Release|Any CPU
		{734F1ABD-69AF-4C1A-BC67-B9A4BE44CE8C}.Debug|Any CPU.ActiveCfg = Debug|Any CPU
		{734F1ABD-69AF-4C1A-BC67-B9A4BE44CE8C}.Debug|Any CPU.Build.0 = Debug|Any CPU
		{734F1ABD-69AF-4C1A-BC67-B9A4BE44CE8C}.Release|Any CPU.ActiveCfg = Release|Any CPU
		{734F1ABD-69AF-4C1A-BC67-B9A4BE44CE8C}.Release|Any CPU.Build.0 = Release|Any CPU
		{8C9798CF-23A5-44C6-AAF5-1660FDC7F531}.Debug|Any CPU.ActiveCfg = Debug|Any CPU
		{8C9798CF-23A5-44C6-AAF5-1660FDC7F531}.Debug|Any CPU.Build.0 = Debug|Any CPU
		{8C9798CF-23A5-44C6-AAF5-1660FDC7F531}.Release|Any CPU.ActiveCfg = Release|Any CPU
		{8C9798CF-23A5-44C6-AAF5-1660FDC7F531}.Release|Any CPU.Build.0 = Release|Any CPU
		{BE3B2C05-886C-4747-98FE-81B85170CC94}.Debug|Any CPU.ActiveCfg = Debug|Any CPU
		{BE3B2C05-886C-4747-98FE-81B85170CC94}.Debug|Any CPU.Build.0 = Debug|Any CPU
		{BE3B2C05-886C-4747-98FE-81B85170CC94}.Release|Any CPU.ActiveCfg = Release|Any CPU
		{BE3B2C05-886C-4747-98FE-81B85170CC94}.Release|Any CPU.Build.0 = Release|Any CPU
		{C099CF92-56EB-4857-967D-A472D6CB05EC}.Debug|Any CPU.ActiveCfg = Debug|Any CPU
		{C099CF92-56EB-4857-967D-A472D6CB05EC}.Debug|Any CPU.Build.0 = Debug|Any CPU
		{C099CF92-56EB-4857-967D-A472D6CB05EC}.Release|Any CPU.ActiveCfg = Release|Any CPU
		{C099CF92-56EB-4857-967D-A472D6CB05EC}.Release|Any CPU.Build.0 = Release|Any CPU
		{A903CEC6-816A-4870-882A-C77BD3BDC6E2}.Debug|Any CPU.ActiveCfg = Debug|Any CPU
		{A903CEC6-816A-4870-882A-C77BD3BDC6E2}.Debug|Any CPU.Build.0 = Debug|Any CPU
		{A903CEC6-816A-4870-882A-C77BD3BDC6E2}.Release|Any CPU.ActiveCfg = Release|Any CPU
		{A903CEC6-816A-4870-882A-C77BD3BDC6E2}.Release|Any CPU.Build.0 = Release|Any CPU
		{14A0B790-015C-465B-859F-C72D2B4E3D8F}.Debug|Any CPU.ActiveCfg = Debug|Any CPU
		{14A0B790-015C-465B-859F-C72D2B4E3D8F}.Debug|Any CPU.Build.0 = Debug|Any CPU
		{14A0B790-015C-465B-859F-C72D2B4E3D8F}.Release|Any CPU.ActiveCfg = Release|Any CPU
		{14A0B790-015C-465B-859F-C72D2B4E3D8F}.Release|Any CPU.Build.0 = Release|Any CPU
		{73F10567-EA25-416F-8BD1-E3260A24CAFC}.Debug|Any CPU.ActiveCfg = Debug|Any CPU
		{73F10567-EA25-416F-8BD1-E3260A24CAFC}.Debug|Any CPU.Build.0 = Debug|Any CPU
		{73F10567-EA25-416F-8BD1-E3260A24CAFC}.Release|Any CPU.ActiveCfg = Release|Any CPU
		{73F10567-EA25-416F-8BD1-E3260A24CAFC}.Release|Any CPU.Build.0 = Release|Any CPU
		{E3DC7A41-CA24-4BF2-89D4-7E7E33BBB8AC}.Debug|Any CPU.ActiveCfg = Debug|Any CPU
		{E3DC7A41-CA24-4BF2-89D4-7E7E33BBB8AC}.Debug|Any CPU.Build.0 = Debug|Any CPU
		{E3DC7A41-CA24-4BF2-89D4-7E7E33BBB8AC}.Release|Any CPU.ActiveCfg = Release|Any CPU
		{E3DC7A41-CA24-4BF2-89D4-7E7E33BBB8AC}.Release|Any CPU.Build.0 = Release|Any CPU
		{8E2BF4A9-FC55-4571-AD5B-BCA7458865C8}.Debug|Any CPU.ActiveCfg = Debug|Any CPU
		{8E2BF4A9-FC55-4571-AD5B-BCA7458865C8}.Debug|Any CPU.Build.0 = Debug|Any CPU
		{8E2BF4A9-FC55-4571-AD5B-BCA7458865C8}.Release|Any CPU.ActiveCfg = Release|Any CPU
		{8E2BF4A9-FC55-4571-AD5B-BCA7458865C8}.Release|Any CPU.Build.0 = Release|Any CPU
		{AEF6DD36-1D87-4473-9513-D5E41F3C1E45}.Debug|Any CPU.ActiveCfg = Debug|Any CPU
		{AEF6DD36-1D87-4473-9513-D5E41F3C1E45}.Debug|Any CPU.Build.0 = Debug|Any CPU
		{AEF6DD36-1D87-4473-9513-D5E41F3C1E45}.Release|Any CPU.ActiveCfg = Release|Any CPU
		{AEF6DD36-1D87-4473-9513-D5E41F3C1E45}.Release|Any CPU.Build.0 = Release|Any CPU
		{85D8F1C3-9B74-4834-8782-0DDDD755EF2E}.Debug|Any CPU.ActiveCfg = Debug|Any CPU
		{85D8F1C3-9B74-4834-8782-0DDDD755EF2E}.Debug|Any CPU.Build.0 = Debug|Any CPU
		{85D8F1C3-9B74-4834-8782-0DDDD755EF2E}.Release|Any CPU.ActiveCfg = Release|Any CPU
		{85D8F1C3-9B74-4834-8782-0DDDD755EF2E}.Release|Any CPU.Build.0 = Release|Any CPU
		{CA803A5E-AB72-4A61-AFC7-7A8CB520ABA9}.Debug|Any CPU.ActiveCfg = Debug|Any CPU
		{CA803A5E-AB72-4A61-AFC7-7A8CB520ABA9}.Debug|Any CPU.Build.0 = Debug|Any CPU
		{CA803A5E-AB72-4A61-AFC7-7A8CB520ABA9}.Release|Any CPU.ActiveCfg = Release|Any CPU
		{CA803A5E-AB72-4A61-AFC7-7A8CB520ABA9}.Release|Any CPU.Build.0 = Release|Any CPU
		{5A9EDE3D-242A-48D5-A481-0833853764F7}.Debug|Any CPU.ActiveCfg = Debug|Any CPU
		{5A9EDE3D-242A-48D5-A481-0833853764F7}.Debug|Any CPU.Build.0 = Debug|Any CPU
		{5A9EDE3D-242A-48D5-A481-0833853764F7}.Release|Any CPU.ActiveCfg = Release|Any CPU
		{5A9EDE3D-242A-48D5-A481-0833853764F7}.Release|Any CPU.Build.0 = Release|Any CPU
		{A5485EC3-BB8A-490A-80E5-FBDA345D67AA}.Debug|Any CPU.ActiveCfg = Debug|Any CPU
		{A5485EC3-BB8A-490A-80E5-FBDA345D67AA}.Debug|Any CPU.Build.0 = Debug|Any CPU
		{A5485EC3-BB8A-490A-80E5-FBDA345D67AA}.Release|Any CPU.ActiveCfg = Release|Any CPU
		{A5485EC3-BB8A-490A-80E5-FBDA345D67AA}.Release|Any CPU.Build.0 = Release|Any CPU
		{1E658A9E-1993-4563-AAB0-89A1B83D408F}.Debug|Any CPU.ActiveCfg = Debug|Any CPU
		{1E658A9E-1993-4563-AAB0-89A1B83D408F}.Debug|Any CPU.Build.0 = Debug|Any CPU
		{1E658A9E-1993-4563-AAB0-89A1B83D408F}.Release|Any CPU.ActiveCfg = Release|Any CPU
		{1E658A9E-1993-4563-AAB0-89A1B83D408F}.Release|Any CPU.Build.0 = Release|Any CPU
		{B7B8A3F3-9DA3-4547-82FB-292DF20760B5}.Debug|Any CPU.ActiveCfg = Debug|Any CPU
		{B7B8A3F3-9DA3-4547-82FB-292DF20760B5}.Debug|Any CPU.Build.0 = Debug|Any CPU
		{B7B8A3F3-9DA3-4547-82FB-292DF20760B5}.Release|Any CPU.ActiveCfg = Release|Any CPU
		{B7B8A3F3-9DA3-4547-82FB-292DF20760B5}.Release|Any CPU.Build.0 = Release|Any CPU
		{A27FD52C-5718-4C2F-B257-B6F3E180C56F}.Debug|Any CPU.ActiveCfg = Debug|Any CPU
		{A27FD52C-5718-4C2F-B257-B6F3E180C56F}.Debug|Any CPU.Build.0 = Debug|Any CPU
		{A27FD52C-5718-4C2F-B257-B6F3E180C56F}.Release|Any CPU.ActiveCfg = Release|Any CPU
		{A27FD52C-5718-4C2F-B257-B6F3E180C56F}.Release|Any CPU.Build.0 = Release|Any CPU
		{7A75AB31-522C-4B02-AD7F-207297885507}.Debug|Any CPU.ActiveCfg = Debug|Any CPU
		{7A75AB31-522C-4B02-AD7F-207297885507}.Debug|Any CPU.Build.0 = Debug|Any CPU
		{7A75AB31-522C-4B02-AD7F-207297885507}.Release|Any CPU.ActiveCfg = Release|Any CPU
		{7A75AB31-522C-4B02-AD7F-207297885507}.Release|Any CPU.Build.0 = Release|Any CPU
		{5C290E55-D8F4-4AE2-A2BC-71EBB0554F91}.Debug|Any CPU.ActiveCfg = Debug|Any CPU
		{5C290E55-D8F4-4AE2-A2BC-71EBB0554F91}.Debug|Any CPU.Build.0 = Debug|Any CPU
		{5C290E55-D8F4-4AE2-A2BC-71EBB0554F91}.Release|Any CPU.ActiveCfg = Release|Any CPU
		{5C290E55-D8F4-4AE2-A2BC-71EBB0554F91}.Release|Any CPU.Build.0 = Release|Any CPU
		{EBAF56B4-78D7-4D16-815D-AF0F747BED17}.Debug|Any CPU.ActiveCfg = Debug|Any CPU
		{EBAF56B4-78D7-4D16-815D-AF0F747BED17}.Debug|Any CPU.Build.0 = Debug|Any CPU
		{EBAF56B4-78D7-4D16-815D-AF0F747BED17}.Release|Any CPU.ActiveCfg = Release|Any CPU
		{EBAF56B4-78D7-4D16-815D-AF0F747BED17}.Release|Any CPU.Build.0 = Release|Any CPU
		{D67C7CD0-4E95-4E97-B870-1D1CF9F75545}.Debug|Any CPU.ActiveCfg = Debug|Any CPU
		{D67C7CD0-4E95-4E97-B870-1D1CF9F75545}.Debug|Any CPU.Build.0 = Debug|Any CPU
		{D67C7CD0-4E95-4E97-B870-1D1CF9F75545}.Release|Any CPU.ActiveCfg = Release|Any CPU
		{D67C7CD0-4E95-4E97-B870-1D1CF9F75545}.Release|Any CPU.Build.0 = Release|Any CPU
		{133965D6-1E2E-4DFE-9CCB-24F5AF66C70E}.Debug|Any CPU.ActiveCfg = Debug|Any CPU
		{133965D6-1E2E-4DFE-9CCB-24F5AF66C70E}.Debug|Any CPU.Build.0 = Debug|Any CPU
		{133965D6-1E2E-4DFE-9CCB-24F5AF66C70E}.Release|Any CPU.ActiveCfg = Release|Any CPU
		{133965D6-1E2E-4DFE-9CCB-24F5AF66C70E}.Release|Any CPU.Build.0 = Release|Any CPU
		{D19A5BC8-9E15-468B-9CC8-CFE4201EF660}.Debug|Any CPU.ActiveCfg = Debug|Any CPU
		{D19A5BC8-9E15-468B-9CC8-CFE4201EF660}.Debug|Any CPU.Build.0 = Debug|Any CPU
		{D19A5BC8-9E15-468B-9CC8-CFE4201EF660}.Release|Any CPU.ActiveCfg = Release|Any CPU
		{D19A5BC8-9E15-468B-9CC8-CFE4201EF660}.Release|Any CPU.Build.0 = Release|Any CPU
		{59B453D0-81C0-4787-9ECE-D852C9CD66A0}.Debug|Any CPU.ActiveCfg = Debug|Any CPU
		{59B453D0-81C0-4787-9ECE-D852C9CD66A0}.Debug|Any CPU.Build.0 = Debug|Any CPU
		{59B453D0-81C0-4787-9ECE-D852C9CD66A0}.Release|Any CPU.ActiveCfg = Release|Any CPU
		{59B453D0-81C0-4787-9ECE-D852C9CD66A0}.Release|Any CPU.Build.0 = Release|Any CPU
		{92BB12E4-ECEB-49C1-8009-517A4203D53F}.Debug|Any CPU.ActiveCfg = Debug|Any CPU
		{92BB12E4-ECEB-49C1-8009-517A4203D53F}.Debug|Any CPU.Build.0 = Debug|Any CPU
		{92BB12E4-ECEB-49C1-8009-517A4203D53F}.Release|Any CPU.ActiveCfg = Release|Any CPU
		{92BB12E4-ECEB-49C1-8009-517A4203D53F}.Release|Any CPU.Build.0 = Release|Any CPU
		{7377C762-7CD4-48E1-A5EB-344C72E80FF5}.Debug|Any CPU.ActiveCfg = Debug|Any CPU
		{7377C762-7CD4-48E1-A5EB-344C72E80FF5}.Debug|Any CPU.Build.0 = Debug|Any CPU
		{7377C762-7CD4-48E1-A5EB-344C72E80FF5}.Release|Any CPU.ActiveCfg = Release|Any CPU
		{7377C762-7CD4-48E1-A5EB-344C72E80FF5}.Release|Any CPU.Build.0 = Release|Any CPU
		{4A22104D-10A6-4B92-907C-20BC208DC14F}.Debug|Any CPU.ActiveCfg = Debug|Any CPU
		{4A22104D-10A6-4B92-907C-20BC208DC14F}.Debug|Any CPU.Build.0 = Debug|Any CPU
		{4A22104D-10A6-4B92-907C-20BC208DC14F}.Release|Any CPU.ActiveCfg = Release|Any CPU
		{4A22104D-10A6-4B92-907C-20BC208DC14F}.Release|Any CPU.Build.0 = Release|Any CPU
		{81EA4F9D-2A37-4B4C-A1F6-EF52C40E3B75}.Debug|Any CPU.ActiveCfg = Debug|Any CPU
		{81EA4F9D-2A37-4B4C-A1F6-EF52C40E3B75}.Debug|Any CPU.Build.0 = Debug|Any CPU
		{81EA4F9D-2A37-4B4C-A1F6-EF52C40E3B75}.Release|Any CPU.ActiveCfg = Release|Any CPU
		{81EA4F9D-2A37-4B4C-A1F6-EF52C40E3B75}.Release|Any CPU.Build.0 = Release|Any CPU
		{65157055-C800-4508-9704-C28BCC37E5FB}.Debug|Any CPU.ActiveCfg = Debug|Any CPU
		{65157055-C800-4508-9704-C28BCC37E5FB}.Debug|Any CPU.Build.0 = Debug|Any CPU
		{65157055-C800-4508-9704-C28BCC37E5FB}.Release|Any CPU.ActiveCfg = Release|Any CPU
		{65157055-C800-4508-9704-C28BCC37E5FB}.Release|Any CPU.Build.0 = Release|Any CPU
		{6AAEA402-23DB-4A1B-8827-363F4942F49F}.Debug|Any CPU.ActiveCfg = Debug|Any CPU
		{6AAEA402-23DB-4A1B-8827-363F4942F49F}.Debug|Any CPU.Build.0 = Debug|Any CPU
		{6AAEA402-23DB-4A1B-8827-363F4942F49F}.Release|Any CPU.ActiveCfg = Release|Any CPU
		{6AAEA402-23DB-4A1B-8827-363F4942F49F}.Release|Any CPU.Build.0 = Release|Any CPU
		{89F0350C-8025-41D9-A3E1-7D08A9025442}.Debug|Any CPU.ActiveCfg = Debug|Any CPU
		{89F0350C-8025-41D9-A3E1-7D08A9025442}.Debug|Any CPU.Build.0 = Debug|Any CPU
		{89F0350C-8025-41D9-A3E1-7D08A9025442}.Release|Any CPU.ActiveCfg = Release|Any CPU
		{89F0350C-8025-41D9-A3E1-7D08A9025442}.Release|Any CPU.Build.0 = Release|Any CPU
		{F9437CAC-363E-4BED-8F7B-9B9A2BC614C4}.Debug|Any CPU.ActiveCfg = Debug|Any CPU
		{F9437CAC-363E-4BED-8F7B-9B9A2BC614C4}.Debug|Any CPU.Build.0 = Debug|Any CPU
		{F9437CAC-363E-4BED-8F7B-9B9A2BC614C4}.Release|Any CPU.ActiveCfg = Release|Any CPU
		{F9437CAC-363E-4BED-8F7B-9B9A2BC614C4}.Release|Any CPU.Build.0 = Release|Any CPU
		{654C7CEA-DC03-465E-B763-01305374B7DE}.Debug|Any CPU.ActiveCfg = Debug|Any CPU
		{654C7CEA-DC03-465E-B763-01305374B7DE}.Debug|Any CPU.Build.0 = Debug|Any CPU
		{654C7CEA-DC03-465E-B763-01305374B7DE}.Release|Any CPU.ActiveCfg = Release|Any CPU
		{654C7CEA-DC03-465E-B763-01305374B7DE}.Release|Any CPU.Build.0 = Release|Any CPU
		{C7F59F04-28F3-43C9-BAF4-AE4CB35A3EDD}.Debug|Any CPU.ActiveCfg = Debug|Any CPU
		{C7F59F04-28F3-43C9-BAF4-AE4CB35A3EDD}.Debug|Any CPU.Build.0 = Debug|Any CPU
		{C7F59F04-28F3-43C9-BAF4-AE4CB35A3EDD}.Release|Any CPU.ActiveCfg = Release|Any CPU
		{C7F59F04-28F3-43C9-BAF4-AE4CB35A3EDD}.Release|Any CPU.Build.0 = Release|Any CPU
		{B88AF471-CEAE-421A-B2EF-380045BE097C}.Debug|Any CPU.ActiveCfg = Debug|Any CPU
		{B88AF471-CEAE-421A-B2EF-380045BE097C}.Debug|Any CPU.Build.0 = Debug|Any CPU
		{B88AF471-CEAE-421A-B2EF-380045BE097C}.Release|Any CPU.ActiveCfg = Release|Any CPU
		{B88AF471-CEAE-421A-B2EF-380045BE097C}.Release|Any CPU.Build.0 = Release|Any CPU
		{ACDA7CA2-D832-4033-8442-892A5DF47631}.Debug|Any CPU.ActiveCfg = Debug|Any CPU
		{ACDA7CA2-D832-4033-8442-892A5DF47631}.Debug|Any CPU.Build.0 = Debug|Any CPU
		{ACDA7CA2-D832-4033-8442-892A5DF47631}.Release|Any CPU.ActiveCfg = Release|Any CPU
		{ACDA7CA2-D832-4033-8442-892A5DF47631}.Release|Any CPU.Build.0 = Release|Any CPU
		{13BD9C1D-51A8-4D93-B1A7-63197A02BAB7}.Debug|Any CPU.ActiveCfg = Debug|Any CPU
		{13BD9C1D-51A8-4D93-B1A7-63197A02BAB7}.Debug|Any CPU.Build.0 = Debug|Any CPU
		{13BD9C1D-51A8-4D93-B1A7-63197A02BAB7}.Release|Any CPU.ActiveCfg = Release|Any CPU
		{13BD9C1D-51A8-4D93-B1A7-63197A02BAB7}.Release|Any CPU.Build.0 = Release|Any CPU
		{83FDC164-51F5-4FC2-9718-E161C6FC124E}.Debug|Any CPU.ActiveCfg = Debug|Any CPU
		{83FDC164-51F5-4FC2-9718-E161C6FC124E}.Debug|Any CPU.Build.0 = Debug|Any CPU
		{83FDC164-51F5-4FC2-9718-E161C6FC124E}.Release|Any CPU.ActiveCfg = Release|Any CPU
		{83FDC164-51F5-4FC2-9718-E161C6FC124E}.Release|Any CPU.Build.0 = Release|Any CPU
		{D7EA7219-543F-4568-BA2D-401A01F637B1}.Debug|Any CPU.ActiveCfg = Debug|Any CPU
		{D7EA7219-543F-4568-BA2D-401A01F637B1}.Debug|Any CPU.Build.0 = Debug|Any CPU
		{D7EA7219-543F-4568-BA2D-401A01F637B1}.Release|Any CPU.ActiveCfg = Release|Any CPU
		{D7EA7219-543F-4568-BA2D-401A01F637B1}.Release|Any CPU.Build.0 = Release|Any CPU
		{AF3E6AE5-7976-495E-B1C3-0B5D22515BAB}.Debug|Any CPU.ActiveCfg = Debug|Any CPU
		{AF3E6AE5-7976-495E-B1C3-0B5D22515BAB}.Debug|Any CPU.Build.0 = Debug|Any CPU
		{AF3E6AE5-7976-495E-B1C3-0B5D22515BAB}.Release|Any CPU.ActiveCfg = Release|Any CPU
		{AF3E6AE5-7976-495E-B1C3-0B5D22515BAB}.Release|Any CPU.Build.0 = Release|Any CPU
		{C59617B1-42E4-44E2-B867-104533C2D6D8}.Debug|Any CPU.ActiveCfg = Debug|Any CPU
		{C59617B1-42E4-44E2-B867-104533C2D6D8}.Debug|Any CPU.Build.0 = Debug|Any CPU
		{C59617B1-42E4-44E2-B867-104533C2D6D8}.Release|Any CPU.ActiveCfg = Release|Any CPU
		{C59617B1-42E4-44E2-B867-104533C2D6D8}.Release|Any CPU.Build.0 = Release|Any CPU
		{6FBC3D44-1B75-4DE0-A086-2A706CE606A7}.Debug|Any CPU.ActiveCfg = Debug|Any CPU
		{6FBC3D44-1B75-4DE0-A086-2A706CE606A7}.Debug|Any CPU.Build.0 = Debug|Any CPU
		{6FBC3D44-1B75-4DE0-A086-2A706CE606A7}.Release|Any CPU.ActiveCfg = Release|Any CPU
		{6FBC3D44-1B75-4DE0-A086-2A706CE606A7}.Release|Any CPU.Build.0 = Release|Any CPU
		{ED7BA79B-39EA-47FF-B189-D2E50D5D8252}.Debug|Any CPU.ActiveCfg = Debug|Any CPU
		{ED7BA79B-39EA-47FF-B189-D2E50D5D8252}.Debug|Any CPU.Build.0 = Debug|Any CPU
		{ED7BA79B-39EA-47FF-B189-D2E50D5D8252}.Release|Any CPU.ActiveCfg = Release|Any CPU
		{ED7BA79B-39EA-47FF-B189-D2E50D5D8252}.Release|Any CPU.Build.0 = Release|Any CPU
		{1EE18FF3-7F0F-45A9-9EE1-B1EDAEE2F919}.Debug|Any CPU.ActiveCfg = Debug|Any CPU
		{1EE18FF3-7F0F-45A9-9EE1-B1EDAEE2F919}.Debug|Any CPU.Build.0 = Debug|Any CPU
		{1EE18FF3-7F0F-45A9-9EE1-B1EDAEE2F919}.Release|Any CPU.ActiveCfg = Release|Any CPU
		{1EE18FF3-7F0F-45A9-9EE1-B1EDAEE2F919}.Release|Any CPU.Build.0 = Release|Any CPU
		{2A4C3103-4004-429A-8540-9DA2CF371343}.Debug|Any CPU.ActiveCfg = Debug|Any CPU
		{2A4C3103-4004-429A-8540-9DA2CF371343}.Debug|Any CPU.Build.0 = Debug|Any CPU
		{2A4C3103-4004-429A-8540-9DA2CF371343}.Release|Any CPU.ActiveCfg = Release|Any CPU
		{2A4C3103-4004-429A-8540-9DA2CF371343}.Release|Any CPU.Build.0 = Release|Any CPU
		{D6E7C445-BA5A-4E26-BAC3-3E79AFD92C13}.Debug|Any CPU.ActiveCfg = Debug|Any CPU
		{D6E7C445-BA5A-4E26-BAC3-3E79AFD92C13}.Debug|Any CPU.Build.0 = Debug|Any CPU
		{D6E7C445-BA5A-4E26-BAC3-3E79AFD92C13}.Release|Any CPU.ActiveCfg = Release|Any CPU
		{D6E7C445-BA5A-4E26-BAC3-3E79AFD92C13}.Release|Any CPU.Build.0 = Release|Any CPU
		{12D0F702-DD53-4A01-9A1C-59B5F60DF638}.Debug|Any CPU.ActiveCfg = Debug|Any CPU
		{12D0F702-DD53-4A01-9A1C-59B5F60DF638}.Debug|Any CPU.Build.0 = Debug|Any CPU
		{12D0F702-DD53-4A01-9A1C-59B5F60DF638}.Release|Any CPU.ActiveCfg = Release|Any CPU
		{12D0F702-DD53-4A01-9A1C-59B5F60DF638}.Release|Any CPU.Build.0 = Release|Any CPU
		{E732BD36-EE48-4E5F-AB83-5836DE61AC6E}.Debug|Any CPU.ActiveCfg = Debug|Any CPU
		{E732BD36-EE48-4E5F-AB83-5836DE61AC6E}.Debug|Any CPU.Build.0 = Debug|Any CPU
		{E732BD36-EE48-4E5F-AB83-5836DE61AC6E}.Release|Any CPU.ActiveCfg = Release|Any CPU
		{E732BD36-EE48-4E5F-AB83-5836DE61AC6E}.Release|Any CPU.Build.0 = Release|Any CPU
		{FA529CCD-3DD3-4608-946B-BF05F3382CEE}.Debug|Any CPU.ActiveCfg = Debug|Any CPU
		{FA529CCD-3DD3-4608-946B-BF05F3382CEE}.Debug|Any CPU.Build.0 = Debug|Any CPU
		{FA529CCD-3DD3-4608-946B-BF05F3382CEE}.Release|Any CPU.ActiveCfg = Release|Any CPU
		{FA529CCD-3DD3-4608-946B-BF05F3382CEE}.Release|Any CPU.Build.0 = Release|Any CPU
		{91E470A2-2BF1-4F24-8266-6420C69F5263}.Debug|Any CPU.ActiveCfg = Debug|Any CPU
		{91E470A2-2BF1-4F24-8266-6420C69F5263}.Debug|Any CPU.Build.0 = Debug|Any CPU
		{91E470A2-2BF1-4F24-8266-6420C69F5263}.Release|Any CPU.ActiveCfg = Release|Any CPU
		{91E470A2-2BF1-4F24-8266-6420C69F5263}.Release|Any CPU.Build.0 = Release|Any CPU
		{CF8DA54F-74C3-46B8-9D6B-B0EB0982C1DE}.Debug|Any CPU.ActiveCfg = Debug|Any CPU
		{CF8DA54F-74C3-46B8-9D6B-B0EB0982C1DE}.Debug|Any CPU.Build.0 = Debug|Any CPU
		{CF8DA54F-74C3-46B8-9D6B-B0EB0982C1DE}.Release|Any CPU.ActiveCfg = Release|Any CPU
		{CF8DA54F-74C3-46B8-9D6B-B0EB0982C1DE}.Release|Any CPU.Build.0 = Release|Any CPU
		{4D2153D4-C665-46DE-9336-C87E486C5DF0}.Debug|Any CPU.ActiveCfg = Debug|Any CPU
		{4D2153D4-C665-46DE-9336-C87E486C5DF0}.Debug|Any CPU.Build.0 = Debug|Any CPU
		{4D2153D4-C665-46DE-9336-C87E486C5DF0}.Release|Any CPU.ActiveCfg = Release|Any CPU
		{4D2153D4-C665-46DE-9336-C87E486C5DF0}.Release|Any CPU.Build.0 = Release|Any CPU
		{951F983E-7CE4-4D56-B796-2EDCC1821DB6}.Debug|Any CPU.ActiveCfg = Debug|Any CPU
		{951F983E-7CE4-4D56-B796-2EDCC1821DB6}.Debug|Any CPU.Build.0 = Debug|Any CPU
		{951F983E-7CE4-4D56-B796-2EDCC1821DB6}.Release|Any CPU.ActiveCfg = Release|Any CPU
		{951F983E-7CE4-4D56-B796-2EDCC1821DB6}.Release|Any CPU.Build.0 = Release|Any CPU
		{B75EB3A9-136A-41A7-AC33-C3012BB4E864}.Debug|Any CPU.ActiveCfg = Debug|Any CPU
		{B75EB3A9-136A-41A7-AC33-C3012BB4E864}.Debug|Any CPU.Build.0 = Debug|Any CPU
		{B75EB3A9-136A-41A7-AC33-C3012BB4E864}.Release|Any CPU.ActiveCfg = Release|Any CPU
		{B75EB3A9-136A-41A7-AC33-C3012BB4E864}.Release|Any CPU.Build.0 = Release|Any CPU
		{A556A9FD-036D-4AF8-AB5F-34853F5E54E9}.Debug|Any CPU.ActiveCfg = Debug|Any CPU
		{A556A9FD-036D-4AF8-AB5F-34853F5E54E9}.Debug|Any CPU.Build.0 = Debug|Any CPU
		{A556A9FD-036D-4AF8-AB5F-34853F5E54E9}.Release|Any CPU.ActiveCfg = Release|Any CPU
		{A556A9FD-036D-4AF8-AB5F-34853F5E54E9}.Release|Any CPU.Build.0 = Release|Any CPU
		{7759F08D-E5F2-42FA-8781-8E5145DD5C98}.Debug|Any CPU.ActiveCfg = Debug|Any CPU
		{7759F08D-E5F2-42FA-8781-8E5145DD5C98}.Debug|Any CPU.Build.0 = Debug|Any CPU
		{7759F08D-E5F2-42FA-8781-8E5145DD5C98}.Release|Any CPU.ActiveCfg = Release|Any CPU
		{7759F08D-E5F2-42FA-8781-8E5145DD5C98}.Release|Any CPU.Build.0 = Release|Any CPU
		{F75B96D1-4494-44C1-A130-7B6D46D30A05}.Debug|Any CPU.ActiveCfg = Debug|Any CPU
		{F75B96D1-4494-44C1-A130-7B6D46D30A05}.Debug|Any CPU.Build.0 = Debug|Any CPU
		{F75B96D1-4494-44C1-A130-7B6D46D30A05}.Release|Any CPU.ActiveCfg = Release|Any CPU
		{F75B96D1-4494-44C1-A130-7B6D46D30A05}.Release|Any CPU.Build.0 = Release|Any CPU
		{2EABF84D-4369-4E63-A160-E79ABBD6D7FA}.Debug|Any CPU.ActiveCfg = Debug|Any CPU
		{2EABF84D-4369-4E63-A160-E79ABBD6D7FA}.Debug|Any CPU.Build.0 = Debug|Any CPU
		{2EABF84D-4369-4E63-A160-E79ABBD6D7FA}.Release|Any CPU.ActiveCfg = Release|Any CPU
		{2EABF84D-4369-4E63-A160-E79ABBD6D7FA}.Release|Any CPU.Build.0 = Release|Any CPU
		{7121FF80-C8D9-4FD0-A79A-B91F7B7DCA39}.Debug|Any CPU.ActiveCfg = Debug|Any CPU
		{7121FF80-C8D9-4FD0-A79A-B91F7B7DCA39}.Debug|Any CPU.Build.0 = Debug|Any CPU
		{7121FF80-C8D9-4FD0-A79A-B91F7B7DCA39}.Release|Any CPU.ActiveCfg = Release|Any CPU
		{7121FF80-C8D9-4FD0-A79A-B91F7B7DCA39}.Release|Any CPU.Build.0 = Release|Any CPU
		{BC14C4A2-41F8-4FC6-8CA3-C0795C712DAB}.Debug|Any CPU.ActiveCfg = Debug|Any CPU
		{BC14C4A2-41F8-4FC6-8CA3-C0795C712DAB}.Debug|Any CPU.Build.0 = Debug|Any CPU
		{BC14C4A2-41F8-4FC6-8CA3-C0795C712DAB}.Release|Any CPU.ActiveCfg = Release|Any CPU
		{BC14C4A2-41F8-4FC6-8CA3-C0795C712DAB}.Release|Any CPU.Build.0 = Release|Any CPU
		{5B046F56-B10A-4141-96CB-655B8573DE77}.Debug|Any CPU.ActiveCfg = Debug|Any CPU
		{5B046F56-B10A-4141-96CB-655B8573DE77}.Debug|Any CPU.Build.0 = Debug|Any CPU
		{5B046F56-B10A-4141-96CB-655B8573DE77}.Release|Any CPU.ActiveCfg = Release|Any CPU
		{5B046F56-B10A-4141-96CB-655B8573DE77}.Release|Any CPU.Build.0 = Release|Any CPU
		{5217E73B-D17E-4E9C-9CDE-ACFF9F6DF75A}.Debug|Any CPU.ActiveCfg = Debug|Any CPU
		{5217E73B-D17E-4E9C-9CDE-ACFF9F6DF75A}.Debug|Any CPU.Build.0 = Debug|Any CPU
		{5217E73B-D17E-4E9C-9CDE-ACFF9F6DF75A}.Release|Any CPU.ActiveCfg = Release|Any CPU
		{5217E73B-D17E-4E9C-9CDE-ACFF9F6DF75A}.Release|Any CPU.Build.0 = Release|Any CPU
		{63EA2C00-9A26-4AAF-926D-4849F2BFD0A3}.Debug|Any CPU.ActiveCfg = Debug|Any CPU
		{63EA2C00-9A26-4AAF-926D-4849F2BFD0A3}.Debug|Any CPU.Build.0 = Debug|Any CPU
		{63EA2C00-9A26-4AAF-926D-4849F2BFD0A3}.Release|Any CPU.ActiveCfg = Release|Any CPU
		{63EA2C00-9A26-4AAF-926D-4849F2BFD0A3}.Release|Any CPU.Build.0 = Release|Any CPU
		{83F173F5-9749-43B4-AAAE-968835FE53D0}.Debug|Any CPU.ActiveCfg = Debug|Any CPU
		{83F173F5-9749-43B4-AAAE-968835FE53D0}.Debug|Any CPU.Build.0 = Debug|Any CPU
		{83F173F5-9749-43B4-AAAE-968835FE53D0}.Release|Any CPU.ActiveCfg = Release|Any CPU
		{83F173F5-9749-43B4-AAAE-968835FE53D0}.Release|Any CPU.Build.0 = Release|Any CPU
		{BD0D6922-A73E-4DE8-9773-8AE1731AEE27}.Debug|Any CPU.ActiveCfg = Debug|Any CPU
		{BD0D6922-A73E-4DE8-9773-8AE1731AEE27}.Debug|Any CPU.Build.0 = Debug|Any CPU
		{BD0D6922-A73E-4DE8-9773-8AE1731AEE27}.Release|Any CPU.ActiveCfg = Release|Any CPU
		{BD0D6922-A73E-4DE8-9773-8AE1731AEE27}.Release|Any CPU.Build.0 = Release|Any CPU
		{26B0F29F-562C-4FE5-99D8-3A09582E705B}.Debug|Any CPU.ActiveCfg = Debug|Any CPU
		{26B0F29F-562C-4FE5-99D8-3A09582E705B}.Debug|Any CPU.Build.0 = Debug|Any CPU
		{26B0F29F-562C-4FE5-99D8-3A09582E705B}.Release|Any CPU.ActiveCfg = Release|Any CPU
		{26B0F29F-562C-4FE5-99D8-3A09582E705B}.Release|Any CPU.Build.0 = Release|Any CPU
		{24F56B01-04F3-407F-BA0B-560A9DEEE17E}.Debug|Any CPU.ActiveCfg = Debug|Any CPU
		{24F56B01-04F3-407F-BA0B-560A9DEEE17E}.Debug|Any CPU.Build.0 = Debug|Any CPU
		{24F56B01-04F3-407F-BA0B-560A9DEEE17E}.Release|Any CPU.ActiveCfg = Release|Any CPU
		{24F56B01-04F3-407F-BA0B-560A9DEEE17E}.Release|Any CPU.Build.0 = Release|Any CPU
		{5694BE54-AF3B-4448-9DDB-5B6AB0C5BC0B}.Debug|Any CPU.ActiveCfg = Debug|Any CPU
		{5694BE54-AF3B-4448-9DDB-5B6AB0C5BC0B}.Debug|Any CPU.Build.0 = Debug|Any CPU
		{5694BE54-AF3B-4448-9DDB-5B6AB0C5BC0B}.Release|Any CPU.ActiveCfg = Release|Any CPU
		{5694BE54-AF3B-4448-9DDB-5B6AB0C5BC0B}.Release|Any CPU.Build.0 = Release|Any CPU
		{77BE078F-C4F2-4AE0-9B05-604242BCE88B}.Debug|Any CPU.ActiveCfg = Debug|Any CPU
		{77BE078F-C4F2-4AE0-9B05-604242BCE88B}.Debug|Any CPU.Build.0 = Debug|Any CPU
		{77BE078F-C4F2-4AE0-9B05-604242BCE88B}.Release|Any CPU.ActiveCfg = Release|Any CPU
		{77BE078F-C4F2-4AE0-9B05-604242BCE88B}.Release|Any CPU.Build.0 = Release|Any CPU
		{92B38098-F2D2-4B69-8F42-A8332BBAFDF0}.Debug|Any CPU.ActiveCfg = Debug|Any CPU
		{92B38098-F2D2-4B69-8F42-A8332BBAFDF0}.Debug|Any CPU.Build.0 = Debug|Any CPU
		{92B38098-F2D2-4B69-8F42-A8332BBAFDF0}.Release|Any CPU.ActiveCfg = Release|Any CPU
		{92B38098-F2D2-4B69-8F42-A8332BBAFDF0}.Release|Any CPU.Build.0 = Release|Any CPU
		{120BE589-89F6-4FD6-A7B8-7DBF430595DB}.Debug|Any CPU.ActiveCfg = Debug|Any CPU
		{120BE589-89F6-4FD6-A7B8-7DBF430595DB}.Debug|Any CPU.Build.0 = Debug|Any CPU
		{120BE589-89F6-4FD6-A7B8-7DBF430595DB}.Release|Any CPU.ActiveCfg = Release|Any CPU
		{120BE589-89F6-4FD6-A7B8-7DBF430595DB}.Release|Any CPU.Build.0 = Release|Any CPU
		{875E5E79-2E72-41DA-8DC2-3BBD0C1853AF}.Debug|Any CPU.ActiveCfg = Debug|Any CPU
		{875E5E79-2E72-41DA-8DC2-3BBD0C1853AF}.Debug|Any CPU.Build.0 = Debug|Any CPU
		{875E5E79-2E72-41DA-8DC2-3BBD0C1853AF}.Release|Any CPU.ActiveCfg = Release|Any CPU
		{875E5E79-2E72-41DA-8DC2-3BBD0C1853AF}.Release|Any CPU.Build.0 = Release|Any CPU
		{343E095D-3358-0944-2903-FEF2F90A941A}.Debug|Any CPU.ActiveCfg = Debug|Any CPU
		{343E095D-3358-0944-2903-FEF2F90A941A}.Debug|Any CPU.Build.0 = Debug|Any CPU
		{343E095D-3358-0944-2903-FEF2F90A941A}.Release|Any CPU.ActiveCfg = Release|Any CPU
		{343E095D-3358-0944-2903-FEF2F90A941A}.Release|Any CPU.Build.0 = Release|Any CPU
		{3D102FCD-F810-8622-7CE1-55DA7664697A}.Debug|Any CPU.ActiveCfg = Debug|Any CPU
		{3D102FCD-F810-8622-7CE1-55DA7664697A}.Debug|Any CPU.Build.0 = Debug|Any CPU
		{3D102FCD-F810-8622-7CE1-55DA7664697A}.Release|Any CPU.ActiveCfg = Release|Any CPU
		{3D102FCD-F810-8622-7CE1-55DA7664697A}.Release|Any CPU.Build.0 = Release|Any CPU
		{A033B4EA-AE4D-88C1-6B8D-545663C938E0}.Debug|Any CPU.ActiveCfg = Debug|Any CPU
		{A033B4EA-AE4D-88C1-6B8D-545663C938E0}.Debug|Any CPU.Build.0 = Debug|Any CPU
		{A033B4EA-AE4D-88C1-6B8D-545663C938E0}.Release|Any CPU.ActiveCfg = Release|Any CPU
		{A033B4EA-AE4D-88C1-6B8D-545663C938E0}.Release|Any CPU.Build.0 = Release|Any CPU
		{74FF7015-F0AC-D2F7-0284-A8FD67F7235E}.Debug|Any CPU.ActiveCfg = Debug|Any CPU
		{74FF7015-F0AC-D2F7-0284-A8FD67F7235E}.Debug|Any CPU.Build.0 = Debug|Any CPU
		{74FF7015-F0AC-D2F7-0284-A8FD67F7235E}.Release|Any CPU.ActiveCfg = Release|Any CPU
		{74FF7015-F0AC-D2F7-0284-A8FD67F7235E}.Release|Any CPU.Build.0 = Release|Any CPU
		{67E3548E-CDBA-EB38-03CB-11A8F222A24D}.Debug|Any CPU.ActiveCfg = Debug|Any CPU
		{67E3548E-CDBA-EB38-03CB-11A8F222A24D}.Debug|Any CPU.Build.0 = Debug|Any CPU
		{67E3548E-CDBA-EB38-03CB-11A8F222A24D}.Release|Any CPU.ActiveCfg = Release|Any CPU
		{67E3548E-CDBA-EB38-03CB-11A8F222A24D}.Release|Any CPU.Build.0 = Release|Any CPU
		{90B01879-1C06-23DF-B9A1-F3803116EF4C}.Debug|Any CPU.ActiveCfg = Debug|Any CPU
		{90B01879-1C06-23DF-B9A1-F3803116EF4C}.Debug|Any CPU.Build.0 = Debug|Any CPU
		{90B01879-1C06-23DF-B9A1-F3803116EF4C}.Release|Any CPU.ActiveCfg = Release|Any CPU
		{90B01879-1C06-23DF-B9A1-F3803116EF4C}.Release|Any CPU.Build.0 = Release|Any CPU
		{E1585162-54D9-B8FA-15E5-90F8B366CD94}.Debug|Any CPU.ActiveCfg = Debug|Any CPU
		{E1585162-54D9-B8FA-15E5-90F8B366CD94}.Debug|Any CPU.Build.0 = Debug|Any CPU
		{E1585162-54D9-B8FA-15E5-90F8B366CD94}.Release|Any CPU.ActiveCfg = Release|Any CPU
		{E1585162-54D9-B8FA-15E5-90F8B366CD94}.Release|Any CPU.Build.0 = Release|Any CPU
		{38BDEE29-D887-E8C0-CF25-4E27DA51F277}.Debug|Any CPU.ActiveCfg = Debug|Any CPU
		{38BDEE29-D887-E8C0-CF25-4E27DA51F277}.Debug|Any CPU.Build.0 = Debug|Any CPU
		{38BDEE29-D887-E8C0-CF25-4E27DA51F277}.Release|Any CPU.ActiveCfg = Release|Any CPU
		{38BDEE29-D887-E8C0-CF25-4E27DA51F277}.Release|Any CPU.Build.0 = Release|Any CPU
		{4A89D256-009E-D230-B3E1-F0DF15E978F7}.Debug|Any CPU.ActiveCfg = Debug|Any CPU
		{4A89D256-009E-D230-B3E1-F0DF15E978F7}.Debug|Any CPU.Build.0 = Debug|Any CPU
		{4A89D256-009E-D230-B3E1-F0DF15E978F7}.Release|Any CPU.ActiveCfg = Release|Any CPU
		{4A89D256-009E-D230-B3E1-F0DF15E978F7}.Release|Any CPU.Build.0 = Release|Any CPU
	EndGlobalSection
	GlobalSection(SolutionProperties) = preSolution
		HideSolutionNode = FALSE
	EndGlobalSection
	GlobalSection(NestedProjects) = preSolution
		{EB1AC222-47CC-4D9B-ABC5-4ED8BE47B82A} = {28597BEF-6983-4377-A102-82F69FF978DE}
		{8FF18CDD-77D6-4A14-9ACC-3E2C8276BCD1} = {3E113198-90F6-4584-81A9-8CA2724455B2}
		{FA330227-E0D2-4423-BC72-D08F65FD466A} = {3E113198-90F6-4584-81A9-8CA2724455B2}
		{A42C48DE-44F6-4F82-B7F8-1ECA36C57156} = {3E113198-90F6-4584-81A9-8CA2724455B2}
		{3E645622-5D94-4110-BB50-2F60D7445DA5} = {3E113198-90F6-4584-81A9-8CA2724455B2}
		{C8E69834-E499-4434-B5A5-E916661806CE} = {3E113198-90F6-4584-81A9-8CA2724455B2}
		{89132F0C-9465-46D0-B4F8-BA5DE45A2F57} = {3E113198-90F6-4584-81A9-8CA2724455B2}
		{04F37601-454E-47CF-B626-B1465524AA87} = {3E113198-90F6-4584-81A9-8CA2724455B2}
		{1F856FC8-B753-4859-AB3C-F5C038BE82DB} = {3E113198-90F6-4584-81A9-8CA2724455B2}
		{0E11A35B-F605-43A1-99CA-2D03C3EFBD10} = {3E113198-90F6-4584-81A9-8CA2724455B2}
		{7746013C-5156-458F-B5D8-8D31D99290C7} = {3E113198-90F6-4584-81A9-8CA2724455B2}
		{EF58D9D9-1FF2-4D53-93E6-60BED58D16B8} = {3E113198-90F6-4584-81A9-8CA2724455B2}
		{BE04A0D0-38E4-4C6C-A10F-F5A7F19B0369} = {3E113198-90F6-4584-81A9-8CA2724455B2}
		{459D7307-B0A1-4A59-B1B4-C2728CDA9916} = {3E113198-90F6-4584-81A9-8CA2724455B2}
		{6E089C08-6C87-4225-9975-2907F7884777} = {3E113198-90F6-4584-81A9-8CA2724455B2}
		{39FFB63A-E5FC-41E4-A0E4-DBECC4645C16} = {C0A380CA-EF00-4F4C-946B-31BBB8FFD58E}
		{8B38C6EF-FFF0-43A6-8064-21F4D5ECDEBA} = {3E113198-90F6-4584-81A9-8CA2724455B2}
		{734F1ABD-69AF-4C1A-BC67-B9A4BE44CE8C} = {3E113198-90F6-4584-81A9-8CA2724455B2}
		{8C9798CF-23A5-44C6-AAF5-1660FDC7F531} = {CD19D46F-F1DB-461A-9814-C48D0161E7F1}
		{BE3B2C05-886C-4747-98FE-81B85170CC94} = {3E113198-90F6-4584-81A9-8CA2724455B2}
		{C099CF92-56EB-4857-967D-A472D6CB05EC} = {3E113198-90F6-4584-81A9-8CA2724455B2}
		{A903CEC6-816A-4870-882A-C77BD3BDC6E2} = {3E113198-90F6-4584-81A9-8CA2724455B2}
		{14A0B790-015C-465B-859F-C72D2B4E3D8F} = {3E113198-90F6-4584-81A9-8CA2724455B2}
		{73F10567-EA25-416F-8BD1-E3260A24CAFC} = {3E113198-90F6-4584-81A9-8CA2724455B2}
		{E3DC7A41-CA24-4BF2-89D4-7E7E33BBB8AC} = {3E113198-90F6-4584-81A9-8CA2724455B2}
		{85D8F1C3-9B74-4834-8782-0DDDD755EF2E} = {3E113198-90F6-4584-81A9-8CA2724455B2}
		{CA803A5E-AB72-4A61-AFC7-7A8CB520ABA9} = {3E113198-90F6-4584-81A9-8CA2724455B2}
		{5A9EDE3D-242A-48D5-A481-0833853764F7} = {28597BEF-6983-4377-A102-82F69FF978DE}
		{A5485EC3-BB8A-490A-80E5-FBDA345D67AA} = {28597BEF-6983-4377-A102-82F69FF978DE}
		{1E658A9E-1993-4563-AAB0-89A1B83D408F} = {3E113198-90F6-4584-81A9-8CA2724455B2}
		{B7B8A3F3-9DA3-4547-82FB-292DF20760B5} = {3E113198-90F6-4584-81A9-8CA2724455B2}
		{A27FD52C-5718-4C2F-B257-B6F3E180C56F} = {3E113198-90F6-4584-81A9-8CA2724455B2}
		{7A75AB31-522C-4B02-AD7F-207297885507} = {3E113198-90F6-4584-81A9-8CA2724455B2}
		{5C290E55-D8F4-4AE2-A2BC-71EBB0554F91} = {3E113198-90F6-4584-81A9-8CA2724455B2}
		{EBAF56B4-78D7-4D16-815D-AF0F747BED17} = {3E113198-90F6-4584-81A9-8CA2724455B2}
		{D67C7CD0-4E95-4E97-B870-1D1CF9F75545} = {3E113198-90F6-4584-81A9-8CA2724455B2}
		{133965D6-1E2E-4DFE-9CCB-24F5AF66C70E} = {28597BEF-6983-4377-A102-82F69FF978DE}
		{D19A5BC8-9E15-468B-9CC8-CFE4201EF660} = {28597BEF-6983-4377-A102-82F69FF978DE}
		{92BB12E4-ECEB-49C1-8009-517A4203D53F} = {CD19D46F-F1DB-461A-9814-C48D0161E7F1}
		{7377C762-7CD4-48E1-A5EB-344C72E80FF5} = {CD19D46F-F1DB-461A-9814-C48D0161E7F1}
		{4A22104D-10A6-4B92-907C-20BC208DC14F} = {3E113198-90F6-4584-81A9-8CA2724455B2}
		{81EA4F9D-2A37-4B4C-A1F6-EF52C40E3B75} = {28597BEF-6983-4377-A102-82F69FF978DE}
		{65157055-C800-4508-9704-C28BCC37E5FB} = {3E113198-90F6-4584-81A9-8CA2724455B2}
		{6AAEA402-23DB-4A1B-8827-363F4942F49F} = {3E113198-90F6-4584-81A9-8CA2724455B2}
		{89F0350C-8025-41D9-A3E1-7D08A9025442} = {3E113198-90F6-4584-81A9-8CA2724455B2}
		{F9437CAC-363E-4BED-8F7B-9B9A2BC614C4} = {3E113198-90F6-4584-81A9-8CA2724455B2}
		{654C7CEA-DC03-465E-B763-01305374B7DE} = {C0A380CA-EF00-4F4C-946B-31BBB8FFD58E}
		{C7F59F04-28F3-43C9-BAF4-AE4CB35A3EDD} = {28597BEF-6983-4377-A102-82F69FF978DE}
		{B88AF471-CEAE-421A-B2EF-380045BE097C} = {28597BEF-6983-4377-A102-82F69FF978DE}
		{ACDA7CA2-D832-4033-8442-892A5DF47631} = {3E113198-90F6-4584-81A9-8CA2724455B2}
		{13BD9C1D-51A8-4D93-B1A7-63197A02BAB7} = {3E113198-90F6-4584-81A9-8CA2724455B2}
		{83FDC164-51F5-4FC2-9718-E161C6FC124E} = {3E113198-90F6-4584-81A9-8CA2724455B2}
		{D7EA7219-543F-4568-BA2D-401A01F637B1} = {3E113198-90F6-4584-81A9-8CA2724455B2}
		{AF3E6AE5-7976-495E-B1C3-0B5D22515BAB} = {3E113198-90F6-4584-81A9-8CA2724455B2}
		{C59617B1-42E4-44E2-B867-104533C2D6D8} = {3E113198-90F6-4584-81A9-8CA2724455B2}
		{6FBC3D44-1B75-4DE0-A086-2A706CE606A7} = {3E113198-90F6-4584-81A9-8CA2724455B2}
		{ED7BA79B-39EA-47FF-B189-D2E50D5D8252} = {28597BEF-6983-4377-A102-82F69FF978DE}
		{1EE18FF3-7F0F-45A9-9EE1-B1EDAEE2F919} = {3E113198-90F6-4584-81A9-8CA2724455B2}
		{2A4C3103-4004-429A-8540-9DA2CF371343} = {CD19D46F-F1DB-461A-9814-C48D0161E7F1}
		{D6E7C445-BA5A-4E26-BAC3-3E79AFD92C13} = {28597BEF-6983-4377-A102-82F69FF978DE}
		{12D0F702-DD53-4A01-9A1C-59B5F60DF638} = {3E113198-90F6-4584-81A9-8CA2724455B2}
		{FA529CCD-3DD3-4608-946B-BF05F3382CEE} = {28597BEF-6983-4377-A102-82F69FF978DE}
		{CF8DA54F-74C3-46B8-9D6B-B0EB0982C1DE} = {C0A380CA-EF00-4F4C-946B-31BBB8FFD58E}
		{4D2153D4-C665-46DE-9336-C87E486C5DF0} = {3E113198-90F6-4584-81A9-8CA2724455B2}
		{951F983E-7CE4-4D56-B796-2EDCC1821DB6} = {3E113198-90F6-4584-81A9-8CA2724455B2}
		{B75EB3A9-136A-41A7-AC33-C3012BB4E864} = {3E113198-90F6-4584-81A9-8CA2724455B2}
		{A556A9FD-036D-4AF8-AB5F-34853F5E54E9} = {3E113198-90F6-4584-81A9-8CA2724455B2}
		{7759F08D-E5F2-42FA-8781-8E5145DD5C98} = {28597BEF-6983-4377-A102-82F69FF978DE}
		{F75B96D1-4494-44C1-A130-7B6D46D30A05} = {3E113198-90F6-4584-81A9-8CA2724455B2}
		{2EABF84D-4369-4E63-A160-E79ABBD6D7FA} = {CD19D46F-F1DB-461A-9814-C48D0161E7F1}
		{7121FF80-C8D9-4FD0-A79A-B91F7B7DCA39} = {3E113198-90F6-4584-81A9-8CA2724455B2}
		{BC14C4A2-41F8-4FC6-8CA3-C0795C712DAB} = {28597BEF-6983-4377-A102-82F69FF978DE}
		{5B046F56-B10A-4141-96CB-655B8573DE77} = {CD19D46F-F1DB-461A-9814-C48D0161E7F1}
		{5217E73B-D17E-4E9C-9CDE-ACFF9F6DF75A} = {3E113198-90F6-4584-81A9-8CA2724455B2}
		{63EA2C00-9A26-4AAF-926D-4849F2BFD0A3} = {3E113198-90F6-4584-81A9-8CA2724455B2}
		{83F173F5-9749-43B4-AAAE-968835FE53D0} = {3E113198-90F6-4584-81A9-8CA2724455B2}
		{BD0D6922-A73E-4DE8-9773-8AE1731AEE27} = {F6586C2F-7176-4540-9B16-7B7FED1F08B2}
		{26B0F29F-562C-4FE5-99D8-3A09582E705B} = {F6586C2F-7176-4540-9B16-7B7FED1F08B2}
		{24F56B01-04F3-407F-BA0B-560A9DEEE17E} = {F6586C2F-7176-4540-9B16-7B7FED1F08B2}
		{5694BE54-AF3B-4448-9DDB-5B6AB0C5BC0B} = {F6586C2F-7176-4540-9B16-7B7FED1F08B2}
		{77BE078F-C4F2-4AE0-9B05-604242BCE88B} = {F6586C2F-7176-4540-9B16-7B7FED1F08B2}
		{92B38098-F2D2-4B69-8F42-A8332BBAFDF0} = {F6586C2F-7176-4540-9B16-7B7FED1F08B2}
		{120BE589-89F6-4FD6-A7B8-7DBF430595DB} = {F6586C2F-7176-4540-9B16-7B7FED1F08B2}
		{875E5E79-2E72-41DA-8DC2-3BBD0C1853AF} = {28597BEF-6983-4377-A102-82F69FF978DE}
		{343E095D-3358-0944-2903-FEF2F90A941A} = {CD19D46F-F1DB-461A-9814-C48D0161E7F1}
		{3D102FCD-F810-8622-7CE1-55DA7664697A} = {3E113198-90F6-4584-81A9-8CA2724455B2}
		{A033B4EA-AE4D-88C1-6B8D-545663C938E0} = {3E113198-90F6-4584-81A9-8CA2724455B2}
		{74FF7015-F0AC-D2F7-0284-A8FD67F7235E} = {3E113198-90F6-4584-81A9-8CA2724455B2}
		{67E3548E-CDBA-EB38-03CB-11A8F222A24D} = {3E113198-90F6-4584-81A9-8CA2724455B2}
		{90B01879-1C06-23DF-B9A1-F3803116EF4C} = {3E113198-90F6-4584-81A9-8CA2724455B2}
		{E1585162-54D9-B8FA-15E5-90F8B366CD94} = {CD19D46F-F1DB-461A-9814-C48D0161E7F1}
		{38BDEE29-D887-E8C0-CF25-4E27DA51F277} = {3E113198-90F6-4584-81A9-8CA2724455B2}
		{4A89D256-009E-D230-B3E1-F0DF15E978F7} = {3E113198-90F6-4584-81A9-8CA2724455B2}
	EndGlobalSection
	GlobalSection(ExtensibilityGlobals) = postSolution
		SolutionGuid = {B1F5991F-9180-4F40-A959-E24A6DDA6C5C}
	EndGlobalSection
EndGlobal
