
Microsoft Visual Studio Solution File, Format Version 12.00
# Visual Studio Version 17
VisualStudioVersion = 17.4.33110.190
MinimumVisualStudioVersion = 10.0.40219.1
Project("{9A19103F-16F7-4668-BE54-9A1E7A4F7556}") = "Utility.Trees.Demo", "Utility.Trees.Demo\Utility.Trees.Demo.csproj", "{65861572-3539-494B-AD03-BBA4D7C8E082}"
EndProject
Project("{9A19103F-16F7-4668-BE54-9A1E7A4F7556}") = "Utility.Trees", "Utility.Trees\Utility.Trees.csproj", "{FC3F1B17-8502-4EF2-A786-4427F45AAF32}"
EndProject
Project("{2150E333-8FDC-42A3-9474-1A3956D46DE8}") = "App", "App", "{0E77E344-1EED-4EDC-BDF9-744CF0425AAF}"
EndProject
Project("{9A19103F-16F7-4668-BE54-9A1E7A4F7556}") = "Utility.Persists", "..\Persists\Utility.Persists\Utility.Persists.csproj", "{D610148D-A6BC-47B7-8636-0A4F02C6C919}"
EndProject
Project("{9A19103F-16F7-4668-BE54-9A1E7A4F7556}") = "Utility.Observables", "..\Observables\Utility.Observables\Utility.Observables.csproj", "{8E968750-6230-4DD5-B319-9D52B27DEB4D}"
EndProject
Project("{9A19103F-16F7-4668-BE54-9A1E7A4F7556}") = "Utility.WPF.Controls.Buttons", "..\WPF\Utility.WPF.Controls.Buttons\Utility.WPF.Controls.Buttons.csproj", "{CDD164EC-845D-425A-A289-3D5F17D0AFCF}"
EndProject
Project("{9A19103F-16F7-4668-BE54-9A1E7A4F7556}") = "Utility.WPF.Packages", "..\Packages\Utility.WPF.Packages\Utility.WPF.Packages.csproj", "{1629AB1D-04CE-4476-942E-FECAB133074A}"
EndProject
Project("{9A19103F-16F7-4668-BE54-9A1E7A4F7556}") = "Utility.Enums", "..\Enums\Utility.Enums\Utility.Enums.csproj", "{9E172ABA-CA97-4CEC-8CE9-D3201FA19F4D}"
EndProject
Project("{9A19103F-16F7-4668-BE54-9A1E7A4F7556}") = "Utility.WPF.Controls.Trees", "..\WPF\Utility.WPF.Controls.Trees\Utility.WPF.Controls.Trees.csproj", "{33B74157-D926-4A2E-9ECD-1ED989882A5B}"
EndProject
Project("{9A19103F-16F7-4668-BE54-9A1E7A4F7556}") = "Utility.Common", "..\Common\Utility.Common\Utility.Common.csproj", "{A08CD4BB-2A31-4C58-A70E-BA5CB29964C3}"
EndProject
Project("{2150E333-8FDC-42A3-9474-1A3956D46DE8}") = "Infrastructure", "Infrastructure", "{72C8D224-6E72-442B-A16A-29A6E7EA2051}"
EndProject
Project("{9A19103F-16F7-4668-BE54-9A1E7A4F7556}") = "Utility.Trees.Demo.Connections", "Utility.Trees.Demo.Two\Utility.Trees.Demo.Connections.csproj", "{C33260F6-C1A5-46D4-9128-D92C43866F8F}"
EndProject
Project("{9A19103F-16F7-4668-BE54-9A1E7A4F7556}") = "Utility.Interfaces", "..\Interfaces\Utility.Interfaces\Utility.Interfaces.csproj", "{70755FE0-7567-4723-9455-CAB4CDB2D5DA}"
EndProject
Project("{9A19103F-16F7-4668-BE54-9A1E7A4F7556}") = "Utility.WPF.Controls", "..\WPF\Utility.WPF.Controls\Utility.WPF.Controls.csproj", "{1400BBA3-A2A4-4472-85D4-2E3E1F938F5C}"
EndProject
Project("{9A19103F-16F7-4668-BE54-9A1E7A4F7556}") = "Utility.WPF.Controls.Objects", "..\WPF\Utility.WPF.Controls.Objects\Utility.WPF.Controls.Objects.csproj", "{D58EE827-A5C2-4639-A97B-DF914B47466F}"
EndProject
Project("{9A19103F-16F7-4668-BE54-9A1E7A4F7556}") = "Utility.WPF.Controls.Meta", "..\Meta\Utility.WPF.Controls.Meta\Utility.WPF.Controls.Meta.csproj", "{D182F3F4-49DB-45A7-B5ED-F5E7EB9AEA8B}"
EndProject
Project("{9A19103F-16F7-4668-BE54-9A1E7A4F7556}") = "Utility.WPF.Controls.Lists", "..\WPF\Utility.WPF.Controls.Lists\Utility.WPF.Controls.Lists.csproj", "{88AE4A08-41D4-4524-B89F-C48384765055}"
EndProject
Project("{9A19103F-16F7-4668-BE54-9A1E7A4F7556}") = "Utility.WPF.Meta", "..\Meta\Utility.WPF.Meta\Utility.WPF.Meta.csproj", "{41B5CEB8-93BC-4887-877B-CE2F20355280}"
EndProject
Project("{9A19103F-16F7-4668-BE54-9A1E7A4F7556}") = "Utility.Helpers", "..\Helpers\Utility.Helpers\Utility.Helpers.csproj", "{B46573CF-691E-4FA3-B4A1-695D3028FCCC}"
EndProject
Project("{9A19103F-16F7-4668-BE54-9A1E7A4F7556}") = "Utility.WPF", "..\WPF\Utility.WPF\Utility.WPF.csproj", "{33BE70CE-9217-4F5F-A164-5D658D1C06E4}"
EndProject
Project("{9A19103F-16F7-4668-BE54-9A1E7A4F7556}") = "Utility.WPF.Templates", "..\WPF\Utility.WPF.Templates\Utility.WPF.Templates.csproj", "{3115F706-CABC-42BD-91DB-CC341998FFDC}"
EndProject
Project("{9A19103F-16F7-4668-BE54-9A1E7A4F7556}") = "Utility.WPF.Converters", "..\WPF\Utility.WPF.Converters\Utility.WPF.Converters.csproj", "{B1AA9814-139D-48B1-B84E-8966974C7C65}"
EndProject
Project("{9A19103F-16F7-4668-BE54-9A1E7A4F7556}") = "Utility.Infrastructure", "..\Infrastructure\Utility.Infrastructure\Utility.Infrastructure.csproj", "{76EE7854-3390-456D-AF39-B4EBFCA71C4F}"
EndProject
Project("{9A19103F-16F7-4668-BE54-9A1E7A4F7556}") = "Utility.ViewModels.Base", "..\WPF\Utility.ViewModels.Base\Utility.ViewModels.Base.csproj", "{56A9C71D-917B-42C3-8AE8-D4860DB748AA}"
EndProject
Project("{9A19103F-16F7-4668-BE54-9A1E7A4F7556}") = "Utility.Models", "..\Models\Utility.Models\Utility.Models.csproj", "{D00FC803-9363-4F4C-A8FD-8D56585BF902}"
EndProject
Project("{9A19103F-16F7-4668-BE54-9A1E7A4F7556}") = "Utility.WPF.Controls.Master", "..\WPF\Utility.WPF.Controls.Master\Utility.WPF.Controls.Master.csproj", "{5C29F459-9723-49FC-BB74-2729E6B4D294}"
EndProject
Project("{9A19103F-16F7-4668-BE54-9A1E7A4F7556}") = "Utility.Trees.WPF", "Utility.Trees.WPF\Utility.Trees.WPF.csproj", "{03F65283-4D02-4FD9-965B-3893F4D07264}"
EndProject
Project("{9A19103F-16F7-4668-BE54-9A1E7A4F7556}") = "Utility.Extensions", "..\Helpers\Utility.Extensions\Utility.Extensions.csproj", "{A708952B-4FD2-4AAF-9BF5-7A2968B26756}"
EndProject
Project("{9A19103F-16F7-4668-BE54-9A1E7A4F7556}") = "Utility.Reactives", "..\Reactives\Utility.Reactives\Utility.Reactives.csproj", "{BC55F937-68D6-454A-BD93-52746D01C871}"
EndProject
Project("{9A19103F-16F7-4668-BE54-9A1E7A4F7556}") = "Utility.Trees.Demo.MVVM", "Utility.Trees.Demo.Three\Utility.Trees.Demo.MVVM.csproj", "{83FD9FE0-593A-4B75-A957-E8AF3CCFA1F2}"
EndProject
Project("{9A19103F-16F7-4668-BE54-9A1E7A4F7556}") = "Utility.WPF.Attached", "..\WPF\Utility.WPF.Attached\Utility.WPF.Attached.csproj", "{E4D492BF-7059-4B8E-BA95-400EA1134422}"
EndProject
Project("{9A19103F-16F7-4668-BE54-9A1E7A4F7556}") = "Utility.Commands", "..\Commands\Utility.Commands\Utility.Commands.csproj", "{81CAD6F2-0030-42D8-8AA6-2FC78AC4E70B}"
EndProject
Project("{9A19103F-16F7-4668-BE54-9A1E7A4F7556}") = "Utility.Descriptors", "..\Meta\Utility.PropertyDescriptors\Utility.Descriptors.csproj", "{FBC9FBB6-B9F5-4261-AD74-7579F2B7509E}"
EndProject
Project("{9A19103F-16F7-4668-BE54-9A1E7A4F7556}") = "Utility.Nodes.Reflections", "..\Nodes\Utility.Nodes.Reflections\Utility.Nodes.Reflections.csproj", "{F660E6F9-554C-454E-950F-958BA9ABD56D}"
EndProject
Project("{9A19103F-16F7-4668-BE54-9A1E7A4F7556}") = "Utility.Nodes", "..\Nodes\Utility.Nodes\Utility.Nodes.csproj", "{A3A22A78-169A-4FCB-ADD5-0D46B98B48E5}"
EndProject
Project("{9A19103F-16F7-4668-BE54-9A1E7A4F7556}") = "Utility.PropertyNotifications", "..\Infrastructure\Utility.PropertyNotifications\Utility.PropertyNotifications.csproj", "{AA1767DB-FDB7-43D9-A79F-7C411A88B54D}"
EndProject
Project("{9A19103F-16F7-4668-BE54-9A1E7A4F7556}") = "Utility.Meta", "..\Meta\Utility.Meta\Utility.Meta.csproj", "{C9E0DB3B-6211-45AF-AC5D-EDA279076B7D}"
EndProject
Project("{9A19103F-16F7-4668-BE54-9A1E7A4F7556}") = "Utility.Trees.Demo.Models", "Utility.Trees.Demo.Model\Utility.Trees.Demo.Models.csproj", "{C9074315-004F-46FA-85F7-F45A3BA351FF}"
EndProject
Project("{9A19103F-16F7-4668-BE54-9A1E7A4F7556}") = "Utility.Changes", "..\Infrastructure\Utility.Changes\Utility.Changes.csproj", "{02A3E7E5-033D-44A6-8F24-2C130978F7F8}"
EndProject
Project("{9A19103F-16F7-4668-BE54-9A1E7A4F7556}") = "Utility.Collections", "..\Collections\Utility.Collections\Utility.Collections.csproj", "{81ACB776-2D2A-4156-AEA3-D9FCE4F45F4A}"
EndProject
Project("{9A19103F-16F7-4668-BE54-9A1E7A4F7556}") = "Utility.WPF.Factorys", "..\WPF\Utility.WPF.Factorys\Utility.WPF.Factorys.csproj", "{E3B5122E-349B-4C68-8D1E-B7B2CD99936F}"
EndProject
Project("{9A19103F-16F7-4668-BE54-9A1E7A4F7556}") = "Utility.Keys", "..\Infrastructure\Utility.Keys\Utility.Keys.csproj", "{4BA072A6-1071-4239-8D08-EAB0B94CA06D}"
EndProject
Project("{9A19103F-16F7-4668-BE54-9A1E7A4F7556}") = "Utility.WPF.Library", "Utility.WPF.Library\Utility.WPF.Library.csproj", "{C2332621-CC71-4A8E-B292-C98156C4A779}"
EndProject
Project("{9A19103F-16F7-4668-BE54-9A1E7A4F7556}") = "Utility.WPF.ResourceDictionarys", "..\WPF\Utility.WPF.ResourceDictionarys\Utility.WPF.ResourceDictionarys.csproj", "{D6BF7550-F154-4E41-B1A9-DB37570D0AB0}"
EndProject
Project("{9A19103F-16F7-4668-BE54-9A1E7A4F7556}") = "Utility.WPF.Helpers", "..\WPF\Utility.WPF.Helpers\Utility.WPF.Helpers.csproj", "{84832D34-C342-4B97-A690-EFC803DA0794}"
EndProject
Project("{9A19103F-16F7-4668-BE54-9A1E7A4F7556}") = "Utility.WPF.Reactives", "..\WPF\Utility.WPF.Reactives\Utility.WPF.Reactives.csproj", "{760A7230-B404-4F28-A881-98F1C5063EE7}"
EndProject
Project("{9A19103F-16F7-4668-BE54-9A1E7A4F7556}") = "Utility.Constants", "..\Infrastructure\Utility.Constants\Utility.Constants.csproj", "{E96F1A64-084C-419B-B743-2D8567956768}"
EndProject
Project("{9A19103F-16F7-4668-BE54-9A1E7A4F7556}") = "Utility.WPF.Colours", "..\WPF\Utility.WPF.Colours\Utility.WPF.Colours.csproj", "{983188FC-F79A-4C92-81B5-57465E60CDE5}"
EndProject
Project("{9A19103F-16F7-4668-BE54-9A1E7A4F7556}") = "Utility.Trees.Demo.FilterBuilder", "WpfApp1\Utility.Trees.Demo.FilterBuilder.csproj", "{758A1919-005C-49A0-9E09-D0A255B886B9}"
EndProject
Project("{9A19103F-16F7-4668-BE54-9A1E7A4F7556}") = "Utility.WPF.Controls.Base", "..\WPF\Utility.WPF.Controls.Base\Utility.WPF.Controls.Base.csproj", "{40BB8517-EA67-45CD-A0E1-0EABF305ED15}"
EndProject
Project("{9A19103F-16F7-4668-BE54-9A1E7A4F7556}") = "Utility.WPF.Animations", "..\WPF\Utility.WPF.Animation\Utility.WPF.Animations.csproj", "{1982BC14-510D-4516-A400-CA7F98EACF93}"
EndProject
Project("{9A19103F-16F7-4668-BE54-9A1E7A4F7556}") = "Utility.WPF.Panels", "..\WPF\Utility.WPF.Panels\Utility.WPF.Panels.csproj", "{187985B3-EB3D-4FA5-9416-DFA10E7E7392}"
EndProject
Global
	GlobalSection(SolutionConfigurationPlatforms) = preSolution
		Debug|Any CPU = Debug|Any CPU
		Release|Any CPU = Release|Any CPU
	EndGlobalSection
	GlobalSection(ProjectConfigurationPlatforms) = postSolution
		{65861572-3539-494B-AD03-BBA4D7C8E082}.Debug|Any CPU.ActiveCfg = Debug|Any CPU
		{65861572-3539-494B-AD03-BBA4D7C8E082}.Debug|Any CPU.Build.0 = Debug|Any CPU
		{65861572-3539-494B-AD03-BBA4D7C8E082}.Release|Any CPU.ActiveCfg = Release|Any CPU
		{65861572-3539-494B-AD03-BBA4D7C8E082}.Release|Any CPU.Build.0 = Release|Any CPU
		{FC3F1B17-8502-4EF2-A786-4427F45AAF32}.Debug|Any CPU.ActiveCfg = Debug|Any CPU
		{FC3F1B17-8502-4EF2-A786-4427F45AAF32}.Debug|Any CPU.Build.0 = Debug|Any CPU
		{FC3F1B17-8502-4EF2-A786-4427F45AAF32}.Release|Any CPU.ActiveCfg = Release|Any CPU
		{FC3F1B17-8502-4EF2-A786-4427F45AAF32}.Release|Any CPU.Build.0 = Release|Any CPU
		{D610148D-A6BC-47B7-8636-0A4F02C6C919}.Debug|Any CPU.ActiveCfg = Debug|Any CPU
		{D610148D-A6BC-47B7-8636-0A4F02C6C919}.Debug|Any CPU.Build.0 = Debug|Any CPU
		{D610148D-A6BC-47B7-8636-0A4F02C6C919}.Release|Any CPU.ActiveCfg = Release|Any CPU
		{D610148D-A6BC-47B7-8636-0A4F02C6C919}.Release|Any CPU.Build.0 = Release|Any CPU
		{8E968750-6230-4DD5-B319-9D52B27DEB4D}.Debug|Any CPU.ActiveCfg = Debug|Any CPU
		{8E968750-6230-4DD5-B319-9D52B27DEB4D}.Debug|Any CPU.Build.0 = Debug|Any CPU
		{8E968750-6230-4DD5-B319-9D52B27DEB4D}.Release|Any CPU.ActiveCfg = Release|Any CPU
		{8E968750-6230-4DD5-B319-9D52B27DEB4D}.Release|Any CPU.Build.0 = Release|Any CPU
		{CDD164EC-845D-425A-A289-3D5F17D0AFCF}.Debug|Any CPU.ActiveCfg = Debug|Any CPU
		{CDD164EC-845D-425A-A289-3D5F17D0AFCF}.Debug|Any CPU.Build.0 = Debug|Any CPU
		{CDD164EC-845D-425A-A289-3D5F17D0AFCF}.Release|Any CPU.ActiveCfg = Release|Any CPU
		{CDD164EC-845D-425A-A289-3D5F17D0AFCF}.Release|Any CPU.Build.0 = Release|Any CPU
		{1629AB1D-04CE-4476-942E-FECAB133074A}.Debug|Any CPU.ActiveCfg = Debug|Any CPU
		{1629AB1D-04CE-4476-942E-FECAB133074A}.Debug|Any CPU.Build.0 = Debug|Any CPU
		{1629AB1D-04CE-4476-942E-FECAB133074A}.Release|Any CPU.ActiveCfg = Release|Any CPU
		{1629AB1D-04CE-4476-942E-FECAB133074A}.Release|Any CPU.Build.0 = Release|Any CPU
		{9E172ABA-CA97-4CEC-8CE9-D3201FA19F4D}.Debug|Any CPU.ActiveCfg = Debug|Any CPU
		{9E172ABA-CA97-4CEC-8CE9-D3201FA19F4D}.Debug|Any CPU.Build.0 = Debug|Any CPU
		{9E172ABA-CA97-4CEC-8CE9-D3201FA19F4D}.Release|Any CPU.ActiveCfg = Release|Any CPU
		{9E172ABA-CA97-4CEC-8CE9-D3201FA19F4D}.Release|Any CPU.Build.0 = Release|Any CPU
		{33B74157-D926-4A2E-9ECD-1ED989882A5B}.Debug|Any CPU.ActiveCfg = Debug|Any CPU
		{33B74157-D926-4A2E-9ECD-1ED989882A5B}.Debug|Any CPU.Build.0 = Debug|Any CPU
		{33B74157-D926-4A2E-9ECD-1ED989882A5B}.Release|Any CPU.ActiveCfg = Release|Any CPU
		{33B74157-D926-4A2E-9ECD-1ED989882A5B}.Release|Any CPU.Build.0 = Release|Any CPU
		{A08CD4BB-2A31-4C58-A70E-BA5CB29964C3}.Debug|Any CPU.ActiveCfg = Debug|Any CPU
		{A08CD4BB-2A31-4C58-A70E-BA5CB29964C3}.Debug|Any CPU.Build.0 = Debug|Any CPU
		{A08CD4BB-2A31-4C58-A70E-BA5CB29964C3}.Release|Any CPU.ActiveCfg = Release|Any CPU
		{A08CD4BB-2A31-4C58-A70E-BA5CB29964C3}.Release|Any CPU.Build.0 = Release|Any CPU
		{C33260F6-C1A5-46D4-9128-D92C43866F8F}.Debug|Any CPU.ActiveCfg = Debug|Any CPU
		{C33260F6-C1A5-46D4-9128-D92C43866F8F}.Debug|Any CPU.Build.0 = Debug|Any CPU
		{C33260F6-C1A5-46D4-9128-D92C43866F8F}.Release|Any CPU.ActiveCfg = Release|Any CPU
		{C33260F6-C1A5-46D4-9128-D92C43866F8F}.Release|Any CPU.Build.0 = Release|Any CPU
		{70755FE0-7567-4723-9455-CAB4CDB2D5DA}.Debug|Any CPU.ActiveCfg = Debug|Any CPU
		{70755FE0-7567-4723-9455-CAB4CDB2D5DA}.Debug|Any CPU.Build.0 = Debug|Any CPU
		{70755FE0-7567-4723-9455-CAB4CDB2D5DA}.Release|Any CPU.ActiveCfg = Release|Any CPU
		{70755FE0-7567-4723-9455-CAB4CDB2D5DA}.Release|Any CPU.Build.0 = Release|Any CPU
		{1400BBA3-A2A4-4472-85D4-2E3E1F938F5C}.Debug|Any CPU.ActiveCfg = Debug|Any CPU
		{1400BBA3-A2A4-4472-85D4-2E3E1F938F5C}.Debug|Any CPU.Build.0 = Debug|Any CPU
		{1400BBA3-A2A4-4472-85D4-2E3E1F938F5C}.Release|Any CPU.ActiveCfg = Release|Any CPU
		{1400BBA3-A2A4-4472-85D4-2E3E1F938F5C}.Release|Any CPU.Build.0 = Release|Any CPU
		{D58EE827-A5C2-4639-A97B-DF914B47466F}.Debug|Any CPU.ActiveCfg = Debug|Any CPU
		{D58EE827-A5C2-4639-A97B-DF914B47466F}.Debug|Any CPU.Build.0 = Debug|Any CPU
		{D58EE827-A5C2-4639-A97B-DF914B47466F}.Release|Any CPU.ActiveCfg = Release|Any CPU
		{D58EE827-A5C2-4639-A97B-DF914B47466F}.Release|Any CPU.Build.0 = Release|Any CPU
		{D182F3F4-49DB-45A7-B5ED-F5E7EB9AEA8B}.Debug|Any CPU.ActiveCfg = Debug|Any CPU
		{D182F3F4-49DB-45A7-B5ED-F5E7EB9AEA8B}.Debug|Any CPU.Build.0 = Debug|Any CPU
		{D182F3F4-49DB-45A7-B5ED-F5E7EB9AEA8B}.Release|Any CPU.ActiveCfg = Release|Any CPU
		{D182F3F4-49DB-45A7-B5ED-F5E7EB9AEA8B}.Release|Any CPU.Build.0 = Release|Any CPU
		{88AE4A08-41D4-4524-B89F-C48384765055}.Debug|Any CPU.ActiveCfg = Debug|Any CPU
		{88AE4A08-41D4-4524-B89F-C48384765055}.Debug|Any CPU.Build.0 = Debug|Any CPU
		{88AE4A08-41D4-4524-B89F-C48384765055}.Release|Any CPU.ActiveCfg = Release|Any CPU
		{88AE4A08-41D4-4524-B89F-C48384765055}.Release|Any CPU.Build.0 = Release|Any CPU
		{41B5CEB8-93BC-4887-877B-CE2F20355280}.Debug|Any CPU.ActiveCfg = Debug|Any CPU
		{41B5CEB8-93BC-4887-877B-CE2F20355280}.Debug|Any CPU.Build.0 = Debug|Any CPU
		{41B5CEB8-93BC-4887-877B-CE2F20355280}.Release|Any CPU.ActiveCfg = Release|Any CPU
		{41B5CEB8-93BC-4887-877B-CE2F20355280}.Release|Any CPU.Build.0 = Release|Any CPU
		{B46573CF-691E-4FA3-B4A1-695D3028FCCC}.Debug|Any CPU.ActiveCfg = Debug|Any CPU
		{B46573CF-691E-4FA3-B4A1-695D3028FCCC}.Debug|Any CPU.Build.0 = Debug|Any CPU
		{B46573CF-691E-4FA3-B4A1-695D3028FCCC}.Release|Any CPU.ActiveCfg = Release|Any CPU
		{B46573CF-691E-4FA3-B4A1-695D3028FCCC}.Release|Any CPU.Build.0 = Release|Any CPU
		{33BE70CE-9217-4F5F-A164-5D658D1C06E4}.Debug|Any CPU.ActiveCfg = Debug|Any CPU
		{33BE70CE-9217-4F5F-A164-5D658D1C06E4}.Debug|Any CPU.Build.0 = Debug|Any CPU
		{33BE70CE-9217-4F5F-A164-5D658D1C06E4}.Release|Any CPU.ActiveCfg = Release|Any CPU
		{33BE70CE-9217-4F5F-A164-5D658D1C06E4}.Release|Any CPU.Build.0 = Release|Any CPU
		{3115F706-CABC-42BD-91DB-CC341998FFDC}.Debug|Any CPU.ActiveCfg = Debug|Any CPU
		{3115F706-CABC-42BD-91DB-CC341998FFDC}.Debug|Any CPU.Build.0 = Debug|Any CPU
		{3115F706-CABC-42BD-91DB-CC341998FFDC}.Release|Any CPU.ActiveCfg = Release|Any CPU
		{3115F706-CABC-42BD-91DB-CC341998FFDC}.Release|Any CPU.Build.0 = Release|Any CPU
		{B1AA9814-139D-48B1-B84E-8966974C7C65}.Debug|Any CPU.ActiveCfg = Debug|Any CPU
		{B1AA9814-139D-48B1-B84E-8966974C7C65}.Debug|Any CPU.Build.0 = Debug|Any CPU
		{B1AA9814-139D-48B1-B84E-8966974C7C65}.Release|Any CPU.ActiveCfg = Release|Any CPU
		{B1AA9814-139D-48B1-B84E-8966974C7C65}.Release|Any CPU.Build.0 = Release|Any CPU
		{76EE7854-3390-456D-AF39-B4EBFCA71C4F}.Debug|Any CPU.ActiveCfg = Debug|Any CPU
		{76EE7854-3390-456D-AF39-B4EBFCA71C4F}.Debug|Any CPU.Build.0 = Debug|Any CPU
		{76EE7854-3390-456D-AF39-B4EBFCA71C4F}.Release|Any CPU.ActiveCfg = Release|Any CPU
		{76EE7854-3390-456D-AF39-B4EBFCA71C4F}.Release|Any CPU.Build.0 = Release|Any CPU
		{56A9C71D-917B-42C3-8AE8-D4860DB748AA}.Debug|Any CPU.ActiveCfg = Debug|Any CPU
		{56A9C71D-917B-42C3-8AE8-D4860DB748AA}.Debug|Any CPU.Build.0 = Debug|Any CPU
		{56A9C71D-917B-42C3-8AE8-D4860DB748AA}.Release|Any CPU.ActiveCfg = Release|Any CPU
		{56A9C71D-917B-42C3-8AE8-D4860DB748AA}.Release|Any CPU.Build.0 = Release|Any CPU
		{D00FC803-9363-4F4C-A8FD-8D56585BF902}.Debug|Any CPU.ActiveCfg = Debug|Any CPU
		{D00FC803-9363-4F4C-A8FD-8D56585BF902}.Debug|Any CPU.Build.0 = Debug|Any CPU
		{D00FC803-9363-4F4C-A8FD-8D56585BF902}.Release|Any CPU.ActiveCfg = Release|Any CPU
		{D00FC803-9363-4F4C-A8FD-8D56585BF902}.Release|Any CPU.Build.0 = Release|Any CPU
		{5C29F459-9723-49FC-BB74-2729E6B4D294}.Debug|Any CPU.ActiveCfg = Debug|Any CPU
		{5C29F459-9723-49FC-BB74-2729E6B4D294}.Debug|Any CPU.Build.0 = Debug|Any CPU
		{5C29F459-9723-49FC-BB74-2729E6B4D294}.Release|Any CPU.ActiveCfg = Release|Any CPU
		{5C29F459-9723-49FC-BB74-2729E6B4D294}.Release|Any CPU.Build.0 = Release|Any CPU
		{03F65283-4D02-4FD9-965B-3893F4D07264}.Debug|Any CPU.ActiveCfg = Debug|Any CPU
		{03F65283-4D02-4FD9-965B-3893F4D07264}.Debug|Any CPU.Build.0 = Debug|Any CPU
		{03F65283-4D02-4FD9-965B-3893F4D07264}.Release|Any CPU.ActiveCfg = Release|Any CPU
		{03F65283-4D02-4FD9-965B-3893F4D07264}.Release|Any CPU.Build.0 = Release|Any CPU
		{A708952B-4FD2-4AAF-9BF5-7A2968B26756}.Debug|Any CPU.ActiveCfg = Debug|Any CPU
		{A708952B-4FD2-4AAF-9BF5-7A2968B26756}.Debug|Any CPU.Build.0 = Debug|Any CPU
		{A708952B-4FD2-4AAF-9BF5-7A2968B26756}.Release|Any CPU.ActiveCfg = Release|Any CPU
		{A708952B-4FD2-4AAF-9BF5-7A2968B26756}.Release|Any CPU.Build.0 = Release|Any CPU
		{BC55F937-68D6-454A-BD93-52746D01C871}.Debug|Any CPU.ActiveCfg = Debug|Any CPU
		{BC55F937-68D6-454A-BD93-52746D01C871}.Debug|Any CPU.Build.0 = Debug|Any CPU
		{BC55F937-68D6-454A-BD93-52746D01C871}.Release|Any CPU.ActiveCfg = Release|Any CPU
		{BC55F937-68D6-454A-BD93-52746D01C871}.Release|Any CPU.Build.0 = Release|Any CPU
		{83FD9FE0-593A-4B75-A957-E8AF3CCFA1F2}.Debug|Any CPU.ActiveCfg = Debug|Any CPU
		{83FD9FE0-593A-4B75-A957-E8AF3CCFA1F2}.Debug|Any CPU.Build.0 = Debug|Any CPU
		{83FD9FE0-593A-4B75-A957-E8AF3CCFA1F2}.Release|Any CPU.ActiveCfg = Release|Any CPU
		{83FD9FE0-593A-4B75-A957-E8AF3CCFA1F2}.Release|Any CPU.Build.0 = Release|Any CPU
		{E4D492BF-7059-4B8E-BA95-400EA1134422}.Debug|Any CPU.ActiveCfg = Debug|Any CPU
		{E4D492BF-7059-4B8E-BA95-400EA1134422}.Debug|Any CPU.Build.0 = Debug|Any CPU
		{E4D492BF-7059-4B8E-BA95-400EA1134422}.Release|Any CPU.ActiveCfg = Release|Any CPU
		{E4D492BF-7059-4B8E-BA95-400EA1134422}.Release|Any CPU.Build.0 = Release|Any CPU
		{81CAD6F2-0030-42D8-8AA6-2FC78AC4E70B}.Debug|Any CPU.ActiveCfg = Debug|Any CPU
		{81CAD6F2-0030-42D8-8AA6-2FC78AC4E70B}.Debug|Any CPU.Build.0 = Debug|Any CPU
		{81CAD6F2-0030-42D8-8AA6-2FC78AC4E70B}.Release|Any CPU.ActiveCfg = Release|Any CPU
		{81CAD6F2-0030-42D8-8AA6-2FC78AC4E70B}.Release|Any CPU.Build.0 = Release|Any CPU
		{FBC9FBB6-B9F5-4261-AD74-7579F2B7509E}.Debug|Any CPU.ActiveCfg = Debug|Any CPU
		{FBC9FBB6-B9F5-4261-AD74-7579F2B7509E}.Debug|Any CPU.Build.0 = Debug|Any CPU
		{FBC9FBB6-B9F5-4261-AD74-7579F2B7509E}.Release|Any CPU.ActiveCfg = Release|Any CPU
		{FBC9FBB6-B9F5-4261-AD74-7579F2B7509E}.Release|Any CPU.Build.0 = Release|Any CPU
		{F660E6F9-554C-454E-950F-958BA9ABD56D}.Debug|Any CPU.ActiveCfg = Debug|Any CPU
		{F660E6F9-554C-454E-950F-958BA9ABD56D}.Debug|Any CPU.Build.0 = Debug|Any CPU
		{F660E6F9-554C-454E-950F-958BA9ABD56D}.Release|Any CPU.ActiveCfg = Release|Any CPU
		{F660E6F9-554C-454E-950F-958BA9ABD56D}.Release|Any CPU.Build.0 = Release|Any CPU
		{A3A22A78-169A-4FCB-ADD5-0D46B98B48E5}.Debug|Any CPU.ActiveCfg = Debug|Any CPU
		{A3A22A78-169A-4FCB-ADD5-0D46B98B48E5}.Debug|Any CPU.Build.0 = Debug|Any CPU
		{A3A22A78-169A-4FCB-ADD5-0D46B98B48E5}.Release|Any CPU.ActiveCfg = Release|Any CPU
		{A3A22A78-169A-4FCB-ADD5-0D46B98B48E5}.Release|Any CPU.Build.0 = Release|Any CPU
		{AA1767DB-FDB7-43D9-A79F-7C411A88B54D}.Debug|Any CPU.ActiveCfg = Debug|Any CPU
		{AA1767DB-FDB7-43D9-A79F-7C411A88B54D}.Debug|Any CPU.Build.0 = Debug|Any CPU
		{AA1767DB-FDB7-43D9-A79F-7C411A88B54D}.Release|Any CPU.ActiveCfg = Release|Any CPU
		{AA1767DB-FDB7-43D9-A79F-7C411A88B54D}.Release|Any CPU.Build.0 = Release|Any CPU
		{C9E0DB3B-6211-45AF-AC5D-EDA279076B7D}.Debug|Any CPU.ActiveCfg = Debug|Any CPU
		{C9E0DB3B-6211-45AF-AC5D-EDA279076B7D}.Debug|Any CPU.Build.0 = Debug|Any CPU
		{C9E0DB3B-6211-45AF-AC5D-EDA279076B7D}.Release|Any CPU.ActiveCfg = Release|Any CPU
		{C9E0DB3B-6211-45AF-AC5D-EDA279076B7D}.Release|Any CPU.Build.0 = Release|Any CPU
		{C9074315-004F-46FA-85F7-F45A3BA351FF}.Debug|Any CPU.ActiveCfg = Debug|Any CPU
		{C9074315-004F-46FA-85F7-F45A3BA351FF}.Debug|Any CPU.Build.0 = Debug|Any CPU
		{C9074315-004F-46FA-85F7-F45A3BA351FF}.Release|Any CPU.ActiveCfg = Release|Any CPU
		{C9074315-004F-46FA-85F7-F45A3BA351FF}.Release|Any CPU.Build.0 = Release|Any CPU
		{02A3E7E5-033D-44A6-8F24-2C130978F7F8}.Debug|Any CPU.ActiveCfg = Debug|Any CPU
		{02A3E7E5-033D-44A6-8F24-2C130978F7F8}.Debug|Any CPU.Build.0 = Debug|Any CPU
		{02A3E7E5-033D-44A6-8F24-2C130978F7F8}.Release|Any CPU.ActiveCfg = Release|Any CPU
		{02A3E7E5-033D-44A6-8F24-2C130978F7F8}.Release|Any CPU.Build.0 = Release|Any CPU
		{81ACB776-2D2A-4156-AEA3-D9FCE4F45F4A}.Debug|Any CPU.ActiveCfg = Debug|Any CPU
		{81ACB776-2D2A-4156-AEA3-D9FCE4F45F4A}.Debug|Any CPU.Build.0 = Debug|Any CPU
		{81ACB776-2D2A-4156-AEA3-D9FCE4F45F4A}.Release|Any CPU.ActiveCfg = Release|Any CPU
		{81ACB776-2D2A-4156-AEA3-D9FCE4F45F4A}.Release|Any CPU.Build.0 = Release|Any CPU
		{E3B5122E-349B-4C68-8D1E-B7B2CD99936F}.Debug|Any CPU.ActiveCfg = Debug|Any CPU
		{E3B5122E-349B-4C68-8D1E-B7B2CD99936F}.Debug|Any CPU.Build.0 = Debug|Any CPU
		{E3B5122E-349B-4C68-8D1E-B7B2CD99936F}.Release|Any CPU.ActiveCfg = Release|Any CPU
		{E3B5122E-349B-4C68-8D1E-B7B2CD99936F}.Release|Any CPU.Build.0 = Release|Any CPU
		{4BA072A6-1071-4239-8D08-EAB0B94CA06D}.Debug|Any CPU.ActiveCfg = Debug|Any CPU
		{4BA072A6-1071-4239-8D08-EAB0B94CA06D}.Debug|Any CPU.Build.0 = Debug|Any CPU
		{4BA072A6-1071-4239-8D08-EAB0B94CA06D}.Release|Any CPU.ActiveCfg = Release|Any CPU
		{4BA072A6-1071-4239-8D08-EAB0B94CA06D}.Release|Any CPU.Build.0 = Release|Any CPU
		{C2332621-CC71-4A8E-B292-C98156C4A779}.Debug|Any CPU.ActiveCfg = Debug|Any CPU
		{C2332621-CC71-4A8E-B292-C98156C4A779}.Debug|Any CPU.Build.0 = Debug|Any CPU
		{C2332621-CC71-4A8E-B292-C98156C4A779}.Release|Any CPU.ActiveCfg = Release|Any CPU
		{C2332621-CC71-4A8E-B292-C98156C4A779}.Release|Any CPU.Build.0 = Release|Any CPU
		{D6BF7550-F154-4E41-B1A9-DB37570D0AB0}.Debug|Any CPU.ActiveCfg = Debug|Any CPU
		{D6BF7550-F154-4E41-B1A9-DB37570D0AB0}.Debug|Any CPU.Build.0 = Debug|Any CPU
		{D6BF7550-F154-4E41-B1A9-DB37570D0AB0}.Release|Any CPU.ActiveCfg = Release|Any CPU
		{D6BF7550-F154-4E41-B1A9-DB37570D0AB0}.Release|Any CPU.Build.0 = Release|Any CPU
		{84832D34-C342-4B97-A690-EFC803DA0794}.Debug|Any CPU.ActiveCfg = Debug|Any CPU
		{84832D34-C342-4B97-A690-EFC803DA0794}.Debug|Any CPU.Build.0 = Debug|Any CPU
		{84832D34-C342-4B97-A690-EFC803DA0794}.Release|Any CPU.ActiveCfg = Release|Any CPU
		{84832D34-C342-4B97-A690-EFC803DA0794}.Release|Any CPU.Build.0 = Release|Any CPU
		{760A7230-B404-4F28-A881-98F1C5063EE7}.Debug|Any CPU.ActiveCfg = Debug|Any CPU
		{760A7230-B404-4F28-A881-98F1C5063EE7}.Debug|Any CPU.Build.0 = Debug|Any CPU
		{760A7230-B404-4F28-A881-98F1C5063EE7}.Release|Any CPU.ActiveCfg = Release|Any CPU
		{760A7230-B404-4F28-A881-98F1C5063EE7}.Release|Any CPU.Build.0 = Release|Any CPU
		{E96F1A64-084C-419B-B743-2D8567956768}.Debug|Any CPU.ActiveCfg = Debug|Any CPU
		{E96F1A64-084C-419B-B743-2D8567956768}.Debug|Any CPU.Build.0 = Debug|Any CPU
		{E96F1A64-084C-419B-B743-2D8567956768}.Release|Any CPU.ActiveCfg = Release|Any CPU
		{E96F1A64-084C-419B-B743-2D8567956768}.Release|Any CPU.Build.0 = Release|Any CPU
		{983188FC-F79A-4C92-81B5-57465E60CDE5}.Debug|Any CPU.ActiveCfg = Debug|Any CPU
		{983188FC-F79A-4C92-81B5-57465E60CDE5}.Debug|Any CPU.Build.0 = Debug|Any CPU
		{983188FC-F79A-4C92-81B5-57465E60CDE5}.Release|Any CPU.ActiveCfg = Release|Any CPU
		{983188FC-F79A-4C92-81B5-57465E60CDE5}.Release|Any CPU.Build.0 = Release|Any CPU
		{758A1919-005C-49A0-9E09-D0A255B886B9}.Debug|Any CPU.ActiveCfg = Debug|Any CPU
		{758A1919-005C-49A0-9E09-D0A255B886B9}.Debug|Any CPU.Build.0 = Debug|Any CPU
		{758A1919-005C-49A0-9E09-D0A255B886B9}.Release|Any CPU.ActiveCfg = Release|Any CPU
		{758A1919-005C-49A0-9E09-D0A255B886B9}.Release|Any CPU.Build.0 = Release|Any CPU
		{40BB8517-EA67-45CD-A0E1-0EABF305ED15}.Debug|Any CPU.ActiveCfg = Debug|Any CPU
		{40BB8517-EA67-45CD-A0E1-0EABF305ED15}.Debug|Any CPU.Build.0 = Debug|Any CPU
		{40BB8517-EA67-45CD-A0E1-0EABF305ED15}.Release|Any CPU.ActiveCfg = Release|Any CPU
		{40BB8517-EA67-45CD-A0E1-0EABF305ED15}.Release|Any CPU.Build.0 = Release|Any CPU
		{1982BC14-510D-4516-A400-CA7F98EACF93}.Debug|Any CPU.ActiveCfg = Debug|Any CPU
		{1982BC14-510D-4516-A400-CA7F98EACF93}.Debug|Any CPU.Build.0 = Debug|Any CPU
		{1982BC14-510D-4516-A400-CA7F98EACF93}.Release|Any CPU.ActiveCfg = Release|Any CPU
		{1982BC14-510D-4516-A400-CA7F98EACF93}.Release|Any CPU.Build.0 = Release|Any CPU
		{187985B3-EB3D-4FA5-9416-DFA10E7E7392}.Debug|Any CPU.ActiveCfg = Debug|Any CPU
		{187985B3-EB3D-4FA5-9416-DFA10E7E7392}.Debug|Any CPU.Build.0 = Debug|Any CPU
		{187985B3-EB3D-4FA5-9416-DFA10E7E7392}.Release|Any CPU.ActiveCfg = Release|Any CPU
		{187985B3-EB3D-4FA5-9416-DFA10E7E7392}.Release|Any CPU.Build.0 = Release|Any CPU
	EndGlobalSection
	GlobalSection(SolutionProperties) = preSolution
		HideSolutionNode = FALSE
	EndGlobalSection
	GlobalSection(NestedProjects) = preSolution
		{65861572-3539-494B-AD03-BBA4D7C8E082} = {0E77E344-1EED-4EDC-BDF9-744CF0425AAF}
		{D610148D-A6BC-47B7-8636-0A4F02C6C919} = {72C8D224-6E72-442B-A16A-29A6E7EA2051}
		{8E968750-6230-4DD5-B319-9D52B27DEB4D} = {72C8D224-6E72-442B-A16A-29A6E7EA2051}
		{CDD164EC-845D-425A-A289-3D5F17D0AFCF} = {72C8D224-6E72-442B-A16A-29A6E7EA2051}
		{1629AB1D-04CE-4476-942E-FECAB133074A} = {72C8D224-6E72-442B-A16A-29A6E7EA2051}
		{9E172ABA-CA97-4CEC-8CE9-D3201FA19F4D} = {72C8D224-6E72-442B-A16A-29A6E7EA2051}
		{33B74157-D926-4A2E-9ECD-1ED989882A5B} = {72C8D224-6E72-442B-A16A-29A6E7EA2051}
		{A08CD4BB-2A31-4C58-A70E-BA5CB29964C3} = {72C8D224-6E72-442B-A16A-29A6E7EA2051}
		{C33260F6-C1A5-46D4-9128-D92C43866F8F} = {0E77E344-1EED-4EDC-BDF9-744CF0425AAF}
		{70755FE0-7567-4723-9455-CAB4CDB2D5DA} = {72C8D224-6E72-442B-A16A-29A6E7EA2051}
		{1400BBA3-A2A4-4472-85D4-2E3E1F938F5C} = {72C8D224-6E72-442B-A16A-29A6E7EA2051}
		{D58EE827-A5C2-4639-A97B-DF914B47466F} = {72C8D224-6E72-442B-A16A-29A6E7EA2051}
		{D182F3F4-49DB-45A7-B5ED-F5E7EB9AEA8B} = {72C8D224-6E72-442B-A16A-29A6E7EA2051}
		{88AE4A08-41D4-4524-B89F-C48384765055} = {72C8D224-6E72-442B-A16A-29A6E7EA2051}
		{41B5CEB8-93BC-4887-877B-CE2F20355280} = {72C8D224-6E72-442B-A16A-29A6E7EA2051}
		{B46573CF-691E-4FA3-B4A1-695D3028FCCC} = {72C8D224-6E72-442B-A16A-29A6E7EA2051}
		{33BE70CE-9217-4F5F-A164-5D658D1C06E4} = {72C8D224-6E72-442B-A16A-29A6E7EA2051}
		{3115F706-CABC-42BD-91DB-CC341998FFDC} = {72C8D224-6E72-442B-A16A-29A6E7EA2051}
		{B1AA9814-139D-48B1-B84E-8966974C7C65} = {72C8D224-6E72-442B-A16A-29A6E7EA2051}
		{76EE7854-3390-456D-AF39-B4EBFCA71C4F} = {72C8D224-6E72-442B-A16A-29A6E7EA2051}
		{56A9C71D-917B-42C3-8AE8-D4860DB748AA} = {72C8D224-6E72-442B-A16A-29A6E7EA2051}
		{D00FC803-9363-4F4C-A8FD-8D56585BF902} = {72C8D224-6E72-442B-A16A-29A6E7EA2051}
		{5C29F459-9723-49FC-BB74-2729E6B4D294} = {72C8D224-6E72-442B-A16A-29A6E7EA2051}
		{A708952B-4FD2-4AAF-9BF5-7A2968B26756} = {72C8D224-6E72-442B-A16A-29A6E7EA2051}
		{BC55F937-68D6-454A-BD93-52746D01C871} = {72C8D224-6E72-442B-A16A-29A6E7EA2051}
		{83FD9FE0-593A-4B75-A957-E8AF3CCFA1F2} = {0E77E344-1EED-4EDC-BDF9-744CF0425AAF}
		{E4D492BF-7059-4B8E-BA95-400EA1134422} = {72C8D224-6E72-442B-A16A-29A6E7EA2051}
		{81CAD6F2-0030-42D8-8AA6-2FC78AC4E70B} = {72C8D224-6E72-442B-A16A-29A6E7EA2051}
		{FBC9FBB6-B9F5-4261-AD74-7579F2B7509E} = {72C8D224-6E72-442B-A16A-29A6E7EA2051}
		{F660E6F9-554C-454E-950F-958BA9ABD56D} = {72C8D224-6E72-442B-A16A-29A6E7EA2051}
		{A3A22A78-169A-4FCB-ADD5-0D46B98B48E5} = {72C8D224-6E72-442B-A16A-29A6E7EA2051}
		{AA1767DB-FDB7-43D9-A79F-7C411A88B54D} = {72C8D224-6E72-442B-A16A-29A6E7EA2051}
		{C9E0DB3B-6211-45AF-AC5D-EDA279076B7D} = {72C8D224-6E72-442B-A16A-29A6E7EA2051}
		{C9074315-004F-46FA-85F7-F45A3BA351FF} = {0E77E344-1EED-4EDC-BDF9-744CF0425AAF}
		{02A3E7E5-033D-44A6-8F24-2C130978F7F8} = {72C8D224-6E72-442B-A16A-29A6E7EA2051}
		{81ACB776-2D2A-4156-AEA3-D9FCE4F45F4A} = {72C8D224-6E72-442B-A16A-29A6E7EA2051}
		{E3B5122E-349B-4C68-8D1E-B7B2CD99936F} = {72C8D224-6E72-442B-A16A-29A6E7EA2051}
		{4BA072A6-1071-4239-8D08-EAB0B94CA06D} = {72C8D224-6E72-442B-A16A-29A6E7EA2051}
		{C2332621-CC71-4A8E-B292-C98156C4A779} = {0E77E344-1EED-4EDC-BDF9-744CF0425AAF}
		{D6BF7550-F154-4E41-B1A9-DB37570D0AB0} = {72C8D224-6E72-442B-A16A-29A6E7EA2051}
		{84832D34-C342-4B97-A690-EFC803DA0794} = {72C8D224-6E72-442B-A16A-29A6E7EA2051}
		{760A7230-B404-4F28-A881-98F1C5063EE7} = {72C8D224-6E72-442B-A16A-29A6E7EA2051}
		{E96F1A64-084C-419B-B743-2D8567956768} = {72C8D224-6E72-442B-A16A-29A6E7EA2051}
		{983188FC-F79A-4C92-81B5-57465E60CDE5} = {72C8D224-6E72-442B-A16A-29A6E7EA2051}
		{758A1919-005C-49A0-9E09-D0A255B886B9} = {0E77E344-1EED-4EDC-BDF9-744CF0425AAF}
		{40BB8517-EA67-45CD-A0E1-0EABF305ED15} = {72C8D224-6E72-442B-A16A-29A6E7EA2051}
		{1982BC14-510D-4516-A400-CA7F98EACF93} = {72C8D224-6E72-442B-A16A-29A6E7EA2051}
		{187985B3-EB3D-4FA5-9416-DFA10E7E7392} = {72C8D224-6E72-442B-A16A-29A6E7EA2051}
	EndGlobalSection
	GlobalSection(ExtensibilityGlobals) = postSolution
		SolutionGuid = {00EBD15C-E22A-4F19-88DE-BC9861507581}
	EndGlobalSection
EndGlobal
