
Microsoft Visual Studio Solution File, Format Version 12.00
# Visual Studio Version 17
VisualStudioVersion = 17.4.33403.182
MinimumVisualStudioVersion = 10.0.40219.1
Project("{FAE04EC0-301F-11D3-BF4B-00C04F79EFBC}") = "Utility.Conversions", "Utility.Conversions\Utility.Conversions.csproj", "{F8C614A1-F980-43E2-B732-B06B4043D4C7}"
EndProject
Project("{FAE04EC0-301F-11D3-BF4B-00C04F79EFBC}") = "Utility.Conversions.Json.Newtonsoft", "Utility.Json.Newtonsoft\Utility.Conversions.Json.Newtonsoft.csproj", "{17F7D760-7B20-4B99-AAD9-CEA98C8011EB}"
EndProject
Global
	GlobalSection(SolutionConfigurationPlatforms) = preSolution
		Debug|Any CPU = Debug|Any CPU
		Release|Any CPU = Release|Any CPU
	EndGlobalSection
	GlobalSection(ProjectConfigurationPlatforms) = postSolution
		{F8C614A1-F980-43E2-B732-B06B4043D4C7}.Debug|Any CPU.ActiveCfg = Debug|Any CPU
		{F8C614A1-F980-43E2-B732-B06B4043D4C7}.Debug|Any CPU.Build.0 = Debug|Any CPU
		{F8C614A1-F980-43E2-B732-B06B4043D4C7}.Release|Any CPU.ActiveCfg = Release|Any CPU
		{F8C614A1-F980-43E2-B732-B06B4043D4C7}.Release|Any CPU.Build.0 = Release|Any CPU
		{17F7D760-7B20-4B99-AAD9-CEA98C8011EB}.Debug|Any CPU.ActiveCfg = Debug|Any CPU
		{17F7D760-7B20-4B99-AAD9-CEA98C8011EB}.Debug|Any CPU.Build.0 = Debug|Any CPU
		{17F7D760-7B20-4B99-AAD9-CEA98C8011EB}.Release|Any CPU.ActiveCfg = Release|Any CPU
		{17F7D760-7B20-4B99-AAD9-CEA98C8011EB}.Release|Any CPU.Build.0 = Release|Any CPU
	EndGlobalSection
	GlobalSection(SolutionProperties) = preSolution
		HideSolutionNode = FALSE
	EndGlobalSection
	GlobalSection(ExtensibilityGlobals) = postSolution
		SolutionGuid = {898C5E02-7E49-43DD-BB70-14C4DB2E4784}
	EndGlobalSection
EndGlobal
