
Microsoft Visual Studio Solution File, Format Version 12.00
# Visual Studio Version 17
VisualStudioVersion = 17.4.33403.182
MinimumVisualStudioVersion = 10.0.40219.1
Project("{9A19103F-16F7-4668-BE54-9A1E7A4F7556}") = "Utility.Infrastructure", "Utility.Infrastructure\Utility.Infrastructure.csproj", "{A814C4D0-E0A9-4B38-9D9C-B2FF685541DE}"
EndProject
Project("{9A19103F-16F7-4668-BE54-9A1E7A4F7556}") = "Utility.Services", "Utility.Services\Utility.Services.csproj", "{DBE0E86C-87AA-4BE9-B47E-CA4BE84AAC56}"
EndProject
Project("{9A19103F-16F7-4668-BE54-9A1E7A4F7556}") = "Utility.Guids", "Utility.Guids\Utility.Guids.csproj", "{795F0728-1585-4A66-A1F1-97D57CB6769B}"
EndProject
Project("{2150E333-8FDC-42A3-9474-1A3956D46DE8}") = "External", "External", "{88263C16-EE22-4B31-9791-A9F31B2E6A17}"
EndProject
Project("{9A19103F-16F7-4668-BE54-9A1E7A4F7556}") = "Utility.Collections", "..\Collections\Utility.Collections\Utility.Collections.csproj", "{18B4431D-F6F2-4AF3-84E0-E5A225B45DDC}"
EndProject
Project("{9A19103F-16F7-4668-BE54-9A1E7A4F7556}") = "Utility.Observables", "..\Observables\Utility.Observables\Utility.Observables.csproj", "{35B3B8E4-25A5-46F1-90ED-05695089062D}"
EndProject
Project("{9A19103F-16F7-4668-BE54-9A1E7A4F7556}") = "Utility.Interfaces", "..\Interfaces\Utility.Interfaces\Utility.Interfaces.csproj", "{95EF1B10-D5AF-44D9-B33C-A02AD9C02138}"
EndProject
Project("{9A19103F-16F7-4668-BE54-9A1E7A4F7556}") = "Utility.Commands", "..\Commands\Utility.Commands\Utility.Commands.csproj", "{8496BDA4-20C3-4EAD-954D-A364E67B387F}"
EndProject
Project("{9A19103F-16F7-4668-BE54-9A1E7A4F7556}") = "Utility.Common", "..\Common\Utility.Common\Utility.Common.csproj", "{BBBC4EB8-D3C6-4D87-888D-5C664611CF97}"
EndProject
Project("{9A19103F-16F7-4668-BE54-9A1E7A4F7556}") = "Utility.Models", "..\Models\Utility.Models\Utility.Models.csproj", "{43190558-66EA-4262-88B3-E77BDC39188C}"
EndProject
Project("{9A19103F-16F7-4668-BE54-9A1E7A4F7556}") = "Utility.Enums", "..\Enums\Utility.Enums\Utility.Enums.csproj", "{A1823F21-189C-4C7D-B374-38D90FF2970D}"
EndProject
Project("{9A19103F-16F7-4668-BE54-9A1E7A4F7556}") = "Utility.Packages", "..\Packages\Utility.Packages\Utility.Packages.csproj", "{8DCB72C4-1270-45DD-A961-A51D2A0CFFD5}"
EndProject
Project("{9A19103F-16F7-4668-BE54-9A1E7A4F7556}") = "Utility.Conversions", "..\Conversions\Utility.Conversions\Utility.Conversions.csproj", "{413EC492-9234-4CEE-9680-3968B48A8B04}"
EndProject
Project("{9A19103F-16F7-4668-BE54-9A1E7A4F7556}") = "Utility.Helpers", "..\Helpers\Utility.Helpers\Utility.Helpers.csproj", "{D6E8626E-60B7-4A1F-8D15-F9E23F9D8935}"
EndProject
Project("{9A19103F-16F7-4668-BE54-9A1E7A4F7556}") = "Utility.Helpers.Ex", "..\Helpers.Ex\Utility.Helpers.Ex\Utility.Helpers.Ex.csproj", "{C7EC664F-D555-4529-96D2-EEFDAFED3E4D}"
EndProject
Project("{9A19103F-16F7-4668-BE54-9A1E7A4F7556}") = "Utility.Structs", "..\Structs\Utility.Structs\Utility.Structs.csproj", "{99295D40-18B6-49F8-B3A7-A53F032D44AA}"
EndProject
Project("{9A19103F-16F7-4668-BE54-9A1E7A4F7556}") = "Utility.ViewModels", "Utility.ViewModels\Utility.ViewModels.csproj", "{DF0465FC-FFE4-454A-A5EB-1F450A811C41}"
EndProject
Project("{9A19103F-16F7-4668-BE54-9A1E7A4F7556}") = "Utility.Attributes", "Utility.Attributes\Utility.Attributes.csproj", "{D37978D2-7616-4908-8D60-54779F3E08CA}"
EndProject
Project("{9A19103F-16F7-4668-BE54-9A1E7A4F7556}") = "Utility.Changes", "Utility.Changes\Utility.Changes.csproj", "{9AA33B14-036D-48E7-A7DF-50F61F9EB55E}"
EndProject
Project("{9A19103F-16F7-4668-BE54-9A1E7A4F7556}") = "Utility.Entities", "Utility.Entities\Utility.Entities.csproj", "{5AB0E457-A3C7-4FAF-9FB0-C5DDB0A03C03}"
EndProject
Project("{9A19103F-16F7-4668-BE54-9A1E7A4F7556}") = "Utility.Keys", "Utility.Keys\Utility.Keys.csproj", "{5DF334F5-C68C-4C92-ACAB-F15F4DBBD395}"
EndProject
Project("{FAE04EC0-301F-11D3-BF4B-00C04F79EFBC}") = "Utility.Constants", "Utility.Constants\Utility.Constants.csproj", "{0DCBE4F1-C6EB-46D0-AD95-2F78F86F6584}"
EndProject
Project("{FAE04EC0-301F-11D3-BF4B-00C04F79EFBC}") = "Utility.Entities.Comms", "Utility.Entities.Comms\Utility.Entities.Comms.csproj", "{90B30003-87C0-44C7-AC6F-74D0D54CA63A}"
EndProject
Project("{FAE04EC0-301F-11D3-BF4B-00C04F79EFBC}") = "Utility.Exceptions", "Utility.Exceptions\Utility.Exceptions.csproj", "{058CEC5C-DC43-437E-9491-C6714FF8596F}"
EndProject
Project("{FAE04EC0-301F-11D3-BF4B-00C04F79EFBC}") = "Utility.Globals", "Utility.Globals\Utility.Globals.csproj", "{9FD97020-4B21-4EE4-92CE-767F49120B51}"
EndProject
Project("{FAE04EC0-301F-11D3-BF4B-00C04F79EFBC}") = "Utility.Services.Deprecated", "Utility.Services.Deprecated\Utility.Services.Deprecated.csproj", "{A76CC88F-9932-440B-9B93-E4F6FBD865C3}"
EndProject
Project("{FAE04EC0-301F-11D3-BF4B-00C04F79EFBC}") = "Utility.Simulation", "Utility.Simulation\Utility.Simulation.csproj", "{B37B10BC-E9CD-461F-89A1-1A060B5B7E68}"
EndProject
Project("{FAE04EC0-301F-11D3-BF4B-00C04F79EFBC}") = "Utility.Services.Meta", "Utility.Services.Meta\Utility.Services.Meta.csproj", "{D06B62C3-4FF8-4242-991A-7575210B8ED6}"
EndProject
Project("{FAE04EC0-301F-11D3-BF4B-00C04F79EFBC}") = "Utility.Models.Diagrams", "..\Models\Utility.Models.Diagrams\Utility.Models.Diagrams.csproj", "{0093F7DB-1833-7EDC-A87B-7655201520EB}"
EndProject
Global
	GlobalSection(SolutionConfigurationPlatforms) = preSolution
		Debug|Any CPU = Debug|Any CPU
		Release|Any CPU = Release|Any CPU
	EndGlobalSection
	GlobalSection(ProjectConfigurationPlatforms) = postSolution
		{A814C4D0-E0A9-4B38-9D9C-B2FF685541DE}.Debug|Any CPU.ActiveCfg = Debug|Any CPU
		{A814C4D0-E0A9-4B38-9D9C-B2FF685541DE}.Debug|Any CPU.Build.0 = Debug|Any CPU
		{A814C4D0-E0A9-4B38-9D9C-B2FF685541DE}.Release|Any CPU.ActiveCfg = Release|Any CPU
		{A814C4D0-E0A9-4B38-9D9C-B2FF685541DE}.Release|Any CPU.Build.0 = Release|Any CPU
		{DBE0E86C-87AA-4BE9-B47E-CA4BE84AAC56}.Debug|Any CPU.ActiveCfg = Debug|Any CPU
		{DBE0E86C-87AA-4BE9-B47E-CA4BE84AAC56}.Debug|Any CPU.Build.0 = Debug|Any CPU
		{DBE0E86C-87AA-4BE9-B47E-CA4BE84AAC56}.Release|Any CPU.ActiveCfg = Release|Any CPU
		{DBE0E86C-87AA-4BE9-B47E-CA4BE84AAC56}.Release|Any CPU.Build.0 = Release|Any CPU
		{795F0728-1585-4A66-A1F1-97D57CB6769B}.Debug|Any CPU.ActiveCfg = Debug|Any CPU
		{795F0728-1585-4A66-A1F1-97D57CB6769B}.Debug|Any CPU.Build.0 = Debug|Any CPU
		{795F0728-1585-4A66-A1F1-97D57CB6769B}.Release|Any CPU.ActiveCfg = Release|Any CPU
		{795F0728-1585-4A66-A1F1-97D57CB6769B}.Release|Any CPU.Build.0 = Release|Any CPU
		{18B4431D-F6F2-4AF3-84E0-E5A225B45DDC}.Debug|Any CPU.ActiveCfg = Debug|Any CPU
		{18B4431D-F6F2-4AF3-84E0-E5A225B45DDC}.Debug|Any CPU.Build.0 = Debug|Any CPU
		{18B4431D-F6F2-4AF3-84E0-E5A225B45DDC}.Release|Any CPU.ActiveCfg = Release|Any CPU
		{18B4431D-F6F2-4AF3-84E0-E5A225B45DDC}.Release|Any CPU.Build.0 = Release|Any CPU
		{35B3B8E4-25A5-46F1-90ED-05695089062D}.Debug|Any CPU.ActiveCfg = Debug|Any CPU
		{35B3B8E4-25A5-46F1-90ED-05695089062D}.Debug|Any CPU.Build.0 = Debug|Any CPU
		{35B3B8E4-25A5-46F1-90ED-05695089062D}.Release|Any CPU.ActiveCfg = Release|Any CPU
		{35B3B8E4-25A5-46F1-90ED-05695089062D}.Release|Any CPU.Build.0 = Release|Any CPU
		{95EF1B10-D5AF-44D9-B33C-A02AD9C02138}.Debug|Any CPU.ActiveCfg = Debug|Any CPU
		{95EF1B10-D5AF-44D9-B33C-A02AD9C02138}.Debug|Any CPU.Build.0 = Debug|Any CPU
		{95EF1B10-D5AF-44D9-B33C-A02AD9C02138}.Release|Any CPU.ActiveCfg = Release|Any CPU
		{95EF1B10-D5AF-44D9-B33C-A02AD9C02138}.Release|Any CPU.Build.0 = Release|Any CPU
		{8496BDA4-20C3-4EAD-954D-A364E67B387F}.Debug|Any CPU.ActiveCfg = Debug|Any CPU
		{8496BDA4-20C3-4EAD-954D-A364E67B387F}.Debug|Any CPU.Build.0 = Debug|Any CPU
		{8496BDA4-20C3-4EAD-954D-A364E67B387F}.Release|Any CPU.ActiveCfg = Release|Any CPU
		{8496BDA4-20C3-4EAD-954D-A364E67B387F}.Release|Any CPU.Build.0 = Release|Any CPU
		{BBBC4EB8-D3C6-4D87-888D-5C664611CF97}.Debug|Any CPU.ActiveCfg = Debug|Any CPU
		{BBBC4EB8-D3C6-4D87-888D-5C664611CF97}.Debug|Any CPU.Build.0 = Debug|Any CPU
		{BBBC4EB8-D3C6-4D87-888D-5C664611CF97}.Release|Any CPU.ActiveCfg = Release|Any CPU
		{BBBC4EB8-D3C6-4D87-888D-5C664611CF97}.Release|Any CPU.Build.0 = Release|Any CPU
		{43190558-66EA-4262-88B3-E77BDC39188C}.Debug|Any CPU.ActiveCfg = Debug|Any CPU
		{43190558-66EA-4262-88B3-E77BDC39188C}.Debug|Any CPU.Build.0 = Debug|Any CPU
		{43190558-66EA-4262-88B3-E77BDC39188C}.Release|Any CPU.ActiveCfg = Release|Any CPU
		{43190558-66EA-4262-88B3-E77BDC39188C}.Release|Any CPU.Build.0 = Release|Any CPU
		{A1823F21-189C-4C7D-B374-38D90FF2970D}.Debug|Any CPU.ActiveCfg = Debug|Any CPU
		{A1823F21-189C-4C7D-B374-38D90FF2970D}.Debug|Any CPU.Build.0 = Debug|Any CPU
		{A1823F21-189C-4C7D-B374-38D90FF2970D}.Release|Any CPU.ActiveCfg = Release|Any CPU
		{A1823F21-189C-4C7D-B374-38D90FF2970D}.Release|Any CPU.Build.0 = Release|Any CPU
		{8DCB72C4-1270-45DD-A961-A51D2A0CFFD5}.Debug|Any CPU.ActiveCfg = Debug|Any CPU
		{8DCB72C4-1270-45DD-A961-A51D2A0CFFD5}.Debug|Any CPU.Build.0 = Debug|Any CPU
		{8DCB72C4-1270-45DD-A961-A51D2A0CFFD5}.Release|Any CPU.ActiveCfg = Release|Any CPU
		{8DCB72C4-1270-45DD-A961-A51D2A0CFFD5}.Release|Any CPU.Build.0 = Release|Any CPU
		{413EC492-9234-4CEE-9680-3968B48A8B04}.Debug|Any CPU.ActiveCfg = Debug|Any CPU
		{413EC492-9234-4CEE-9680-3968B48A8B04}.Debug|Any CPU.Build.0 = Debug|Any CPU
		{413EC492-9234-4CEE-9680-3968B48A8B04}.Release|Any CPU.ActiveCfg = Release|Any CPU
		{413EC492-9234-4CEE-9680-3968B48A8B04}.Release|Any CPU.Build.0 = Release|Any CPU
		{D6E8626E-60B7-4A1F-8D15-F9E23F9D8935}.Debug|Any CPU.ActiveCfg = Debug|Any CPU
		{D6E8626E-60B7-4A1F-8D15-F9E23F9D8935}.Debug|Any CPU.Build.0 = Debug|Any CPU
		{D6E8626E-60B7-4A1F-8D15-F9E23F9D8935}.Release|Any CPU.ActiveCfg = Release|Any CPU
		{D6E8626E-60B7-4A1F-8D15-F9E23F9D8935}.Release|Any CPU.Build.0 = Release|Any CPU
		{C7EC664F-D555-4529-96D2-EEFDAFED3E4D}.Debug|Any CPU.ActiveCfg = Debug|Any CPU
		{C7EC664F-D555-4529-96D2-EEFDAFED3E4D}.Debug|Any CPU.Build.0 = Debug|Any CPU
		{C7EC664F-D555-4529-96D2-EEFDAFED3E4D}.Release|Any CPU.ActiveCfg = Release|Any CPU
		{C7EC664F-D555-4529-96D2-EEFDAFED3E4D}.Release|Any CPU.Build.0 = Release|Any CPU
		{99295D40-18B6-49F8-B3A7-A53F032D44AA}.Debug|Any CPU.ActiveCfg = Debug|Any CPU
		{99295D40-18B6-49F8-B3A7-A53F032D44AA}.Debug|Any CPU.Build.0 = Debug|Any CPU
		{99295D40-18B6-49F8-B3A7-A53F032D44AA}.Release|Any CPU.ActiveCfg = Release|Any CPU
		{99295D40-18B6-49F8-B3A7-A53F032D44AA}.Release|Any CPU.Build.0 = Release|Any CPU
		{DF0465FC-FFE4-454A-A5EB-1F450A811C41}.Debug|Any CPU.ActiveCfg = Debug|Any CPU
		{DF0465FC-FFE4-454A-A5EB-1F450A811C41}.Debug|Any CPU.Build.0 = Debug|Any CPU
		{DF0465FC-FFE4-454A-A5EB-1F450A811C41}.Release|Any CPU.ActiveCfg = Release|Any CPU
		{DF0465FC-FFE4-454A-A5EB-1F450A811C41}.Release|Any CPU.Build.0 = Release|Any CPU
		{D37978D2-7616-4908-8D60-54779F3E08CA}.Debug|Any CPU.ActiveCfg = Debug|Any CPU
		{D37978D2-7616-4908-8D60-54779F3E08CA}.Debug|Any CPU.Build.0 = Debug|Any CPU
		{D37978D2-7616-4908-8D60-54779F3E08CA}.Release|Any CPU.ActiveCfg = Release|Any CPU
		{D37978D2-7616-4908-8D60-54779F3E08CA}.Release|Any CPU.Build.0 = Release|Any CPU
		{9AA33B14-036D-48E7-A7DF-50F61F9EB55E}.Debug|Any CPU.ActiveCfg = Debug|Any CPU
		{9AA33B14-036D-48E7-A7DF-50F61F9EB55E}.Debug|Any CPU.Build.0 = Debug|Any CPU
		{9AA33B14-036D-48E7-A7DF-50F61F9EB55E}.Release|Any CPU.ActiveCfg = Release|Any CPU
		{9AA33B14-036D-48E7-A7DF-50F61F9EB55E}.Release|Any CPU.Build.0 = Release|Any CPU
		{5AB0E457-A3C7-4FAF-9FB0-C5DDB0A03C03}.Debug|Any CPU.ActiveCfg = Debug|Any CPU
		{5AB0E457-A3C7-4FAF-9FB0-C5DDB0A03C03}.Debug|Any CPU.Build.0 = Debug|Any CPU
		{5AB0E457-A3C7-4FAF-9FB0-C5DDB0A03C03}.Release|Any CPU.ActiveCfg = Release|Any CPU
		{5AB0E457-A3C7-4FAF-9FB0-C5DDB0A03C03}.Release|Any CPU.Build.0 = Release|Any CPU
		{5DF334F5-C68C-4C92-ACAB-F15F4DBBD395}.Debug|Any CPU.ActiveCfg = Debug|Any CPU
		{5DF334F5-C68C-4C92-ACAB-F15F4DBBD395}.Debug|Any CPU.Build.0 = Debug|Any CPU
		{5DF334F5-C68C-4C92-ACAB-F15F4DBBD395}.Release|Any CPU.ActiveCfg = Release|Any CPU
		{5DF334F5-C68C-4C92-ACAB-F15F4DBBD395}.Release|Any CPU.Build.0 = Release|Any CPU
		{0DCBE4F1-C6EB-46D0-AD95-2F78F86F6584}.Debug|Any CPU.ActiveCfg = Debug|Any CPU
		{0DCBE4F1-C6EB-46D0-AD95-2F78F86F6584}.Debug|Any CPU.Build.0 = Debug|Any CPU
		{0DCBE4F1-C6EB-46D0-AD95-2F78F86F6584}.Release|Any CPU.ActiveCfg = Release|Any CPU
		{0DCBE4F1-C6EB-46D0-AD95-2F78F86F6584}.Release|Any CPU.Build.0 = Release|Any CPU
		{90B30003-87C0-44C7-AC6F-74D0D54CA63A}.Debug|Any CPU.ActiveCfg = Debug|Any CPU
		{90B30003-87C0-44C7-AC6F-74D0D54CA63A}.Debug|Any CPU.Build.0 = Debug|Any CPU
		{90B30003-87C0-44C7-AC6F-74D0D54CA63A}.Release|Any CPU.ActiveCfg = Release|Any CPU
		{90B30003-87C0-44C7-AC6F-74D0D54CA63A}.Release|Any CPU.Build.0 = Release|Any CPU
		{058CEC5C-DC43-437E-9491-C6714FF8596F}.Debug|Any CPU.ActiveCfg = Debug|Any CPU
		{058CEC5C-DC43-437E-9491-C6714FF8596F}.Debug|Any CPU.Build.0 = Debug|Any CPU
		{058CEC5C-DC43-437E-9491-C6714FF8596F}.Release|Any CPU.ActiveCfg = Release|Any CPU
		{058CEC5C-DC43-437E-9491-C6714FF8596F}.Release|Any CPU.Build.0 = Release|Any CPU
		{9FD97020-4B21-4EE4-92CE-767F49120B51}.Debug|Any CPU.ActiveCfg = Debug|Any CPU
		{9FD97020-4B21-4EE4-92CE-767F49120B51}.Debug|Any CPU.Build.0 = Debug|Any CPU
		{9FD97020-4B21-4EE4-92CE-767F49120B51}.Release|Any CPU.ActiveCfg = Release|Any CPU
		{9FD97020-4B21-4EE4-92CE-767F49120B51}.Release|Any CPU.Build.0 = Release|Any CPU
		{A76CC88F-9932-440B-9B93-E4F6FBD865C3}.Debug|Any CPU.ActiveCfg = Debug|Any CPU
		{A76CC88F-9932-440B-9B93-E4F6FBD865C3}.Debug|Any CPU.Build.0 = Debug|Any CPU
		{A76CC88F-9932-440B-9B93-E4F6FBD865C3}.Release|Any CPU.ActiveCfg = Release|Any CPU
		{A76CC88F-9932-440B-9B93-E4F6FBD865C3}.Release|Any CPU.Build.0 = Release|Any CPU
		{B37B10BC-E9CD-461F-89A1-1A060B5B7E68}.Debug|Any CPU.ActiveCfg = Debug|Any CPU
		{B37B10BC-E9CD-461F-89A1-1A060B5B7E68}.Debug|Any CPU.Build.0 = Debug|Any CPU
		{B37B10BC-E9CD-461F-89A1-1A060B5B7E68}.Release|Any CPU.ActiveCfg = Release|Any CPU
		{B37B10BC-E9CD-461F-89A1-1A060B5B7E68}.Release|Any CPU.Build.0 = Release|Any CPU
		{D06B62C3-4FF8-4242-991A-7575210B8ED6}.Debug|Any CPU.ActiveCfg = Debug|Any CPU
		{D06B62C3-4FF8-4242-991A-7575210B8ED6}.Debug|Any CPU.Build.0 = Debug|Any CPU
		{D06B62C3-4FF8-4242-991A-7575210B8ED6}.Release|Any CPU.ActiveCfg = Release|Any CPU
		{D06B62C3-4FF8-4242-991A-7575210B8ED6}.Release|Any CPU.Build.0 = Release|Any CPU
		{0093F7DB-1833-7EDC-A87B-7655201520EB}.Debug|Any CPU.ActiveCfg = Debug|Any CPU
		{0093F7DB-1833-7EDC-A87B-7655201520EB}.Debug|Any CPU.Build.0 = Debug|Any CPU
		{0093F7DB-1833-7EDC-A87B-7655201520EB}.Release|Any CPU.ActiveCfg = Release|Any CPU
		{0093F7DB-1833-7EDC-A87B-7655201520EB}.Release|Any CPU.Build.0 = Release|Any CPU
	EndGlobalSection
	GlobalSection(SolutionProperties) = preSolution
		HideSolutionNode = FALSE
	EndGlobalSection
	GlobalSection(NestedProjects) = preSolution
		{18B4431D-F6F2-4AF3-84E0-E5A225B45DDC} = {88263C16-EE22-4B31-9791-A9F31B2E6A17}
		{35B3B8E4-25A5-46F1-90ED-05695089062D} = {88263C16-EE22-4B31-9791-A9F31B2E6A17}
		{95EF1B10-D5AF-44D9-B33C-A02AD9C02138} = {88263C16-EE22-4B31-9791-A9F31B2E6A17}
		{8496BDA4-20C3-4EAD-954D-A364E67B387F} = {88263C16-EE22-4B31-9791-A9F31B2E6A17}
		{BBBC4EB8-D3C6-4D87-888D-5C664611CF97} = {88263C16-EE22-4B31-9791-A9F31B2E6A17}
		{43190558-66EA-4262-88B3-E77BDC39188C} = {88263C16-EE22-4B31-9791-A9F31B2E6A17}
		{A1823F21-189C-4C7D-B374-38D90FF2970D} = {88263C16-EE22-4B31-9791-A9F31B2E6A17}
		{8DCB72C4-1270-45DD-A961-A51D2A0CFFD5} = {88263C16-EE22-4B31-9791-A9F31B2E6A17}
		{413EC492-9234-4CEE-9680-3968B48A8B04} = {88263C16-EE22-4B31-9791-A9F31B2E6A17}
		{D6E8626E-60B7-4A1F-8D15-F9E23F9D8935} = {88263C16-EE22-4B31-9791-A9F31B2E6A17}
		{C7EC664F-D555-4529-96D2-EEFDAFED3E4D} = {88263C16-EE22-4B31-9791-A9F31B2E6A17}
		{99295D40-18B6-49F8-B3A7-A53F032D44AA} = {88263C16-EE22-4B31-9791-A9F31B2E6A17}
		{0093F7DB-1833-7EDC-A87B-7655201520EB} = {88263C16-EE22-4B31-9791-A9F31B2E6A17}
	EndGlobalSection
	GlobalSection(ExtensibilityGlobals) = postSolution
		SolutionGuid = {4DF6862B-E318-442A-B414-E324DF95D0AE}
	EndGlobalSection
EndGlobal
